{
  "version": 4,
  "terraform_version": "1.5.7",
  "serial": 463,
  "lineage": "1e86169c-593d-dc9b-085e-85f307be74e1",
  "outputs": {
    "connection_commands": {
      "value": {
        "backend_api": "http://44.244.57.188:8080",
        "frontend": "http://44.244.57.188:3000",
        "ssh": "ssh -i ~/.ssh/AI4Devs.pem ec2-user@44.244.57.188"
      },
      "type": [
        "object",
        {
          "backend_api": "string",
          "frontend": "string",
          "ssh": "string"
        }
      ]
    },
    "datadog_integration_external_id": {
      "value": "9b9e15e125af436ca1a1e5283eceed55",
      "type": "string",
      "sensitive": true
    },
    "datadog_role_arn": {
      "value": "arn:aws:iam::593096747136:role/DatadogIntegrationRole",
      "type": "string"
    },
    "instance_id": {
      "value": "i-0f98e297342a41b99",
      "type": "string"
    },
    "instance_public_dns": {
      "value": "ec2-44-244-57-188.us-west-2.compute.amazonaws.com",
      "type": "string"
    },
    "instance_public_ip": {
      "value": "44.244.57.188",
      "type": "string"
    },
    "security_group_id": {
      "value": "sg-05ca8313269d638c5",
      "type": "string"
    }
  },
  "resources": [
    {
      "mode": "data",
      "type": "aws_caller_identity",
      "name": "current",
      "provider": "provider[\"registry.terraform.io/hashicorp/aws\"]",
      "instances": [
        {
          "schema_version": 0,
          "attributes": {
            "account_id": "593096747136",
            "arn": "arn:aws:iam::593096747136:root",
            "id": "593096747136",
            "user_id": "593096747136"
          },
          "sensitive_attributes": []
        }
      ]
    },
    {
      "mode": "data",
      "type": "aws_iam_policy_document",
      "name": "datadog_aws_integration",
      "provider": "provider[\"registry.terraform.io/hashicorp/aws\"]",
      "instances": [
        {
          "schema_version": 0,
          "attributes": {
            "id": "1133542322",
            "json": "{\n  \"Version\": \"2012-10-17\",\n  \"Statement\": [\n    {\n      \"Effect\": \"Allow\",\n      \"Action\": [\n        \"tag:GetResources\",\n        \"logs:DescribeLogStreams\",\n        \"logs:DescribeLogGroups\",\n        \"ec2:Describe*\",\n        \"cloudwatch:List*\",\n        \"cloudwatch:Get*\"\n      ],\n      \"Resource\": \"*\"\n    }\n  ]\n}",
            "minified_json": "{\"Version\":\"2012-10-17\",\"Statement\":[{\"Effect\":\"Allow\",\"Action\":[\"tag:GetResources\",\"logs:DescribeLogStreams\",\"logs:DescribeLogGroups\",\"ec2:Describe*\",\"cloudwatch:List*\",\"cloudwatch:Get*\"],\"Resource\":\"*\"}]}",
            "override_json": null,
            "override_policy_documents": null,
            "policy_id": null,
            "source_json": null,
            "source_policy_documents": null,
            "statement": [
              {
                "actions": [
                  "cloudwatch:Get*",
                  "cloudwatch:List*",
                  "ec2:Describe*",
                  "logs:DescribeLogGroups",
                  "logs:DescribeLogStreams",
                  "tag:GetResources"
                ],
                "condition": [],
                "effect": "Allow",
                "not_actions": [],
                "not_principals": [],
                "not_resources": [],
                "principals": [],
                "resources": [
                  "*"
                ],
                "sid": ""
              }
            ],
            "version": "2012-10-17"
          },
          "sensitive_attributes": []
        }
      ]
    },
    {
      "mode": "data",
      "type": "aws_iam_policy_document",
      "name": "datadog_aws_integration_assume_role",
      "provider": "provider[\"registry.terraform.io/hashicorp/aws\"]",
      "instances": [
        {
          "schema_version": 0,
          "attributes": {
            "id": "3558482194",
            "json": "{\n  \"Version\": \"2012-10-17\",\n  \"Statement\": [\n    {\n      \"Effect\": \"Allow\",\n      \"Action\": \"sts:AssumeRole\",\n      \"Principal\": {\n        \"AWS\": \"arn:aws:iam::464622532012:root\"\n      },\n      \"Condition\": {\n        \"StringEquals\": {\n          \"sts:ExternalId\": \"9b9e15e125af436ca1a1e5283eceed55\"\n        }\n      }\n    }\n  ]\n}",
            "minified_json": "{\"Version\":\"2012-10-17\",\"Statement\":[{\"Effect\":\"Allow\",\"Action\":\"sts:AssumeRole\",\"Principal\":{\"AWS\":\"arn:aws:iam::464622532012:root\"},\"Condition\":{\"StringEquals\":{\"sts:ExternalId\":\"9b9e15e125af436ca1a1e5283eceed55\"}}}]}",
            "override_json": null,
            "override_policy_documents": null,
            "policy_id": null,
            "source_json": null,
            "source_policy_documents": null,
            "statement": [
              {
                "actions": [
                  "sts:AssumeRole"
                ],
                "condition": [
                  {
                    "test": "StringEquals",
                    "values": [
                      "9b9e15e125af436ca1a1e5283eceed55"
                    ],
                    "variable": "sts:ExternalId"
                  }
                ],
                "effect": "Allow",
                "not_actions": [],
                "not_principals": [],
                "not_resources": [],
                "principals": [
                  {
                    "identifiers": [
                      "arn:aws:iam::464622532012:root"
                    ],
                    "type": "AWS"
                  }
                ],
                "resources": [],
                "sid": ""
              }
            ],
            "version": "2012-10-17"
          },
          "sensitive_attributes": []
        }
      ]
    },
    {
      "mode": "managed",
      "type": "aws_iam_instance_profile",
      "name": "datadog_instance_profile",
      "provider": "provider[\"registry.terraform.io/hashicorp/aws\"]",
      "instances": [
        {
          "schema_version": 0,
          "attributes": {
            "arn": "arn:aws:iam::593096747136:instance-profile/ai4devs-datadog-instance-profile",
            "create_date": "2025-09-23T14:51:23Z",
            "id": "ai4devs-datadog-instance-profile",
            "name": "ai4devs-datadog-instance-profile",
            "name_prefix": "",
            "path": "/",
            "role": "DatadogIntegrationRole",
            "tags": null,
            "tags_all": {},
            "unique_id": "AIPAYUF2SFCAJHVIORWKD"
          },
          "sensitive_attributes": [],
          "private": "bnVsbA==",
          "dependencies": [
            "aws_iam_role.datadog_aws_integration",
            "data.aws_caller_identity.current",
            "data.aws_iam_policy_document.datadog_aws_integration_assume_role",
            "datadog_integration_aws_account.datadog_integration"
          ]
        }
      ]
    },
    {
      "mode": "managed",
      "type": "aws_iam_policy",
      "name": "datadog_aws_integration",
      "provider": "provider[\"registry.terraform.io/hashicorp/aws\"]",
      "instances": [
        {
          "schema_version": 0,
          "attributes": {
            "arn": "arn:aws:iam::593096747136:policy/DatadogAWSIntegrationPolicy",
            "attachment_count": 0,
            "description": "",
            "id": "arn:aws:iam::593096747136:policy/DatadogAWSIntegrationPolicy",
            "name": "DatadogAWSIntegrationPolicy",
            "name_prefix": "",
            "path": "/",
            "policy": "{\"Statement\":[{\"Action\":[\"tag:GetResources\",\"logs:DescribeLogStreams\",\"logs:DescribeLogGroups\",\"ec2:Describe*\",\"cloudwatch:List*\",\"cloudwatch:Get*\"],\"Effect\":\"Allow\",\"Resource\":\"*\"}],\"Version\":\"2012-10-17\"}",
            "policy_id": "ANPAYUF2SFCANKJP23M2U",
            "tags": null,
            "tags_all": {}
          },
          "sensitive_attributes": [],
          "private": "bnVsbA==",
          "dependencies": [
            "data.aws_iam_policy_document.datadog_aws_integration"
          ]
        }
      ]
    },
    {
      "mode": "managed",
      "type": "aws_iam_role",
      "name": "datadog_aws_integration",
      "provider": "provider[\"registry.terraform.io/hashicorp/aws\"]",
      "instances": [
        {
          "schema_version": 0,
          "attributes": {
            "arn": "arn:aws:iam::593096747136:role/DatadogIntegrationRole",
            "assume_role_policy": "{\"Statement\":[{\"Action\":\"sts:AssumeRole\",\"Condition\":{\"StringEquals\":{\"sts:ExternalId\":\"9b9e15e125af436ca1a1e5283eceed55\"}},\"Effect\":\"Allow\",\"Principal\":{\"AWS\":\"arn:aws:iam::464622532012:root\"}}],\"Version\":\"2012-10-17\"}",
            "create_date": "2025-09-23T14:51:23Z",
            "description": "Role for Datadog AWS Integration",
            "force_detach_policies": false,
            "id": "DatadogIntegrationRole",
            "inline_policy": [],
            "managed_policy_arns": [],
            "max_session_duration": 3600,
            "name": "DatadogIntegrationRole",
            "name_prefix": "",
            "path": "/",
            "permissions_boundary": "",
            "tags": {
              "Purpose": "DatadogIntegration",
              "Region": "us-west-2"
            },
            "tags_all": {
              "Purpose": "DatadogIntegration",
              "Region": "us-west-2"
            },
            "unique_id": "AROAYUF2SFCAMVFS3W2W4"
          },
          "sensitive_attributes": [],
          "private": "bnVsbA==",
          "dependencies": [
            "data.aws_caller_identity.current",
            "data.aws_iam_policy_document.datadog_aws_integration_assume_role",
            "datadog_integration_aws_account.datadog_integration"
          ]
        }
      ]
    },
    {
      "mode": "managed",
      "type": "aws_iam_role_policy_attachment",
      "name": "datadog_aws_integration",
      "provider": "provider[\"registry.terraform.io/hashicorp/aws\"]",
      "instances": [
        {
          "schema_version": 0,
          "attributes": {
            "id": "DatadogIntegrationRole/arn:aws:iam::593096747136:policy/DatadogAWSIntegrationPolicy",
            "policy_arn": "arn:aws:iam::593096747136:policy/DatadogAWSIntegrationPolicy",
            "role": "DatadogIntegrationRole"
          },
          "sensitive_attributes": [],
          "private": "bnVsbA==",
          "dependencies": [
            "aws_iam_policy.datadog_aws_integration",
            "aws_iam_role.datadog_aws_integration",
            "data.aws_caller_identity.current",
            "data.aws_iam_policy_document.datadog_aws_integration",
            "data.aws_iam_policy_document.datadog_aws_integration_assume_role",
            "datadog_integration_aws_account.datadog_integration"
          ]
        }
      ]
    },
    {
      "mode": "managed",
      "type": "aws_iam_role_policy_attachment",
      "name": "datadog_aws_integration_security_audit",
      "provider": "provider[\"registry.terraform.io/hashicorp/aws\"]",
      "instances": [
        {
          "schema_version": 0,
          "attributes": {
            "id": "DatadogIntegrationRole/arn:aws:iam::aws:policy/SecurityAudit",
            "policy_arn": "arn:aws:iam::aws:policy/SecurityAudit",
            "role": "DatadogIntegrationRole"
          },
          "sensitive_attributes": [],
          "private": "bnVsbA==",
          "dependencies": [
            "aws_iam_role.datadog_aws_integration",
            "data.aws_caller_identity.current",
            "data.aws_iam_policy_document.datadog_aws_integration_assume_role",
            "datadog_integration_aws_account.datadog_integration"
          ]
        }
      ]
    },
    {
      "mode": "managed",
      "type": "aws_instance",
      "name": "monorepo_instance",
      "provider": "provider[\"registry.terraform.io/hashicorp/aws\"]",
      "instances": [
        {
          "schema_version": 2,
          "attributes": {
            "ami": "ami-024e4b8b6ef78434a",
            "arn": "arn:aws:ec2:us-west-2:593096747136:instance/i-0f98e297342a41b99",
            "associate_public_ip_address": true,
            "availability_zone": "us-west-2b",
            "capacity_reservation_specification": [
              {
                "capacity_reservation_preference": "open",
                "capacity_reservation_target": []
              }
            ],
            "cpu_options": [
              {
                "amd_sev_snp": "",
                "core_count": 1,
                "threads_per_core": 1
              }
            ],
            "credit_specification": [
              {
                "cpu_credits": "standard"
              }
            ],
            "disable_api_stop": false,
            "disable_api_termination": false,
            "ebs_block_device": [],
            "ebs_optimized": false,
            "enable_primary_ipv6": null,
            "enclave_options": [
              {
                "enabled": false
              }
            ],
            "ephemeral_block_device": [],
            "force_destroy": false,
            "get_password_data": false,
            "hibernation": false,
            "host_id": "",
            "host_resource_group_arn": null,
            "iam_instance_profile": "ai4devs-datadog-instance-profile",
            "id": "i-0f98e297342a41b99",
            "instance_initiated_shutdown_behavior": "stop",
            "instance_lifecycle": "",
            "instance_market_options": [],
            "instance_state": "running",
            "instance_type": "t2.micro",
            "ipv6_address_count": 0,
            "ipv6_addresses": [],
            "key_name": "AI4Devs",
            "launch_template": [],
            "maintenance_options": [
              {
                "auto_recovery": "default"
              }
            ],
            "metadata_options": [
              {
                "http_endpoint": "enabled",
                "http_protocol_ipv6": "disabled",
                "http_put_response_hop_limit": 1,
                "http_tokens": "optional",
                "instance_metadata_tags": "disabled"
              }
            ],
            "monitoring": false,
            "network_interface": [],
            "outpost_arn": "",
            "password_data": "",
            "placement_group": "",
            "placement_group_id": "",
            "placement_partition_number": 0,
            "primary_network_interface": [
              {
                "delete_on_termination": true,
                "network_interface_id": "eni-0767b67aa6c4763b1"
              }
            ],
            "primary_network_interface_id": "eni-0767b67aa6c4763b1",
            "private_dns": "ip-172-31-39-77.us-west-2.compute.internal",
            "private_dns_name_options": [
              {
                "enable_resource_name_dns_a_record": false,
                "enable_resource_name_dns_aaaa_record": false,
                "hostname_type": "ip-name"
              }
            ],
            "private_ip": "172.31.39.77",
            "public_dns": "ec2-44-244-57-188.us-west-2.compute.amazonaws.com",
            "public_ip": "44.244.57.188",
            "region": "us-west-2",
            "root_block_device": [
              {
                "delete_on_termination": true,
                "device_name": "/dev/xvda",
                "encrypted": false,
                "iops": 100,
                "kms_key_id": "",
                "tags": {},
                "tags_all": {},
                "throughput": 0,
                "volume_id": "vol-0f3eddcf38281be7a",
                "volume_size": 8,
                "volume_type": "gp2"
              }
            ],
            "secondary_private_ips": [],
            "security_groups": [
              "ai4devs-unified-20250923145122288000000001"
            ],
            "source_dest_check": true,
            "spot_instance_request_id": "",
            "subnet_id": "subnet-3cc9d877",
            "tags": {
              "Environment": "production",
              "Monitoring": "datadog",
              "Name": "ai4devs-monorepo-instance",
              "Region": "us-west-2",
              "Service": "backend,frontend"
            },
            "tags_all": {
              "Environment": "production",
              "Monitoring": "datadog",
              "Name": "ai4devs-monorepo-instance",
              "Region": "us-west-2",
              "Service": "backend,frontend"
            },
            "tenancy": "default",
            "timeouts": null,
            "user_data": null,
            "user_data_base64": "ICAgICMhL2Jpbi9iYXNoCiAgICAjIEFJNERldnMgRnVsbCBTdGFjayBEZXBsb3ltZW50IHdpdGggRGF0YWRvZyBJbnRlZ3JhdGlvbgogICAgc2V0IC1lCiAgICAKICAgICMgTG9nZ2luZyBmdW5jdGlvbgogICAgbG9nKCkgewogICAgICAgIGVjaG8gIiQoZGF0ZSAnKyVZLSVtLSVkICVIOiVNOiVTJyk6ICQxIiB8IHRlZSAtYSAvdmFyL2xvZy9haTRkZXZzLWRlcGxveW1lbnQubG9nCiAgICB9CiAgICAKICAgIGxvZyAiU3RhcnRpbmcgQUk0RGV2cyBkZXBsb3ltZW50Li4uIgogICAgCiAgICAjIFN5c3RlbSB1cGRhdGVzIGFuZCBkZXBlbmRlbmNpZXMKICAgIGxvZyAiSW5zdGFsbGluZyBzeXN0ZW0gZGVwZW5kZW5jaWVzLi4uIgogICAgeXVtIHVwZGF0ZSAteQogICAgeXVtIGluc3RhbGwgLXkgZG9ja2VyIGdpdCBjdXJsIHdnZXQgdW56aXAKICAgIAogICAgIyBJbnN0YWxsIE5vZGUuanMgYW5kIG5wbSB1c2luZyBBV1MgcmVjb21tZW5kZWQgbWV0aG9kIChudm0pCiAgICBsb2cgIkluc3RhbGxpbmcgTm9kZS5qcyBhbmQgbnBtIHZpYSBudm0gKEFXUyByZWNvbW1lbmRlZCkuLi4iCiAgICBjdXJsIC1vLSBodHRwczovL3Jhdy5naXRodWJ1c2VyY29udGVudC5jb20vbnZtLXNoL252bS92MC4zOS43L2luc3RhbGwuc2ggfCBiYXNoCiAgICBzb3VyY2Ugfi8uYmFzaHJjCiAgICBudm0gaW5zdGFsbCAtLWx0cwogICAgbnZtIHVzZSAtLWx0cwogICAgCiAgICAjIFZlcmlmeSBOb2RlLmpzIGluc3RhbGxhdGlvbgogICAgbm9kZSAtLXZlcnNpb24KICAgIG5wbSAtLXZlcnNpb24KICAgIAogICAgIyBJbnN0YWxsIERvY2tlciBDb21wb3NlCiAgICBsb2cgIkluc3RhbGxpbmcgRG9ja2VyIENvbXBvc2UuLi4iCiAgICBjdXJsIC1MICJodHRwczovL2dpdGh1Yi5jb20vZG9ja2VyL2NvbXBvc2UvcmVsZWFzZXMvbGF0ZXN0L2Rvd25sb2FkL2RvY2tlci1jb21wb3NlLSQodW5hbWUgLXMpLSQodW5hbWUgLW0pIiAtbyAvdXNyL2xvY2FsL2Jpbi9kb2NrZXItY29tcG9zZQogICAgY2htb2QgK3ggL3Vzci9sb2NhbC9iaW4vZG9ja2VyLWNvbXBvc2UKICAgIAogICAgIyBEb2NrZXIgc2V0dXAKICAgIGxvZyAiQ29uZmlndXJpbmcgRG9ja2VyLi4uIgogICAgc2VydmljZSBkb2NrZXIgc3RhcnQKICAgIHVzZXJtb2QgLWEgLUcgZG9ja2VyIGVjMi11c2VyCiAgICBzeXN0ZW1jdGwgZW5hYmxlIGRvY2tlcgogICAgCiAgICAjIFdhaXQgZm9yIERvY2tlciB0byBiZSByZWFkeQogICAgc2xlZXAgMTAKICAgIAogICAgIyBEYXRhZG9nIEFnZW50IGluc3RhbGxhdGlvbgogICAgbG9nICJJbnN0YWxsaW5nIERhdGFkb2cgQWdlbnQuLi4iCiAgICBERF9BUElfS0VZPSJiYmIzNTMyNjcyOTQ2MDlhOWYwZWQyNWRlOWQ3ODRhZiIgXAogICAgRERfU0lURT0idXMzLmRhdGFkb2docS5jb20iIFwKICAgIEREX0FQTV9FTkFCTEVEPXRydWUgXAogICAgRERfTE9HU19FTkFCTEVEPXRydWUgXAogICAgYmFzaCAtYyAiJChjdXJsIC1MIGh0dHBzOi8vaW5zdGFsbC5kYXRhZG9naHEuY29tL3NjcmlwdHMvaW5zdGFsbF9zY3JpcHQuc2gpIgogICAgCiAgICAjIENvbmZpZ3VyZSBEYXRhZG9nIHRhZ3MgYW5kIGludGVncmF0aW9ucwogICAgbG9nICJDb25maWd1cmluZyBEYXRhZG9nIEFnZW50Li4uIgogICAgY2F0ID4+IC9ldGMvZGF0YWRvZy1hZ2VudC9kYXRhZG9nLnlhbWwgPDwgJ0VPTCcKdGFnczogZW52OnByb2R1Y3Rpb24sIHNlcnZpY2U6YWk0ZGV2cy1tb25vcmVwbywgcmVnaW9uOnVzLXdlc3QtMiwgY29tcG9uZW50OmZ1bGwtc3RhY2sKbG9nc19lbmFibGVkOiB0cnVlCmFwbV9jb25maWc6CiAgZW5hYmxlZDogdHJ1ZQogIGVudjogcHJvZHVjdGlvbgpwcm9jZXNzX2NvbmZpZzoKICBlbmFibGVkOiAidHJ1ZSIKRU9MCiAgICAKICAgICMgRW5hYmxlIERvY2tlciBpbnRlZ3JhdGlvbiBmb3IgRGF0YWRvZwogICAgbWtkaXIgLXAgL2V0Yy9kYXRhZG9nLWFnZW50L2NvbmYuZC9kb2NrZXIuZC8KICAgIGNhdCA+IC9ldGMvZGF0YWRvZy1hZ2VudC9jb25mLmQvZG9ja2VyLmQvY29uZi55YW1sIDw8ICdFT0wnCmluaXRfY29uZmlnOgoKaW5zdGFuY2VzOgogIC0gdXJsOiAidW5peDovL3Zhci9ydW4vZG9ja2VyLnNvY2siCiAgICBuZXdfdGFnX25hbWVzOiB0cnVlCkVPTAogICAgCiAgICBzeXN0ZW1jdGwgcmVzdGFydCBkYXRhZG9nLWFnZW50CiAgICAKICAgICMgQXBwbGljYXRpb24gc2V0dXAgLSBDbG9uZSByZWFsIHJlcG9zaXRvcnkKICAgIGxvZyAiQ2xvbmluZyByZWFsIEFJNERldnMgcmVwb3NpdG9yeS4uLiIKICAgIGNkIC9vcHQKICAgIAogICAgIyBJbnN0YWxsIGdpdCBpZiBub3QgcHJlc2VudAogICAgeXVtIGluc3RhbGwgLXkgZ2l0CiAgICAKICAgICMgQ2xvbmUgdGhlIGFjdHVhbCByZXBvc2l0b3J5CiAgICBnaXQgY2xvbmUgaHR0cHM6Ly9naXRodWIuY29tL0NvZGV4SnAvQUk0RGV2cy1tb25pdG9yaW5nLUphaXJvUG9sby5naXQgYWk0ZGV2cwogICAgY2QgL29wdC9haTRkZXZzCiAgICAKICAgICMgVmVyaWZ5IHJlcG9zaXRvcnkgc3RydWN0dXJlCiAgICBsb2cgIlJlcG9zaXRvcnkgY2xvbmVkIHN1Y2Nlc3NmdWxseS4gQ29udGVudHM6IgogICAgbHMgLWxhCiAgICAKICAgICMgQ3JlYXRlIGVudmlyb25tZW50IGZpbGUKICAgIGNhdCA+IC5lbnYgPDwgJ0VPTCcKREJfUEFTU1dPUkQ9RDF5bWY4d3lRRUd0aEZSMUU5eGhDcQpEQl9VU0VSPUxUSWRiVXNlcgpEQl9OQU1FPUxUSWRiCkRCX1BPUlQ9NTQzMgpEQVRBQkFTRV9VUkw9cG9zdGdyZXNxbDovL0xUSWRiVXNlcjpEMXltZjh3eVFFR3RoRlIxRTl4aENxQGRiOjU0MzIvTFRJZGIKTk9ERV9FTlY9cHJvZHVjdGlvbgpEQVRBRE9HX0FQSV9LRVk9YmJiMzUzMjY3Mjk0NjA5YTlmMGVkMjVkZTlkNzg0YWYKRU9MCiAgICAKICAgICMgVXNlIHRoZSBleGlzdGluZyBkb2NrZXItY29tcG9zZS55bWwgZnJvbSByZXBvc2l0b3J5CiAgICBsb2cgIkNvbmZpZ3VyaW5nIGRvY2tlci1jb21wb3NlIGZvciBwcm9kdWN0aW9uLi4uIgogICAgCiAgICAjIEJhY2t1cCBvcmlnaW5hbCBkb2NrZXItY29tcG9zZSBpZiBleGlzdHMKICAgIGlmIFsgLWYgZG9ja2VyLWNvbXBvc2UueW1sIF07IHRoZW4KICAgICAgICBjcCBkb2NrZXItY29tcG9zZS55bWwgZG9ja2VyLWNvbXBvc2UueW1sLmJhY2t1cAogICAgZmkKICAgIAogICAgIyBDcmVhdGUgcHJvZHVjdGlvbiBkb2NrZXItY29tcG9zZS55bWwKICAgIGNhdCA+IGRvY2tlci1jb21wb3NlLnltbCA8PCAnRU9MJwp2ZXJzaW9uOiAiMy44IgoKc2VydmljZXM6CiAgIyBQb3N0Z3JlU1FMIERhdGFiYXNlCiAgZGI6CiAgICBpbWFnZTogcG9zdGdyZXM6MTUKICAgIHJlc3RhcnQ6IGFsd2F5cwogICAgZW52aXJvbm1lbnQ6CiAgICAgIFBPU1RHUkVTX1BBU1NXT1JEOiBEMXltZjh3eVFFR3RoRlIxRTl4aENxCiAgICAgIFBPU1RHUkVTX1VTRVI6IExUSWRiVXNlcgogICAgICBQT1NUR1JFU19EQjogTFRJZGIKICAgIHBvcnRzOgogICAgICAtICI1NDMyOjU0MzIiCiAgICB2b2x1bWVzOgogICAgICAtIHBvc3RncmVzX2RhdGE6L3Zhci9saWIvcG9zdGdyZXNxbC9kYXRhCiAgICBuZXR3b3JrczoKICAgICAgLSBhaTRkZXZzLW5ldHdvcmsKICAgIGhlYWx0aGNoZWNrOgogICAgICB0ZXN0OiBbIkNNRC1TSEVMTCIsICJwZ19pc3JlYWR5IC1VIExUSWRiVXNlciAtZCBMVElkYiJdCiAgICAgIGludGVydmFsOiAxMHMKICAgICAgdGltZW91dDogNXMKICAgICAgcmV0cmllczogNQogICAgbGFiZWxzOgogICAgICAtICJjb20uZGF0YWRvZ2hxLmFkLmxvZ3M9W3tcInNvdXJjZVwiOlwicG9zdGdyZXNxbFwiLFwic2VydmljZVwiOlwiYWk0ZGV2cy1kYlwifV0iCgogICMgQmFja2VuZCBBUEkgLSBSZWFsIFR5cGVTY3JpcHQgQmFja2VuZAogIGJhY2tlbmQ6CiAgICBidWlsZDoKICAgICAgY29udGV4dDogLi9iYWNrZW5kCiAgICAgIGRvY2tlcmZpbGU6IERvY2tlcmZpbGUKICAgIHJlc3RhcnQ6IGFsd2F5cwogICAgZW52aXJvbm1lbnQ6CiAgICAgIC0gREFUQUJBU0VfVVJMPXBvc3RncmVzcWw6Ly9MVElkYlVzZXI6RDF5bWY4d3lRRUd0aEZSMUU5eGhDcUBkYjo1NDMyL0xUSWRiCiAgICAgIC0gTk9ERV9FTlY9cHJvZHVjdGlvbgogICAgICAtIFBPUlQ9ODA4MAogICAgICAtIEREX0VOVj1wcm9kdWN0aW9uCiAgICAgIC0gRERfU0VSVklDRT1haTRkZXZzLWJhY2tlbmQKICAgICAgLSBERF9WRVJTSU9OPTEuMC4wCiAgICBwb3J0czoKICAgICAgLSAiODA4MDo4MDgwIgogICAgZGVwZW5kc19vbjoKICAgICAgZGI6CiAgICAgICAgY29uZGl0aW9uOiBzZXJ2aWNlX2hlYWx0aHkKICAgIG5ldHdvcmtzOgogICAgICAtIGFpNGRldnMtbmV0d29yawogICAgdm9sdW1lczoKICAgICAgLSAuL2JhY2tlbmQvdXBsb2FkczovdXNyL3NyYy9hcHAvdXBsb2FkcwogICAgbGFiZWxzOgogICAgICAtICJjb20uZGF0YWRvZ2hxLmFkLmxvZ3M9W3tcInNvdXJjZVwiOlwibm9kZWpzXCIsXCJzZXJ2aWNlXCI6XCJhaTRkZXZzLWJhY2tlbmRcIn1dIgogICAgaGVhbHRoY2hlY2s6CiAgICAgIHRlc3Q6IFsiQ01EIiwgImN1cmwiLCAiLWYiLCAiaHR0cDovL2xvY2FsaG9zdDo4MDgwL2hlYWx0aCJdCiAgICAgIGludGVydmFsOiAzMHMKICAgICAgdGltZW91dDogMTBzCiAgICAgIHJldHJpZXM6IDMKCiAgIyBGcm9udGVuZCBXZWIgQXBwIC0gUmVhbCBSZWFjdCBGcm9udGVuZAogIGZyb250ZW5kOgogICAgYnVpbGQ6CiAgICAgIGNvbnRleHQ6IC4vZnJvbnRlbmQKICAgICAgZG9ja2VyZmlsZTogRG9ja2VyZmlsZQogICAgcmVzdGFydDogYWx3YXlzCiAgICBlbnZpcm9ubWVudDoKICAgICAgLSBOT0RFX0VOVj1wcm9kdWN0aW9uCiAgICAgIC0gUkVBQ1RfQVBQX0FQSV9VUkw9aHR0cDovL2xvY2FsaG9zdDo4MDgwCiAgICAgIC0gRERfRU5WPXByb2R1Y3Rpb24KICAgICAgLSBERF9TRVJWSUNFPWFpNGRldnMtZnJvbnRlbmQKICAgICAgLSBERF9WRVJTSU9OPTEuMC4wCiAgICBwb3J0czoKICAgICAgLSAiMzAwMDozMDAwIgogICAgZGVwZW5kc19vbjoKICAgICAgLSBiYWNrZW5kCiAgICBuZXR3b3JrczoKICAgICAgLSBhaTRkZXZzLW5ldHdvcmsKICAgIGxhYmVsczoKICAgICAgLSAiY29tLmRhdGFkb2docS5hZC5sb2dzPVt7XCJzb3VyY2VcIjpcIm5vZGVqc1wiLFwic2VydmljZVwiOlwiYWk0ZGV2cy1mcm9udGVuZFwifV0iCiAgICBoZWFsdGhjaGVjazoKICAgICAgdGVzdDogWyJDTUQiLCAiY3VybCIsICItZiIsICJodHRwOi8vbG9jYWxob3N0OjMwMDAiXQogICAgICBpbnRlcnZhbDogMzBzCiAgICAgIHRpbWVvdXQ6IDEwcwogICAgICByZXRyaWVzOiAzCgp2b2x1bWVzOgogIHBvc3RncmVzX2RhdGE6CgpuZXR3b3JrczoKICBhaTRkZXZzLW5ldHdvcms6CiAgICBkcml2ZXI6IGJyaWRnZQpFT0wKICAgIAogICAgIyBDcmVhdGUgRG9ja2VyZmlsZXMgZm9yIHJlYWwgYXBwbGljYXRpb24KICAgIGxvZyAiQ3JlYXRpbmcgRG9ja2VyZmlsZXMgZm9yIGJhY2tlbmQgYW5kIGZyb250ZW5kLi4uIgogICAgCiAgICAjIEJhY2tlbmQgRG9ja2VyZmlsZQogICAgY2F0ID4gYmFja2VuZC9Eb2NrZXJmaWxlIDw8ICdFT0wnCkZST00gbm9kZToxOC1zbGltCgpXT1JLRElSIC91c3Ivc3JjL2FwcAoKIyBJbnN0YWxsIE9wZW5TU0wgYW5kIGRlcGVuZGVuY2llcyBmb3IgUHJpc21hClJVTiBhcHQtZ2V0IHVwZGF0ZSAmJiBhcHQtZ2V0IGluc3RhbGwgLXkgb3BlbnNzbCBjYS1jZXJ0aWZpY2F0ZXMKCiMgQ29weSBwYWNrYWdlIGZpbGVzCkNPUFkgcGFja2FnZSouanNvbiAuLwoKIyBJbnN0YWxsIGRlcGVuZGVuY2llcwpSVU4gbnBtIGluc3RhbGwKCiMgQ29weSBzb3VyY2UgY29kZQpDT1BZIC4gLgoKIyBHZW5lcmF0ZSBQcmlzbWEgY2xpZW50ClJVTiBucHggcHJpc21hIGdlbmVyYXRlCgojIEJ1aWxkIHRoZSBhcHBsaWNhdGlvbgpSVU4gbnBtIHJ1biBidWlsZAoKIyBDcmVhdGUgdXBsb2FkcyBkaXJlY3RvcnkKUlVOIG1rZGlyIC1wIHVwbG9hZHMKCiMgRXhwb3NlIHBvcnQKRVhQT1NFIDgwODAKCiMgSGVhbHRoIGNoZWNrCkhFQUxUSENIRUNLIC0taW50ZXJ2YWw9MzBzIC0tdGltZW91dD0xMHMgLS1zdGFydC1wZXJpb2Q9NXMgLS1yZXRyaWVzPTMgXAogIENNRCBjdXJsIC1mIGh0dHA6Ly9sb2NhbGhvc3Q6ODA4MC9oZWFsdGggfHwgZXhpdCAxCgojIFN0YXJ0IHRoZSBhcHBsaWNhdGlvbgpDTUQgWyJucG0iLCAic3RhcnQiXQpFT0wKCiAgICAjIEZyb250ZW5kIERvY2tlcmZpbGUKICAgIGNhdCA+IGZyb250ZW5kL0RvY2tlcmZpbGUgPDwgJ0VPTCcKRlJPTSBub2RlOjE4LXNsaW0gYXMgYnVpbGRlcgoKV09SS0RJUiAvYXBwCgojIENvcHkgcGFja2FnZSBmaWxlcwpDT1BZIHBhY2thZ2UqLmpzb24gLi8KCiMgSW5zdGFsbCBkZXBlbmRlbmNpZXMKUlVOIG5wbSBpbnN0YWxsCgojIENvcHkgc291cmNlIGNvZGUKQ09QWSAuIC4KCiMgQnVpbGQgdGhlIGFwcGxpY2F0aW9uClJVTiBucG0gcnVuIGJ1aWxkCgojIFByb2R1Y3Rpb24gc3RhZ2UKRlJPTSBub2RlOjE4LXNsaW0KCldPUktESVIgL2FwcAoKIyBJbnN0YWxsIHNlcnZlIGdsb2JhbGx5ClJVTiBucG0gaW5zdGFsbCAtZyBzZXJ2ZQoKIyBDb3B5IGJ1aWx0IGFwcGxpY2F0aW9uCkNPUFkgLS1mcm9tPWJ1aWxkZXIgL2FwcC9idWlsZCAuL2J1aWxkCgojIEV4cG9zZSBwb3J0CkVYUE9TRSAzMDAwCgojIEhlYWx0aCBjaGVjawpIRUFMVEhDSEVDSyAtLWludGVydmFsPTMwcyAtLXRpbWVvdXQ9MTBzIC0tc3RhcnQtcGVyaW9kPTVzIC0tcmV0cmllcz0zIFwKICBDTUQgY3VybCAtZiBodHRwOi8vbG9jYWxob3N0OjMwMDAgfHwgZXhpdCAxCgojIFN0YXJ0IHRoZSBhcHBsaWNhdGlvbgpDTUQgWyJzZXJ2ZSIsICItcyIsICJidWlsZCIsICItbCIsICIzMDAwIl0KRU9MCiAgICAKICAgICMgU2V0IHByb3BlciBvd25lcnNoaXAKICAgIGNob3duIC1SIGVjMi11c2VyOmVjMi11c2VyIC9vcHQvYWk0ZGV2cwogICAgCiAgICAjIFByZXBhcmUgZGF0YWJhc2UgbWlncmF0aW9ucyBhbmQgc2V0dXAKICAgIGxvZyAiU2V0dGluZyB1cCBkYXRhYmFzZSBtaWdyYXRpb25zLi4uIgogICAgCiAgICAjIFJ1biBQcmlzbWEgbWlncmF0aW9ucyBmaXJzdCAoYmVmb3JlIHN0YXJ0aW5nIGNvbnRhaW5lcnMpCiAgICBjZCAvb3B0L2FpNGRldnMvYmFja2VuZAogICAgCiAgICAjIEVuc3VyZSBudm0gYW5kIE5vZGUuanMgYXJlIGF2YWlsYWJsZSBpbiBjdXJyZW50IHNoZWxsCiAgICBzb3VyY2Ugfi8uYmFzaHJjCiAgICBudm0gdXNlIC0tbHRzCiAgICAKICAgICMgSW5zdGFsbCBkZXBlbmRlbmNpZXMgZm9yIG1pZ3JhdGlvbiBwcm9jZXNzCiAgICBucG0gaW5zdGFsbCAtLXByb2R1Y3Rpb249ZmFsc2UKICAgIAogICAgIyBHZW5lcmF0ZSBQcmlzbWEgY2xpZW50CiAgICBucHggcHJpc21hIGdlbmVyYXRlCiAgICAKICAgICMgV2FpdCBmb3IgZGF0YWJhc2UgdG8gYmUgcmVhZHkgYW5kIHJ1biBtaWdyYXRpb25zCiAgICBjZCAvb3B0L2FpNGRldnMKICAgIAogICAgIyBTdGFydCBvbmx5IGRhdGFiYXNlIGZpcnN0CiAgICBkb2NrZXItY29tcG9zZSB1cCAtZCBkYgogICAgCiAgICAjIFdhaXQgZm9yIGRhdGFiYXNlIHRvIGJlIHJlYWR5CiAgICBsb2cgIldhaXRpbmcgZm9yIGRhdGFiYXNlIHRvIGJlIHJlYWR5Li4uIgogICAgc2xlZXAgMjAKICAgIAogICAgIyBSdW4gbWlncmF0aW9ucyBmcm9tIGJhY2tlbmQgZGlyZWN0b3J5CiAgICBjZCAvb3B0L2FpNGRldnMvYmFja2VuZAogICAgc291cmNlIH4vLmJhc2hyYyAmJiBudm0gdXNlIC0tbHRzCiAgICBEQVRBQkFTRV9VUkw9InBvc3RncmVzcWw6Ly9MVElkYlVzZXI6RDF5bWY4d3lRRUd0aEZSMUU5eGhDcUBsb2NhbGhvc3Q6NTQzMi9MVElkYiIgbnB4IHByaXNtYSBtaWdyYXRlIGRlcGxveQogICAgCiAgICAjIFNlZWQgdGhlIGRhdGFiYXNlCiAgICBsb2cgIlNlZWRpbmcgZGF0YWJhc2UuLi4iCiAgICBEQVRBQkFTRV9VUkw9InBvc3RncmVzcWw6Ly9MVElkYlVzZXI6RDF5bWY4d3lRRUd0aEZSMUU5eGhDcUBsb2NhbGhvc3Q6NTQzMi9MVElkYiIgbnB4IHByaXNtYSBkYiBzZWVkIHx8IGVjaG8gIlNlZWQgY29tcGxldGVkIG9yIHNraXBwZWQiCiAgICAKICAgICMgTm93IHN0YXJ0IHRoZSBmdWxsIGFwcGxpY2F0aW9uIHN0YWNrCiAgICBsb2cgIlN0YXJ0aW5nIGZ1bGwgYXBwbGljYXRpb24gc3RhY2suLi4iCiAgICBjZCAvb3B0L2FpNGRldnMKICAgIAogICAgIyBCdWlsZCBhbmQgc3RhcnQgYWxsIHNlcnZpY2VzCiAgICBkb2NrZXItY29tcG9zZSB1cCAtZCAtLWJ1aWxkCiAgICAKICAgICMgV2FpdCBmb3Igc2VydmljZXMgdG8gYmUgcmVhZHkKICAgIGxvZyAiV2FpdGluZyBmb3Igc2VydmljZXMgdG8gc3RhcnQuLi4iCiAgICBzbGVlcCAzMAogICAgCiAgICAjIENoZWNrIHNlcnZpY2Ugc3RhdHVzCiAgICBkb2NrZXItY29tcG9zZSBwcwogICAgCiAgICAjIEZpbmFsIGhlYWx0aCBjaGVjawogICAgbG9nICJQZXJmb3JtaW5nIGhlYWx0aCBjaGVja3MuLi4iCiAgICAKICAgICMgV2FpdCBmb3IgYmFja2VuZCB0byBiZSByZWFkeQogICAgZm9yIGkgaW4gezEuLjMwfTsgZG8KICAgICAgICBpZiBjdXJsIC1mIGh0dHA6Ly9sb2NhbGhvc3Q6ODA4MC9oZWFsdGggPiAvZGV2L251bGwgMj4mMTsgdGhlbgogICAgICAgICAgICBsb2cgIkJhY2tlbmQgaGVhbHRoIGNoZWNrIHBhc3NlZCIKICAgICAgICAgICAgYnJlYWsKICAgICAgICBmaQogICAgICAgIGxvZyAiV2FpdGluZyBmb3IgYmFja2VuZC4uLiAoJGkvMzApIgogICAgICAgIHNsZWVwIDEwCiAgICBkb25lCiAgICAKICAgICMgV2FpdCBmb3IgZnJvbnRlbmQgdG8gYmUgcmVhZHkKICAgIGZvciBpIGluIHsxLi4zMH07IGRvCiAgICAgICAgaWYgY3VybCAtZiBodHRwOi8vbG9jYWxob3N0OjMwMDAgPiAvZGV2L251bGwgMj4mMTsgdGhlbgogICAgICAgICAgICBsb2cgIkZyb250ZW5kIGhlYWx0aCBjaGVjayBwYXNzZWQiCiAgICAgICAgICAgIGJyZWFrCiAgICAgICAgZmkKICAgICAgICBsb2cgIldhaXRpbmcgZm9yIGZyb250ZW5kLi4uICgkaS8zMCkiCiAgICAgICAgc2xlZXAgMTAKICAgIGRvbmUKICAgIAogICAgIyBDcmVhdGUgc3RhcnR1cCBzY3JpcHQgZm9yIGF1dG9tYXRpYyByZXN0YXJ0CiAgICBjYXQgPiAvZXRjL3N5c3RlbWQvc3lzdGVtL2FpNGRldnMuc2VydmljZSA8PCAnRU9MJwpbVW5pdF0KRGVzY3JpcHRpb249QUk0RGV2cyBBcHBsaWNhdGlvbiBTdGFjawpSZXF1aXJlcz1kb2NrZXIuc2VydmljZQpBZnRlcj1kb2NrZXIuc2VydmljZQoKW1NlcnZpY2VdClR5cGU9b25lc2hvdApSZW1haW5BZnRlckV4aXQ9eWVzCldvcmtpbmdEaXJlY3Rvcnk9L29wdC9haTRkZXZzCkV4ZWNTdGFydD0vdXNyL2xvY2FsL2Jpbi9kb2NrZXItY29tcG9zZSB1cCAtZApFeGVjU3RvcD0vdXNyL2xvY2FsL2Jpbi9kb2NrZXItY29tcG9zZSBkb3duClRpbWVvdXRTdGFydFNlYz0wCgpbSW5zdGFsbF0KV2FudGVkQnk9bXVsdGktdXNlci50YXJnZXQKRU9MCiAgICAKICAgIHN5c3RlbWN0bCBlbmFibGUgYWk0ZGV2cy5zZXJ2aWNlCiAgICAKICAgIGxvZyAi4pyFIEFJNERldnMgZGVwbG95bWVudCBjb21wbGV0ZWQgc3VjY2Vzc2Z1bGx5ISIKICAgIGxvZyAi8J+MkCBGcm9udGVuZDogaHR0cDovLyQoY3VybCAtcyBodHRwOi8vMTY5LjI1NC4xNjkuMjU0L2xhdGVzdC9tZXRhLWRhdGEvcHVibGljLWlwdjQpOjMwMDAiCiAgICBsb2cgIvCflKcgQmFja2VuZCBBUEk6IGh0dHA6Ly8kKGN1cmwgLXMgaHR0cDovLzE2OS4yNTQuMTY5LjI1NC9sYXRlc3QvbWV0YS1kYXRhL3B1YmxpYy1pcHY0KTo4MDgwIgogICAgbG9nICLwn5OKIERhdGFkb2cgbW9uaXRvcmluZzogQWN0aXZlIgogICAgCiAgICAjIEZpbmFsIHN0YXR1cyBsb2cKICAgIGVjaG8gIiQoZGF0ZSk6IEFJNERldnMgZnVsbC1zdGFjayBkZXBsb3ltZW50IGNvbXBsZXRlZCBzdWNjZXNzZnVsbHkiID4gL3Zhci9sb2cvZGVwbG95bWVudC1jb21wbGV0ZS5sb2cK",
            "user_data_replace_on_change": false,
            "volume_tags": null,
            "vpc_security_group_ids": [
              "sg-05ca8313269d638c5"
            ]
          },
          "sensitive_attributes": [
            [
              {
                "type": "get_attr",
                "value": "user_data_base64"
              }
            ]
          ],
          "private": "eyJlMmJmYjczMC1lY2FhLTExZTYtOGY4OC0zNDM2M2JjN2M0YzAiOnsiY3JlYXRlIjo2MDAwMDAwMDAwMDAsImRlbGV0ZSI6MTIwMDAwMDAwMDAwMCwicmVhZCI6OTAwMDAwMDAwMDAwLCJ1cGRhdGUiOjYwMDAwMDAwMDAwMH0sInNjaGVtYV92ZXJzaW9uIjoiMiJ9",
          "dependencies": [
            "aws_iam_instance_profile.datadog_instance_profile",
            "aws_iam_role.datadog_aws_integration",
            "aws_security_group.unified_sg",
            "data.aws_caller_identity.current",
            "data.aws_iam_policy_document.datadog_aws_integration_assume_role",
            "datadog_integration_aws_account.datadog_integration"
          ]
        }
      ]
    },
    {
      "mode": "managed",
      "type": "aws_security_group",
      "name": "unified_sg",
      "provider": "provider[\"registry.terraform.io/hashicorp/aws\"]",
      "instances": [
        {
          "schema_version": 1,
          "attributes": {
            "arn": "arn:aws:ec2:us-west-2:593096747136:security-group/sg-05ca8313269d638c5",
            "description": "Unified security group for monorepo instance with Datadog monitoring",
            "egress": [
              {
                "cidr_blocks": [
                  "0.0.0.0/0"
                ],
                "description": "DNS resolution",
                "from_port": 53,
                "ipv6_cidr_blocks": [],
                "prefix_list_ids": [],
                "protocol": "udp",
                "security_groups": [],
                "self": false,
                "to_port": 53
              },
              {
                "cidr_blocks": [
                  "0.0.0.0/0"
                ],
                "description": "HTTP egress for system updates",
                "from_port": 80,
                "ipv6_cidr_blocks": [],
                "prefix_list_ids": [],
                "protocol": "tcp",
                "security_groups": [],
                "self": false,
                "to_port": 80
              },
              {
                "cidr_blocks": [
                  "0.0.0.0/0"
                ],
                "description": "HTTPS egress for Datadog, NPM, Docker Hub",
                "from_port": 443,
                "ipv6_cidr_blocks": [],
                "prefix_list_ids": [],
                "protocol": "tcp",
                "security_groups": [],
                "self": false,
                "to_port": 443
              },
              {
                "cidr_blocks": [
                  "172.16.0.0/12"
                ],
                "description": "Internal Docker network communication",
                "from_port": 0,
                "ipv6_cidr_blocks": [],
                "prefix_list_ids": [],
                "protocol": "tcp",
                "security_groups": [],
                "self": false,
                "to_port": 65535
              }
            ],
            "id": "sg-05ca8313269d638c5",
            "ingress": [
              {
                "cidr_blocks": [
                  "0.0.0.0/0"
                ],
                "description": "Backend API",
                "from_port": 8080,
                "ipv6_cidr_blocks": [],
                "prefix_list_ids": [],
                "protocol": "tcp",
                "security_groups": [],
                "self": false,
                "to_port": 8080
              },
              {
                "cidr_blocks": [
                  "0.0.0.0/0"
                ],
                "description": "Frontend web interface",
                "from_port": 3000,
                "ipv6_cidr_blocks": [],
                "prefix_list_ids": [],
                "protocol": "tcp",
                "security_groups": [],
                "self": false,
                "to_port": 3000
              },
              {
                "cidr_blocks": [
                  "0.0.0.0/0"
                ],
                "description": "SSH access",
                "from_port": 22,
                "ipv6_cidr_blocks": [],
                "prefix_list_ids": [],
                "protocol": "tcp",
                "security_groups": [],
                "self": false,
                "to_port": 22
              },
              {
                "cidr_blocks": [
                  "10.0.0.0/8",
                  "172.16.0.0/12",
                  "192.168.0.0/16"
                ],
                "description": "PostgreSQL database access from private networks",
                "from_port": 5432,
                "ipv6_cidr_blocks": [],
                "prefix_list_ids": [],
                "protocol": "tcp",
                "security_groups": [],
                "self": false,
                "to_port": 5432
              }
            ],
            "name": "ai4devs-unified-20250923145122288000000001",
            "name_prefix": "ai4devs-unified-",
            "owner_id": "593096747136",
            "region": "us-west-2",
            "revoke_rules_on_delete": false,
            "tags": {
              "Environment": "production",
              "Monitoring": "datadog",
              "Name": "ai4devs-unified-sg",
              "Service": "monorepo-instance"
            },
            "tags_all": {
              "Environment": "production",
              "Monitoring": "datadog",
              "Name": "ai4devs-unified-sg",
              "Service": "monorepo-instance"
            },
            "timeouts": null,
            "vpc_id": "vpc-98f56fe0"
          },
          "sensitive_attributes": [],
          "private": "eyJlMmJmYjczMC1lY2FhLTExZTYtOGY4OC0zNDM2M2JjN2M0YzAiOnsiY3JlYXRlIjo2MDAwMDAwMDAwMDAsImRlbGV0ZSI6OTAwMDAwMDAwMDAwfSwic2NoZW1hX3ZlcnNpb24iOiIxIn0="
        }
      ]
    },
    {
      "mode": "managed",
      "type": "datadog_integration_aws_account",
      "name": "datadog_integration",
      "provider": "provider[\"registry.terraform.io/datadog/datadog\"]",
      "instances": [
        {
          "schema_version": 0,
          "attributes": {
            "account_tags": [],
            "auth_config": {
              "aws_auth_config_keys": null,
              "aws_auth_config_role": {
                "external_id": "9b9e15e125af436ca1a1e5283eceed55",
                "role_name": "DatadogIntegrationRole"
              }
            },
            "aws_account_id": "593096747136",
            "aws_partition": "aws",
            "aws_regions": {
              "include_all": null,
              "include_only": [
                "us-west-2"
              ]
            },
            "id": "ba44ac32-d2e8-47b9-90a3-caaad6b3da6e",
            "logs_config": {
              "lambda_forwarder": {
                "lambdas": [],
                "log_source_config": null,
                "sources": []
              }
            },
            "metrics_config": {
              "automute_enabled": true,
              "collect_cloudwatch_alarms": false,
              "collect_custom_metrics": false,
              "enabled": true,
              "namespace_filters": {
                "exclude_only": [
                  "AWS/SQS",
                  "AWS/ElasticMapReduce",
                  "AWS/Usage"
                ],
                "include_only": null
              },
              "tag_filters": []
            },
            "resources_config": {
              "cloud_security_posture_management_collection": false,
              "extended_collection": true
            },
            "traces_config": {
              "xray_services": {
                "include_all": null,
                "include_only": []
              }
            }
          },
          "sensitive_attributes": [],
          "dependencies": [
            "data.aws_caller_identity.current"
          ]
        }
      ]
    }
  ],
  "check_results": null
}
