{
  "version": 4,
  "terraform_version": "1.5.7",
  "serial": 353,
  "lineage": "1e86169c-593d-dc9b-085e-85f307be74e1",
  "outputs": {
    "connection_commands": {
      "value": {
        "backend_api": "http://54.187.61.121:8080",
        "frontend": "http://54.187.61.121:3000",
        "ssh": "ssh -i ~/.ssh/AI4Devs.pem ec2-user@54.187.61.121"
      },
      "type": [
        "object",
        {
          "backend_api": "string",
          "frontend": "string",
          "ssh": "string"
        }
      ]
    },
    "datadog_integration_external_id": {
      "value": "4f7268391416465da704dbbf980f4276",
      "type": "string",
      "sensitive": true
    },
    "datadog_role_arn": {
      "value": "arn:aws:iam::593096747136:role/DatadogIntegrationRole",
      "type": "string"
    },
    "instance_id": {
      "value": "i-071df81a128d5b4d1",
      "type": "string"
    },
    "instance_public_dns": {
      "value": "ec2-54-187-61-121.us-west-2.compute.amazonaws.com",
      "type": "string"
    },
    "instance_public_ip": {
      "value": "54.187.61.121",
      "type": "string"
    },
    "security_group_id": {
      "value": "sg-0000a6001c0f59b04",
      "type": "string"
    }
  },
  "resources": [
    {
      "mode": "data",
      "type": "aws_caller_identity",
      "name": "current",
      "provider": "provider[\"registry.terraform.io/hashicorp/aws\"]",
      "instances": [
        {
          "schema_version": 0,
          "attributes": {
            "account_id": "593096747136",
            "arn": "arn:aws:iam::593096747136:root",
            "id": "593096747136",
            "user_id": "593096747136"
          },
          "sensitive_attributes": []
        }
      ]
    },
    {
      "mode": "data",
      "type": "aws_iam_policy_document",
      "name": "datadog_aws_integration",
      "provider": "provider[\"registry.terraform.io/hashicorp/aws\"]",
      "instances": [
        {
          "schema_version": 0,
          "attributes": {
            "id": "1133542322",
            "json": "{\n  \"Version\": \"2012-10-17\",\n  \"Statement\": [\n    {\n      \"Effect\": \"Allow\",\n      \"Action\": [\n        \"tag:GetResources\",\n        \"logs:DescribeLogStreams\",\n        \"logs:DescribeLogGroups\",\n        \"ec2:Describe*\",\n        \"cloudwatch:List*\",\n        \"cloudwatch:Get*\"\n      ],\n      \"Resource\": \"*\"\n    }\n  ]\n}",
            "minified_json": "{\"Version\":\"2012-10-17\",\"Statement\":[{\"Effect\":\"Allow\",\"Action\":[\"tag:GetResources\",\"logs:DescribeLogStreams\",\"logs:DescribeLogGroups\",\"ec2:Describe*\",\"cloudwatch:List*\",\"cloudwatch:Get*\"],\"Resource\":\"*\"}]}",
            "override_json": null,
            "override_policy_documents": null,
            "policy_id": null,
            "source_json": null,
            "source_policy_documents": null,
            "statement": [
              {
                "actions": [
                  "cloudwatch:Get*",
                  "cloudwatch:List*",
                  "ec2:Describe*",
                  "logs:DescribeLogGroups",
                  "logs:DescribeLogStreams",
                  "tag:GetResources"
                ],
                "condition": [],
                "effect": "Allow",
                "not_actions": [],
                "not_principals": [],
                "not_resources": [],
                "principals": [],
                "resources": [
                  "*"
                ],
                "sid": ""
              }
            ],
            "version": "2012-10-17"
          },
          "sensitive_attributes": []
        }
      ]
    },
    {
      "mode": "data",
      "type": "aws_iam_policy_document",
      "name": "datadog_aws_integration_assume_role",
      "provider": "provider[\"registry.terraform.io/hashicorp/aws\"]",
      "instances": [
        {
          "schema_version": 0,
          "attributes": {
            "id": "1777631156",
            "json": "{\n  \"Version\": \"2012-10-17\",\n  \"Statement\": [\n    {\n      \"Effect\": \"Allow\",\n      \"Action\": \"sts:AssumeRole\",\n      \"Principal\": {\n        \"AWS\": \"arn:aws:iam::464622532012:root\"\n      },\n      \"Condition\": {\n        \"StringEquals\": {\n          \"sts:ExternalId\": \"4f7268391416465da704dbbf980f4276\"\n        }\n      }\n    }\n  ]\n}",
            "minified_json": "{\"Version\":\"2012-10-17\",\"Statement\":[{\"Effect\":\"Allow\",\"Action\":\"sts:AssumeRole\",\"Principal\":{\"AWS\":\"arn:aws:iam::464622532012:root\"},\"Condition\":{\"StringEquals\":{\"sts:ExternalId\":\"4f7268391416465da704dbbf980f4276\"}}}]}",
            "override_json": null,
            "override_policy_documents": null,
            "policy_id": null,
            "source_json": null,
            "source_policy_documents": null,
            "statement": [
              {
                "actions": [
                  "sts:AssumeRole"
                ],
                "condition": [
                  {
                    "test": "StringEquals",
                    "values": [
                      "4f7268391416465da704dbbf980f4276"
                    ],
                    "variable": "sts:ExternalId"
                  }
                ],
                "effect": "Allow",
                "not_actions": [],
                "not_principals": [],
                "not_resources": [],
                "principals": [
                  {
                    "identifiers": [
                      "arn:aws:iam::464622532012:root"
                    ],
                    "type": "AWS"
                  }
                ],
                "resources": [],
                "sid": ""
              }
            ],
            "version": "2012-10-17"
          },
          "sensitive_attributes": []
        }
      ]
    },
    {
      "mode": "managed",
      "type": "aws_iam_instance_profile",
      "name": "datadog_instance_profile",
      "provider": "provider[\"registry.terraform.io/hashicorp/aws\"]",
      "instances": [
        {
          "schema_version": 0,
          "attributes": {
            "arn": "arn:aws:iam::593096747136:instance-profile/ai4devs-datadog-instance-profile",
            "create_date": "2025-09-23T12:43:39Z",
            "id": "ai4devs-datadog-instance-profile",
            "name": "ai4devs-datadog-instance-profile",
            "name_prefix": "",
            "path": "/",
            "role": "DatadogIntegrationRole",
            "tags": null,
            "tags_all": {},
            "unique_id": "AIPAYUF2SFCAM3NVUMVVO"
          },
          "sensitive_attributes": [],
          "private": "bnVsbA==",
          "dependencies": [
            "aws_iam_role.datadog_aws_integration",
            "data.aws_caller_identity.current",
            "data.aws_iam_policy_document.datadog_aws_integration_assume_role",
            "datadog_integration_aws_account.datadog_integration"
          ]
        }
      ]
    },
    {
      "mode": "managed",
      "type": "aws_iam_policy",
      "name": "datadog_aws_integration",
      "provider": "provider[\"registry.terraform.io/hashicorp/aws\"]",
      "instances": [
        {
          "schema_version": 0,
          "attributes": {
            "arn": "arn:aws:iam::593096747136:policy/DatadogAWSIntegrationPolicy",
            "attachment_count": 0,
            "description": "",
            "id": "arn:aws:iam::593096747136:policy/DatadogAWSIntegrationPolicy",
            "name": "DatadogAWSIntegrationPolicy",
            "name_prefix": "",
            "path": "/",
            "policy": "{\"Statement\":[{\"Action\":[\"tag:GetResources\",\"logs:DescribeLogStreams\",\"logs:DescribeLogGroups\",\"ec2:Describe*\",\"cloudwatch:List*\",\"cloudwatch:Get*\"],\"Effect\":\"Allow\",\"Resource\":\"*\"}],\"Version\":\"2012-10-17\"}",
            "policy_id": "ANPAYUF2SFCAFZNPDBK7D",
            "tags": null,
            "tags_all": {}
          },
          "sensitive_attributes": [],
          "private": "bnVsbA==",
          "dependencies": [
            "data.aws_iam_policy_document.datadog_aws_integration"
          ]
        }
      ]
    },
    {
      "mode": "managed",
      "type": "aws_iam_role",
      "name": "datadog_aws_integration",
      "provider": "provider[\"registry.terraform.io/hashicorp/aws\"]",
      "instances": [
        {
          "schema_version": 0,
          "attributes": {
            "arn": "arn:aws:iam::593096747136:role/DatadogIntegrationRole",
            "assume_role_policy": "{\"Statement\":[{\"Action\":\"sts:AssumeRole\",\"Condition\":{\"StringEquals\":{\"sts:ExternalId\":\"4f7268391416465da704dbbf980f4276\"}},\"Effect\":\"Allow\",\"Principal\":{\"AWS\":\"arn:aws:iam::464622532012:root\"}}],\"Version\":\"2012-10-17\"}",
            "create_date": "2025-09-23T12:43:39Z",
            "description": "Role for Datadog AWS Integration",
            "force_detach_policies": false,
            "id": "DatadogIntegrationRole",
            "inline_policy": [],
            "managed_policy_arns": [],
            "max_session_duration": 3600,
            "name": "DatadogIntegrationRole",
            "name_prefix": "",
            "path": "/",
            "permissions_boundary": "",
            "tags": {
              "Purpose": "DatadogIntegration",
              "Region": "us-west-2"
            },
            "tags_all": {
              "Purpose": "DatadogIntegration",
              "Region": "us-west-2"
            },
            "unique_id": "AROAYUF2SFCAHIBCN5T56"
          },
          "sensitive_attributes": [],
          "private": "bnVsbA==",
          "dependencies": [
            "data.aws_caller_identity.current",
            "data.aws_iam_policy_document.datadog_aws_integration_assume_role",
            "datadog_integration_aws_account.datadog_integration"
          ]
        }
      ]
    },
    {
      "mode": "managed",
      "type": "aws_iam_role_policy_attachment",
      "name": "datadog_aws_integration",
      "provider": "provider[\"registry.terraform.io/hashicorp/aws\"]",
      "instances": [
        {
          "schema_version": 0,
          "attributes": {
            "id": "DatadogIntegrationRole/arn:aws:iam::593096747136:policy/DatadogAWSIntegrationPolicy",
            "policy_arn": "arn:aws:iam::593096747136:policy/DatadogAWSIntegrationPolicy",
            "role": "DatadogIntegrationRole"
          },
          "sensitive_attributes": [],
          "private": "bnVsbA==",
          "dependencies": [
            "aws_iam_policy.datadog_aws_integration",
            "aws_iam_role.datadog_aws_integration",
            "data.aws_caller_identity.current",
            "data.aws_iam_policy_document.datadog_aws_integration",
            "data.aws_iam_policy_document.datadog_aws_integration_assume_role",
            "datadog_integration_aws_account.datadog_integration"
          ]
        }
      ]
    },
    {
      "mode": "managed",
      "type": "aws_iam_role_policy_attachment",
      "name": "datadog_aws_integration_security_audit",
      "provider": "provider[\"registry.terraform.io/hashicorp/aws\"]",
      "instances": [
        {
          "schema_version": 0,
          "attributes": {
            "id": "DatadogIntegrationRole/arn:aws:iam::aws:policy/SecurityAudit",
            "policy_arn": "arn:aws:iam::aws:policy/SecurityAudit",
            "role": "DatadogIntegrationRole"
          },
          "sensitive_attributes": [],
          "private": "bnVsbA==",
          "dependencies": [
            "aws_iam_role.datadog_aws_integration",
            "data.aws_caller_identity.current",
            "data.aws_iam_policy_document.datadog_aws_integration_assume_role",
            "datadog_integration_aws_account.datadog_integration"
          ]
        }
      ]
    },
    {
      "mode": "managed",
      "type": "aws_instance",
      "name": "monorepo_instance",
      "provider": "provider[\"registry.terraform.io/hashicorp/aws\"]",
      "instances": [
        {
          "schema_version": 2,
          "attributes": {
            "ami": "ami-024e4b8b6ef78434a",
            "arn": "arn:aws:ec2:us-west-2:593096747136:instance/i-071df81a128d5b4d1",
            "associate_public_ip_address": true,
            "availability_zone": "us-west-2b",
            "capacity_reservation_specification": [
              {
                "capacity_reservation_preference": "open",
                "capacity_reservation_target": []
              }
            ],
            "cpu_options": [
              {
                "amd_sev_snp": "",
                "core_count": 1,
                "threads_per_core": 1
              }
            ],
            "credit_specification": [
              {
                "cpu_credits": "standard"
              }
            ],
            "disable_api_stop": false,
            "disable_api_termination": false,
            "ebs_block_device": [],
            "ebs_optimized": false,
            "enable_primary_ipv6": null,
            "enclave_options": [
              {
                "enabled": false
              }
            ],
            "ephemeral_block_device": [],
            "force_destroy": false,
            "get_password_data": false,
            "hibernation": false,
            "host_id": "",
            "host_resource_group_arn": null,
            "iam_instance_profile": "ai4devs-datadog-instance-profile",
            "id": "i-071df81a128d5b4d1",
            "instance_initiated_shutdown_behavior": "stop",
            "instance_lifecycle": "",
            "instance_market_options": [],
            "instance_state": "running",
            "instance_type": "t2.micro",
            "ipv6_address_count": 0,
            "ipv6_addresses": [],
            "key_name": "AI4Devs",
            "launch_template": [],
            "maintenance_options": [
              {
                "auto_recovery": "default"
              }
            ],
            "metadata_options": [
              {
                "http_endpoint": "enabled",
                "http_protocol_ipv6": "disabled",
                "http_put_response_hop_limit": 1,
                "http_tokens": "optional",
                "instance_metadata_tags": "disabled"
              }
            ],
            "monitoring": false,
            "network_interface": [],
            "outpost_arn": "",
            "password_data": "",
            "placement_group": "",
            "placement_group_id": "",
            "placement_partition_number": 0,
            "primary_network_interface": [
              {
                "delete_on_termination": true,
                "network_interface_id": "eni-0092efca43631d721"
              }
            ],
            "primary_network_interface_id": "eni-0092efca43631d721",
            "private_dns": "ip-172-31-43-68.us-west-2.compute.internal",
            "private_dns_name_options": [
              {
                "enable_resource_name_dns_a_record": false,
                "enable_resource_name_dns_aaaa_record": false,
                "hostname_type": "ip-name"
              }
            ],
            "private_ip": "172.31.43.68",
            "public_dns": "ec2-54-187-61-121.us-west-2.compute.amazonaws.com",
            "public_ip": "54.187.61.121",
            "region": "us-west-2",
            "root_block_device": [
              {
                "delete_on_termination": true,
                "device_name": "/dev/xvda",
                "encrypted": false,
                "iops": 100,
                "kms_key_id": "",
                "tags": {},
                "tags_all": {},
                "throughput": 0,
                "volume_id": "vol-0f2e1ca2dc0b516a7",
                "volume_size": 8,
                "volume_type": "gp2"
              }
            ],
            "secondary_private_ips": [],
            "security_groups": [
              "ai4devs-unified-20250923124338640500000001"
            ],
            "source_dest_check": true,
            "spot_instance_request_id": "",
            "subnet_id": "subnet-3cc9d877",
            "tags": {
              "Environment": "production",
              "Monitoring": "datadog",
              "Name": "ai4devs-monorepo-instance",
              "Region": "us-west-2",
              "Service": "backend,frontend"
            },
            "tags_all": {
              "Environment": "production",
              "Monitoring": "datadog",
              "Name": "ai4devs-monorepo-instance",
              "Region": "us-west-2",
              "Service": "backend,frontend"
            },
            "tenancy": "default",
            "timeouts": null,
            "user_data": null,
            "user_data_base64": "ICAgICMhL2Jpbi9iYXNoCiAgICAjIEFJNERldnMgRnVsbCBTdGFjayBEZXBsb3ltZW50IHdpdGggRGF0YWRvZyBJbnRlZ3JhdGlvbgogICAgc2V0IC1lCiAgICAKICAgICMgTG9nZ2luZyBmdW5jdGlvbgogICAgbG9nKCkgewogICAgICAgIGVjaG8gIiQoZGF0ZSAnKyVZLSVtLSVkICVIOiVNOiVTJyk6ICQxIiB8IHRlZSAtYSAvdmFyL2xvZy9haTRkZXZzLWRlcGxveW1lbnQubG9nCiAgICB9CiAgICAKICAgIGxvZyAiU3RhcnRpbmcgQUk0RGV2cyBkZXBsb3ltZW50Li4uIgogICAgCiAgICAjIFN5c3RlbSB1cGRhdGVzIGFuZCBkZXBlbmRlbmNpZXMKICAgIGxvZyAiSW5zdGFsbGluZyBzeXN0ZW0gZGVwZW5kZW5jaWVzLi4uIgogICAgeXVtIHVwZGF0ZSAteQogICAgeXVtIGluc3RhbGwgLXkgZG9ja2VyIGdpdCBjdXJsIHdnZXQgdW56aXAgbm9kZWpzIG5wbQogICAgCiAgICAjIEluc3RhbGwgRG9ja2VyIENvbXBvc2UKICAgIGxvZyAiSW5zdGFsbGluZyBEb2NrZXIgQ29tcG9zZS4uLiIKICAgIGN1cmwgLUwgImh0dHBzOi8vZ2l0aHViLmNvbS9kb2NrZXIvY29tcG9zZS9yZWxlYXNlcy9sYXRlc3QvZG93bmxvYWQvZG9ja2VyLWNvbXBvc2UtJCh1bmFtZSAtcyktJCh1bmFtZSAtbSkiIC1vIC91c3IvbG9jYWwvYmluL2RvY2tlci1jb21wb3NlCiAgICBjaG1vZCAreCAvdXNyL2xvY2FsL2Jpbi9kb2NrZXItY29tcG9zZQogICAgCiAgICAjIERvY2tlciBzZXR1cAogICAgbG9nICJDb25maWd1cmluZyBEb2NrZXIuLi4iCiAgICBzZXJ2aWNlIGRvY2tlciBzdGFydAogICAgdXNlcm1vZCAtYSAtRyBkb2NrZXIgZWMyLXVzZXIKICAgIHN5c3RlbWN0bCBlbmFibGUgZG9ja2VyCiAgICAKICAgICMgV2FpdCBmb3IgRG9ja2VyIHRvIGJlIHJlYWR5CiAgICBzbGVlcCAxMAogICAgCiAgICAjIERhdGFkb2cgQWdlbnQgaW5zdGFsbGF0aW9uCiAgICBsb2cgIkluc3RhbGxpbmcgRGF0YWRvZyBBZ2VudC4uLiIKICAgIEREX0FQSV9LRVk9ImJiYjM1MzI2NzI5NDYwOWE5ZjBlZDI1ZGU5ZDc4NGFmIiBcCiAgICBERF9TSVRFPSJ1czMuZGF0YWRvZ2hxLmNvbSIgXAogICAgRERfQVBNX0VOQUJMRUQ9dHJ1ZSBcCiAgICBERF9MT0dTX0VOQUJMRUQ9dHJ1ZSBcCiAgICBiYXNoIC1jICIkKGN1cmwgLUwgaHR0cHM6Ly9pbnN0YWxsLmRhdGFkb2docS5jb20vc2NyaXB0cy9pbnN0YWxsX3NjcmlwdC5zaCkiCiAgICAKICAgICMgQ29uZmlndXJlIERhdGFkb2cgdGFncyBhbmQgaW50ZWdyYXRpb25zCiAgICBsb2cgIkNvbmZpZ3VyaW5nIERhdGFkb2cgQWdlbnQuLi4iCiAgICBjYXQgPj4gL2V0Yy9kYXRhZG9nLWFnZW50L2RhdGFkb2cueWFtbCA8PCAnRU9MJwp0YWdzOiBlbnY6cHJvZHVjdGlvbiwgc2VydmljZTphaTRkZXZzLW1vbm9yZXBvLCByZWdpb246dXMtd2VzdC0yLCBjb21wb25lbnQ6ZnVsbC1zdGFjawpsb2dzX2VuYWJsZWQ6IHRydWUKYXBtX2NvbmZpZzoKICBlbmFibGVkOiB0cnVlCiAgZW52OiBwcm9kdWN0aW9uCnByb2Nlc3NfY29uZmlnOgogIGVuYWJsZWQ6ICJ0cnVlIgpFT0wKICAgIAogICAgIyBFbmFibGUgRG9ja2VyIGludGVncmF0aW9uIGZvciBEYXRhZG9nCiAgICBta2RpciAtcCAvZXRjL2RhdGFkb2ctYWdlbnQvY29uZi5kL2RvY2tlci5kLwogICAgY2F0ID4gL2V0Yy9kYXRhZG9nLWFnZW50L2NvbmYuZC9kb2NrZXIuZC9jb25mLnlhbWwgPDwgJ0VPTCcKaW5pdF9jb25maWc6CgppbnN0YW5jZXM6CiAgLSB1cmw6ICJ1bml4Oi8vdmFyL3J1bi9kb2NrZXIuc29jayIKICAgIG5ld190YWdfbmFtZXM6IHRydWUKRU9MCiAgICAKICAgIHN5c3RlbWN0bCByZXN0YXJ0IGRhdGFkb2ctYWdlbnQKICAgIAogICAgIyBBcHBsaWNhdGlvbiBzZXR1cCAtIENsb25lIHJlYWwgcmVwb3NpdG9yeQogICAgbG9nICJDbG9uaW5nIHJlYWwgQUk0RGV2cyByZXBvc2l0b3J5Li4uIgogICAgY2QgL29wdAogICAgCiAgICAjIEluc3RhbGwgZ2l0IGlmIG5vdCBwcmVzZW50CiAgICB5dW0gaW5zdGFsbCAteSBnaXQKICAgIAogICAgIyBDbG9uZSB0aGUgYWN0dWFsIHJlcG9zaXRvcnkKICAgIGdpdCBjbG9uZSBodHRwczovL2dpdGh1Yi5jb20vSmFpcm9Qb2xvL0FJNERldnMtbW9uaXRvcmluZy1KYWlyb1BvbG8uZ2l0IGFpNGRldnMKICAgIGNkIC9vcHQvYWk0ZGV2cwogICAgCiAgICAjIFZlcmlmeSByZXBvc2l0b3J5IHN0cnVjdHVyZQogICAgbG9nICJSZXBvc2l0b3J5IGNsb25lZCBzdWNjZXNzZnVsbHkuIENvbnRlbnRzOiIKICAgIGxzIC1sYQogICAgCiAgICAjIENyZWF0ZSBlbnZpcm9ubWVudCBmaWxlCiAgICBjYXQgPiAuZW52IDw8ICdFT0wnCkRCX1BBU1NXT1JEPUQxeW1mOHd5UUVHdGhGUjFFOXhoQ3EKREJfVVNFUj1MVElkYlVzZXIKREJfTkFNRT1MVElkYgpEQl9QT1JUPTU0MzIKREFUQUJBU0VfVVJMPXBvc3RncmVzcWw6Ly9MVElkYlVzZXI6RDF5bWY4d3lRRUd0aEZSMUU5eGhDcUBkYjo1NDMyL0xUSWRiCk5PREVfRU5WPXByb2R1Y3Rpb24KREFUQURPR19BUElfS0VZPWJiYjM1MzI2NzI5NDYwOWE5ZjBlZDI1ZGU5ZDc4NGFmCkVPTAogICAgCiAgICAjIFVzZSB0aGUgZXhpc3RpbmcgZG9ja2VyLWNvbXBvc2UueW1sIGZyb20gcmVwb3NpdG9yeQogICAgbG9nICJDb25maWd1cmluZyBkb2NrZXItY29tcG9zZSBmb3IgcHJvZHVjdGlvbi4uLiIKICAgIAogICAgIyBCYWNrdXAgb3JpZ2luYWwgZG9ja2VyLWNvbXBvc2UgaWYgZXhpc3RzCiAgICBpZiBbIC1mIGRvY2tlci1jb21wb3NlLnltbCBdOyB0aGVuCiAgICAgICAgY3AgZG9ja2VyLWNvbXBvc2UueW1sIGRvY2tlci1jb21wb3NlLnltbC5iYWNrdXAKICAgIGZpCiAgICAKICAgICMgQ3JlYXRlIHByb2R1Y3Rpb24gZG9ja2VyLWNvbXBvc2UueW1sCiAgICBjYXQgPiBkb2NrZXItY29tcG9zZS55bWwgPDwgJ0VPTCcKdmVyc2lvbjogIjMuOCIKCnNlcnZpY2VzOgogICMgUG9zdGdyZVNRTCBEYXRhYmFzZQogIGRiOgogICAgaW1hZ2U6IHBvc3RncmVzOjE1CiAgICByZXN0YXJ0OiBhbHdheXMKICAgIGVudmlyb25tZW50OgogICAgICBQT1NUR1JFU19QQVNTV09SRDogRDF5bWY4d3lRRUd0aEZSMUU5eGhDcQogICAgICBQT1NUR1JFU19VU0VSOiBMVElkYlVzZXIKICAgICAgUE9TVEdSRVNfREI6IExUSWRiCiAgICBwb3J0czoKICAgICAgLSAiNTQzMjo1NDMyIgogICAgdm9sdW1lczoKICAgICAgLSBwb3N0Z3Jlc19kYXRhOi92YXIvbGliL3Bvc3RncmVzcWwvZGF0YQogICAgbmV0d29ya3M6CiAgICAgIC0gYWk0ZGV2cy1uZXR3b3JrCiAgICBoZWFsdGhjaGVjazoKICAgICAgdGVzdDogWyJDTUQtU0hFTEwiLCAicGdfaXNyZWFkeSAtVSBMVElkYlVzZXIgLWQgTFRJZGIiXQogICAgICBpbnRlcnZhbDogMTBzCiAgICAgIHRpbWVvdXQ6IDVzCiAgICAgIHJldHJpZXM6IDUKICAgIGxhYmVsczoKICAgICAgLSAiY29tLmRhdGFkb2docS5hZC5sb2dzPVt7XCJzb3VyY2VcIjpcInBvc3RncmVzcWxcIixcInNlcnZpY2VcIjpcImFpNGRldnMtZGJcIn1dIgoKICAjIEJhY2tlbmQgQVBJIC0gUmVhbCBUeXBlU2NyaXB0IEJhY2tlbmQKICBiYWNrZW5kOgogICAgYnVpbGQ6CiAgICAgIGNvbnRleHQ6IC4vYmFja2VuZAogICAgICBkb2NrZXJmaWxlOiBEb2NrZXJmaWxlCiAgICByZXN0YXJ0OiBhbHdheXMKICAgIGVudmlyb25tZW50OgogICAgICAtIERBVEFCQVNFX1VSTD1wb3N0Z3Jlc3FsOi8vTFRJZGJVc2VyOkQxeW1mOHd5UUVHdGhGUjFFOXhoQ3FAZGI6NTQzMi9MVElkYgogICAgICAtIE5PREVfRU5WPXByb2R1Y3Rpb24KICAgICAgLSBQT1JUPTgwODAKICAgICAgLSBERF9FTlY9cHJvZHVjdGlvbgogICAgICAtIEREX1NFUlZJQ0U9YWk0ZGV2cy1iYWNrZW5kCiAgICAgIC0gRERfVkVSU0lPTj0xLjAuMAogICAgcG9ydHM6CiAgICAgIC0gIjgwODA6ODA4MCIKICAgIGRlcGVuZHNfb246CiAgICAgIGRiOgogICAgICAgIGNvbmRpdGlvbjogc2VydmljZV9oZWFsdGh5CiAgICBuZXR3b3JrczoKICAgICAgLSBhaTRkZXZzLW5ldHdvcmsKICAgIHZvbHVtZXM6CiAgICAgIC0gLi9iYWNrZW5kL3VwbG9hZHM6L3Vzci9zcmMvYXBwL3VwbG9hZHMKICAgIGxhYmVsczoKICAgICAgLSAiY29tLmRhdGFkb2docS5hZC5sb2dzPVt7XCJzb3VyY2VcIjpcIm5vZGVqc1wiLFwic2VydmljZVwiOlwiYWk0ZGV2cy1iYWNrZW5kXCJ9XSIKICAgIGhlYWx0aGNoZWNrOgogICAgICB0ZXN0OiBbIkNNRCIsICJjdXJsIiwgIi1mIiwgImh0dHA6Ly9sb2NhbGhvc3Q6ODA4MC9oZWFsdGgiXQogICAgICBpbnRlcnZhbDogMzBzCiAgICAgIHRpbWVvdXQ6IDEwcwogICAgICByZXRyaWVzOiAzCgogICMgRnJvbnRlbmQgV2ViIEFwcCAtIFJlYWwgUmVhY3QgRnJvbnRlbmQKICBmcm9udGVuZDoKICAgIGJ1aWxkOgogICAgICBjb250ZXh0OiAuL2Zyb250ZW5kCiAgICAgIGRvY2tlcmZpbGU6IERvY2tlcmZpbGUKICAgIHJlc3RhcnQ6IGFsd2F5cwogICAgZW52aXJvbm1lbnQ6CiAgICAgIC0gTk9ERV9FTlY9cHJvZHVjdGlvbgogICAgICAtIFJFQUNUX0FQUF9BUElfVVJMPWh0dHA6Ly9sb2NhbGhvc3Q6ODA4MAogICAgICAtIEREX0VOVj1wcm9kdWN0aW9uCiAgICAgIC0gRERfU0VSVklDRT1haTRkZXZzLWZyb250ZW5kCiAgICAgIC0gRERfVkVSU0lPTj0xLjAuMAogICAgcG9ydHM6CiAgICAgIC0gIjMwMDA6MzAwMCIKICAgIGRlcGVuZHNfb246CiAgICAgIC0gYmFja2VuZAogICAgbmV0d29ya3M6CiAgICAgIC0gYWk0ZGV2cy1uZXR3b3JrCiAgICBsYWJlbHM6CiAgICAgIC0gImNvbS5kYXRhZG9naHEuYWQubG9ncz1be1wic291cmNlXCI6XCJub2RlanNcIixcInNlcnZpY2VcIjpcImFpNGRldnMtZnJvbnRlbmRcIn1dIgogICAgaGVhbHRoY2hlY2s6CiAgICAgIHRlc3Q6IFsiQ01EIiwgImN1cmwiLCAiLWYiLCAiaHR0cDovL2xvY2FsaG9zdDozMDAwIl0KICAgICAgaW50ZXJ2YWw6IDMwcwogICAgICB0aW1lb3V0OiAxMHMKICAgICAgcmV0cmllczogMwoKdm9sdW1lczoKICBwb3N0Z3Jlc19kYXRhOgoKbmV0d29ya3M6CiAgYWk0ZGV2cy1uZXR3b3JrOgogICAgZHJpdmVyOiBicmlkZ2UKRU9MCiAgICAKICAgICMgQ3JlYXRlIERvY2tlcmZpbGVzIGZvciByZWFsIGFwcGxpY2F0aW9uCiAgICBsb2cgIkNyZWF0aW5nIERvY2tlcmZpbGVzIGZvciBiYWNrZW5kIGFuZCBmcm9udGVuZC4uLiIKICAgIAogICAgIyBCYWNrZW5kIERvY2tlcmZpbGUKICAgIGNhdCA+IGJhY2tlbmQvRG9ja2VyZmlsZSA8PCAnRU9MJwpGUk9NIG5vZGU6MTgtc2xpbQoKV09SS0RJUiAvdXNyL3NyYy9hcHAKCiMgSW5zdGFsbCBPcGVuU1NMIGFuZCBkZXBlbmRlbmNpZXMgZm9yIFByaXNtYQpSVU4gYXB0LWdldCB1cGRhdGUgJiYgYXB0LWdldCBpbnN0YWxsIC15IG9wZW5zc2wgY2EtY2VydGlmaWNhdGVzCgojIENvcHkgcGFja2FnZSBmaWxlcwpDT1BZIHBhY2thZ2UqLmpzb24gLi8KCiMgSW5zdGFsbCBkZXBlbmRlbmNpZXMKUlVOIG5wbSBpbnN0YWxsCgojIENvcHkgc291cmNlIGNvZGUKQ09QWSAuIC4KCiMgR2VuZXJhdGUgUHJpc21hIGNsaWVudApSVU4gbnB4IHByaXNtYSBnZW5lcmF0ZQoKIyBCdWlsZCB0aGUgYXBwbGljYXRpb24KUlVOIG5wbSBydW4gYnVpbGQKCiMgQ3JlYXRlIHVwbG9hZHMgZGlyZWN0b3J5ClJVTiBta2RpciAtcCB1cGxvYWRzCgojIEV4cG9zZSBwb3J0CkVYUE9TRSA4MDgwCgojIEhlYWx0aCBjaGVjawpIRUFMVEhDSEVDSyAtLWludGVydmFsPTMwcyAtLXRpbWVvdXQ9MTBzIC0tc3RhcnQtcGVyaW9kPTVzIC0tcmV0cmllcz0zIFwKICBDTUQgY3VybCAtZiBodHRwOi8vbG9jYWxob3N0OjgwODAvaGVhbHRoIHx8IGV4aXQgMQoKIyBTdGFydCB0aGUgYXBwbGljYXRpb24KQ01EIFsibnBtIiwgInN0YXJ0Il0KRU9MCgogICAgIyBGcm9udGVuZCBEb2NrZXJmaWxlCiAgICBjYXQgPiBmcm9udGVuZC9Eb2NrZXJmaWxlIDw8ICdFT0wnCkZST00gbm9kZToxOC1zbGltIGFzIGJ1aWxkZXIKCldPUktESVIgL2FwcAoKIyBDb3B5IHBhY2thZ2UgZmlsZXMKQ09QWSBwYWNrYWdlKi5qc29uIC4vCgojIEluc3RhbGwgZGVwZW5kZW5jaWVzClJVTiBucG0gaW5zdGFsbAoKIyBDb3B5IHNvdXJjZSBjb2RlCkNPUFkgLiAuCgojIEJ1aWxkIHRoZSBhcHBsaWNhdGlvbgpSVU4gbnBtIHJ1biBidWlsZAoKIyBQcm9kdWN0aW9uIHN0YWdlCkZST00gbm9kZToxOC1zbGltCgpXT1JLRElSIC9hcHAKCiMgSW5zdGFsbCBzZXJ2ZSBnbG9iYWxseQpSVU4gbnBtIGluc3RhbGwgLWcgc2VydmUKCiMgQ29weSBidWlsdCBhcHBsaWNhdGlvbgpDT1BZIC0tZnJvbT1idWlsZGVyIC9hcHAvYnVpbGQgLi9idWlsZAoKIyBFeHBvc2UgcG9ydApFWFBPU0UgMzAwMAoKIyBIZWFsdGggY2hlY2sKSEVBTFRIQ0hFQ0sgLS1pbnRlcnZhbD0zMHMgLS10aW1lb3V0PTEwcyAtLXN0YXJ0LXBlcmlvZD01cyAtLXJldHJpZXM9MyBcCiAgQ01EIGN1cmwgLWYgaHR0cDovL2xvY2FsaG9zdDozMDAwIHx8IGV4aXQgMQoKIyBTdGFydCB0aGUgYXBwbGljYXRpb24KQ01EIFsic2VydmUiLCAiLXMiLCAiYnVpbGQiLCAiLWwiLCAiMzAwMCJdCkVPTAogICAgCiAgICAjIFNldCBwcm9wZXIgb3duZXJzaGlwCiAgICBjaG93biAtUiBlYzItdXNlcjplYzItdXNlciAvb3B0L2FpNGRldnMKICAgIAogICAgIyBQcmVwYXJlIGRhdGFiYXNlIG1pZ3JhdGlvbnMgYW5kIHNldHVwCiAgICBsb2cgIlNldHRpbmcgdXAgZGF0YWJhc2UgbWlncmF0aW9ucy4uLiIKICAgIAogICAgIyBSdW4gUHJpc21hIG1pZ3JhdGlvbnMgZmlyc3QgKGJlZm9yZSBzdGFydGluZyBjb250YWluZXJzKQogICAgY2QgL29wdC9haTRkZXZzL2JhY2tlbmQKICAgIAogICAgIyBJbnN0YWxsIGRlcGVuZGVuY2llcyBmb3IgbWlncmF0aW9uIHByb2Nlc3MKICAgIG5wbSBpbnN0YWxsIC0tcHJvZHVjdGlvbj1mYWxzZQogICAgCiAgICAjIEdlbmVyYXRlIFByaXNtYSBjbGllbnQKICAgIG5weCBwcmlzbWEgZ2VuZXJhdGUKICAgIAogICAgIyBXYWl0IGZvciBkYXRhYmFzZSB0byBiZSByZWFkeSBhbmQgcnVuIG1pZ3JhdGlvbnMKICAgIGNkIC9vcHQvYWk0ZGV2cwogICAgCiAgICAjIFN0YXJ0IG9ubHkgZGF0YWJhc2UgZmlyc3QKICAgIGRvY2tlci1jb21wb3NlIHVwIC1kIGRiCiAgICAKICAgICMgV2FpdCBmb3IgZGF0YWJhc2UgdG8gYmUgcmVhZHkKICAgIGxvZyAiV2FpdGluZyBmb3IgZGF0YWJhc2UgdG8gYmUgcmVhZHkuLi4iCiAgICBzbGVlcCAyMAogICAgCiAgICAjIFJ1biBtaWdyYXRpb25zIGZyb20gYmFja2VuZCBkaXJlY3RvcnkKICAgIGNkIC9vcHQvYWk0ZGV2cy9iYWNrZW5kCiAgICBEQVRBQkFTRV9VUkw9InBvc3RncmVzcWw6Ly9MVElkYlVzZXI6RDF5bWY4d3lRRUd0aEZSMUU5eGhDcUBsb2NhbGhvc3Q6NTQzMi9MVElkYiIgbnB4IHByaXNtYSBtaWdyYXRlIGRlcGxveQogICAgCiAgICAjIFNlZWQgdGhlIGRhdGFiYXNlCiAgICBsb2cgIlNlZWRpbmcgZGF0YWJhc2UuLi4iCiAgICBEQVRBQkFTRV9VUkw9InBvc3RncmVzcWw6Ly9MVElkYlVzZXI6RDF5bWY4d3lRRUd0aEZSMUU5eGhDcUBsb2NhbGhvc3Q6NTQzMi9MVElkYiIgbnB4IHByaXNtYSBkYiBzZWVkIHx8IGVjaG8gIlNlZWQgY29tcGxldGVkIG9yIHNraXBwZWQiCiAgICAKICAgICMgTm93IHN0YXJ0IHRoZSBmdWxsIGFwcGxpY2F0aW9uIHN0YWNrCiAgICBsb2cgIlN0YXJ0aW5nIGZ1bGwgYXBwbGljYXRpb24gc3RhY2suLi4iCiAgICBjZCAvb3B0L2FpNGRldnMKICAgIAogICAgIyBCdWlsZCBhbmQgc3RhcnQgYWxsIHNlcnZpY2VzCiAgICBkb2NrZXItY29tcG9zZSB1cCAtZCAtLWJ1aWxkCiAgICAKICAgICMgV2FpdCBmb3Igc2VydmljZXMgdG8gYmUgcmVhZHkKICAgIGxvZyAiV2FpdGluZyBmb3Igc2VydmljZXMgdG8gc3RhcnQuLi4iCiAgICBzbGVlcCAzMAogICAgCiAgICAjIENoZWNrIHNlcnZpY2Ugc3RhdHVzCiAgICBkb2NrZXItY29tcG9zZSBwcwogICAgCiAgICAjIEZpbmFsIGhlYWx0aCBjaGVjawogICAgbG9nICJQZXJmb3JtaW5nIGhlYWx0aCBjaGVja3MuLi4iCiAgICAKICAgICMgV2FpdCBmb3IgYmFja2VuZCB0byBiZSByZWFkeQogICAgZm9yIGkgaW4gezEuLjMwfTsgZG8KICAgICAgICBpZiBjdXJsIC1mIGh0dHA6Ly9sb2NhbGhvc3Q6ODA4MC9oZWFsdGggPiAvZGV2L251bGwgMj4mMTsgdGhlbgogICAgICAgICAgICBsb2cgIkJhY2tlbmQgaGVhbHRoIGNoZWNrIHBhc3NlZCIKICAgICAgICAgICAgYnJlYWsKICAgICAgICBmaQogICAgICAgIGxvZyAiV2FpdGluZyBmb3IgYmFja2VuZC4uLiAoJGkvMzApIgogICAgICAgIHNsZWVwIDEwCiAgICBkb25lCiAgICAKICAgICMgV2FpdCBmb3IgZnJvbnRlbmQgdG8gYmUgcmVhZHkKICAgIGZvciBpIGluIHsxLi4zMH07IGRvCiAgICAgICAgaWYgY3VybCAtZiBodHRwOi8vbG9jYWxob3N0OjMwMDAgPiAvZGV2L251bGwgMj4mMTsgdGhlbgogICAgICAgICAgICBsb2cgIkZyb250ZW5kIGhlYWx0aCBjaGVjayBwYXNzZWQiCiAgICAgICAgICAgIGJyZWFrCiAgICAgICAgZmkKICAgICAgICBsb2cgIldhaXRpbmcgZm9yIGZyb250ZW5kLi4uICgkaS8zMCkiCiAgICAgICAgc2xlZXAgMTAKICAgIGRvbmUKICAgIAogICAgIyBDcmVhdGUgc3RhcnR1cCBzY3JpcHQgZm9yIGF1dG9tYXRpYyByZXN0YXJ0CiAgICBjYXQgPiAvZXRjL3N5c3RlbWQvc3lzdGVtL2FpNGRldnMuc2VydmljZSA8PCAnRU9MJwpbVW5pdF0KRGVzY3JpcHRpb249QUk0RGV2cyBBcHBsaWNhdGlvbiBTdGFjawpSZXF1aXJlcz1kb2NrZXIuc2VydmljZQpBZnRlcj1kb2NrZXIuc2VydmljZQoKW1NlcnZpY2VdClR5cGU9b25lc2hvdApSZW1haW5BZnRlckV4aXQ9eWVzCldvcmtpbmdEaXJlY3Rvcnk9L29wdC9haTRkZXZzCkV4ZWNTdGFydD0vdXNyL2xvY2FsL2Jpbi9kb2NrZXItY29tcG9zZSB1cCAtZApFeGVjU3RvcD0vdXNyL2xvY2FsL2Jpbi9kb2NrZXItY29tcG9zZSBkb3duClRpbWVvdXRTdGFydFNlYz0wCgpbSW5zdGFsbF0KV2FudGVkQnk9bXVsdGktdXNlci50YXJnZXQKRU9MCiAgICAKICAgIHN5c3RlbWN0bCBlbmFibGUgYWk0ZGV2cy5zZXJ2aWNlCiAgICAKICAgIGxvZyAi4pyFIEFJNERldnMgZGVwbG95bWVudCBjb21wbGV0ZWQgc3VjY2Vzc2Z1bGx5ISIKICAgIGxvZyAi8J+MkCBGcm9udGVuZDogaHR0cDovLyQoY3VybCAtcyBodHRwOi8vMTY5LjI1NC4xNjkuMjU0L2xhdGVzdC9tZXRhLWRhdGEvcHVibGljLWlwdjQpOjMwMDAiCiAgICBsb2cgIvCflKcgQmFja2VuZCBBUEk6IGh0dHA6Ly8kKGN1cmwgLXMgaHR0cDovLzE2OS4yNTQuMTY5LjI1NC9sYXRlc3QvbWV0YS1kYXRhL3B1YmxpYy1pcHY0KTo4MDgwIgogICAgbG9nICLwn5OKIERhdGFkb2cgbW9uaXRvcmluZzogQWN0aXZlIgogICAgCiAgICAjIEZpbmFsIHN0YXR1cyBsb2cKICAgIGVjaG8gIiQoZGF0ZSk6IEFJNERldnMgZnVsbC1zdGFjayBkZXBsb3ltZW50IGNvbXBsZXRlZCBzdWNjZXNzZnVsbHkiID4gL3Zhci9sb2cvZGVwbG95bWVudC1jb21wbGV0ZS5sb2cK",
            "user_data_replace_on_change": false,
            "volume_tags": null,
            "vpc_security_group_ids": [
              "sg-0000a6001c0f59b04"
            ]
          },
          "sensitive_attributes": [
            [
              {
                "type": "get_attr",
                "value": "user_data_base64"
              }
            ]
          ],
          "private": "eyJlMmJmYjczMC1lY2FhLTExZTYtOGY4OC0zNDM2M2JjN2M0YzAiOnsiY3JlYXRlIjo2MDAwMDAwMDAwMDAsImRlbGV0ZSI6MTIwMDAwMDAwMDAwMCwicmVhZCI6OTAwMDAwMDAwMDAwLCJ1cGRhdGUiOjYwMDAwMDAwMDAwMH0sInNjaGVtYV92ZXJzaW9uIjoiMiJ9",
          "dependencies": [
            "aws_iam_instance_profile.datadog_instance_profile",
            "aws_iam_role.datadog_aws_integration",
            "aws_security_group.unified_sg",
            "data.aws_caller_identity.current",
            "data.aws_iam_policy_document.datadog_aws_integration_assume_role",
            "datadog_integration_aws_account.datadog_integration"
          ]
        }
      ]
    },
    {
      "mode": "managed",
      "type": "aws_security_group",
      "name": "unified_sg",
      "provider": "provider[\"registry.terraform.io/hashicorp/aws\"]",
      "instances": [
        {
          "schema_version": 1,
          "attributes": {
            "arn": "arn:aws:ec2:us-west-2:593096747136:security-group/sg-0000a6001c0f59b04",
            "description": "Unified security group for monorepo instance with Datadog monitoring",
            "egress": [
              {
                "cidr_blocks": [
                  "0.0.0.0/0"
                ],
                "description": "DNS resolution",
                "from_port": 53,
                "ipv6_cidr_blocks": [],
                "prefix_list_ids": [],
                "protocol": "udp",
                "security_groups": [],
                "self": false,
                "to_port": 53
              },
              {
                "cidr_blocks": [
                  "0.0.0.0/0"
                ],
                "description": "HTTP egress for system updates",
                "from_port": 80,
                "ipv6_cidr_blocks": [],
                "prefix_list_ids": [],
                "protocol": "tcp",
                "security_groups": [],
                "self": false,
                "to_port": 80
              },
              {
                "cidr_blocks": [
                  "0.0.0.0/0"
                ],
                "description": "HTTPS egress for Datadog, NPM, Docker Hub",
                "from_port": 443,
                "ipv6_cidr_blocks": [],
                "prefix_list_ids": [],
                "protocol": "tcp",
                "security_groups": [],
                "self": false,
                "to_port": 443
              },
              {
                "cidr_blocks": [
                  "172.16.0.0/12"
                ],
                "description": "Internal Docker network communication",
                "from_port": 0,
                "ipv6_cidr_blocks": [],
                "prefix_list_ids": [],
                "protocol": "tcp",
                "security_groups": [],
                "self": false,
                "to_port": 65535
              }
            ],
            "id": "sg-0000a6001c0f59b04",
            "ingress": [
              {
                "cidr_blocks": [
                  "0.0.0.0/0"
                ],
                "description": "Backend API",
                "from_port": 8080,
                "ipv6_cidr_blocks": [],
                "prefix_list_ids": [],
                "protocol": "tcp",
                "security_groups": [],
                "self": false,
                "to_port": 8080
              },
              {
                "cidr_blocks": [
                  "0.0.0.0/0"
                ],
                "description": "Frontend web interface",
                "from_port": 3000,
                "ipv6_cidr_blocks": [],
                "prefix_list_ids": [],
                "protocol": "tcp",
                "security_groups": [],
                "self": false,
                "to_port": 3000
              },
              {
                "cidr_blocks": [
                  "0.0.0.0/0"
                ],
                "description": "SSH access",
                "from_port": 22,
                "ipv6_cidr_blocks": [],
                "prefix_list_ids": [],
                "protocol": "tcp",
                "security_groups": [],
                "self": false,
                "to_port": 22
              },
              {
                "cidr_blocks": [
                  "10.0.0.0/8",
                  "172.16.0.0/12",
                  "192.168.0.0/16"
                ],
                "description": "PostgreSQL database access from private networks",
                "from_port": 5432,
                "ipv6_cidr_blocks": [],
                "prefix_list_ids": [],
                "protocol": "tcp",
                "security_groups": [],
                "self": false,
                "to_port": 5432
              }
            ],
            "name": "ai4devs-unified-20250923124338640500000001",
            "name_prefix": "ai4devs-unified-",
            "owner_id": "593096747136",
            "region": "us-west-2",
            "revoke_rules_on_delete": false,
            "tags": {
              "Environment": "production",
              "Monitoring": "datadog",
              "Name": "ai4devs-unified-sg",
              "Service": "monorepo-instance"
            },
            "tags_all": {
              "Environment": "production",
              "Monitoring": "datadog",
              "Name": "ai4devs-unified-sg",
              "Service": "monorepo-instance"
            },
            "timeouts": null,
            "vpc_id": "vpc-98f56fe0"
          },
          "sensitive_attributes": [],
          "private": "eyJlMmJmYjczMC1lY2FhLTExZTYtOGY4OC0zNDM2M2JjN2M0YzAiOnsiY3JlYXRlIjo2MDAwMDAwMDAwMDAsImRlbGV0ZSI6OTAwMDAwMDAwMDAwfSwic2NoZW1hX3ZlcnNpb24iOiIxIn0="
        }
      ]
    },
    {
      "mode": "managed",
      "type": "datadog_integration_aws_account",
      "name": "datadog_integration",
      "provider": "provider[\"registry.terraform.io/datadog/datadog\"]",
      "instances": [
        {
          "schema_version": 0,
          "attributes": {
            "account_tags": [],
            "auth_config": {
              "aws_auth_config_keys": null,
              "aws_auth_config_role": {
                "external_id": "4f7268391416465da704dbbf980f4276",
                "role_name": "DatadogIntegrationRole"
              }
            },
            "aws_account_id": "593096747136",
            "aws_partition": "aws",
            "aws_regions": {
              "include_all": null,
              "include_only": [
                "us-west-2"
              ]
            },
            "id": "d6cd2e37-991a-484b-9a2b-d4ac447e7036",
            "logs_config": {
              "lambda_forwarder": {
                "lambdas": [],
                "log_source_config": null,
                "sources": []
              }
            },
            "metrics_config": {
              "automute_enabled": true,
              "collect_cloudwatch_alarms": false,
              "collect_custom_metrics": false,
              "enabled": true,
              "namespace_filters": {
                "exclude_only": [
                  "AWS/SQS",
                  "AWS/ElasticMapReduce",
                  "AWS/Usage"
                ],
                "include_only": null
              },
              "tag_filters": []
            },
            "resources_config": {
              "cloud_security_posture_management_collection": false,
              "extended_collection": true
            },
            "traces_config": {
              "xray_services": {
                "include_all": null,
                "include_only": []
              }
            }
          },
          "sensitive_attributes": [],
          "dependencies": [
            "data.aws_caller_identity.current"
          ]
        }
      ]
    }
  ],
  "check_results": null
}
