{
  "version": 4,
  "terraform_version": "1.5.7",
  "serial": 639,
  "lineage": "1e86169c-593d-dc9b-085e-85f307be74e1",
  "outputs": {
    "connection_commands": {
      "value": {
        "backend_api": "http://34.218.75.233:8080",
        "frontend": "http://34.218.75.233:3000",
        "ssh": "ssh -i ~/.ssh/AI4Devs.pem ec2-user@34.218.75.233"
      },
      "type": [
        "object",
        {
          "backend_api": "string",
          "frontend": "string",
          "ssh": "string"
        }
      ]
    },
    "datadog_integration_external_id": {
      "value": "9b1898e9f490408683fa520b444f8c0f",
      "type": "string",
      "sensitive": true
    },
    "datadog_role_arn": {
      "value": "arn:aws:iam::593096747136:role/DatadogIntegrationRole",
      "type": "string"
    },
    "instance_id": {
      "value": "i-0af5c32bc0bbbe2ca",
      "type": "string"
    },
    "instance_public_dns": {
      "value": "ec2-34-218-75-233.us-west-2.compute.amazonaws.com",
      "type": "string"
    },
    "instance_public_ip": {
      "value": "34.218.75.233",
      "type": "string"
    },
    "security_group_id": {
      "value": "sg-08da7c720033dcd01",
      "type": "string"
    }
  },
  "resources": [
    {
      "mode": "data",
      "type": "aws_caller_identity",
      "name": "current",
      "provider": "provider[\"registry.terraform.io/hashicorp/aws\"]",
      "instances": [
        {
          "schema_version": 0,
          "attributes": {
            "account_id": "593096747136",
            "arn": "arn:aws:iam::593096747136:root",
            "id": "593096747136",
            "user_id": "593096747136"
          },
          "sensitive_attributes": []
        }
      ]
    },
    {
      "mode": "data",
      "type": "aws_iam_policy_document",
      "name": "datadog_aws_integration",
      "provider": "provider[\"registry.terraform.io/hashicorp/aws\"]",
      "instances": [
        {
          "schema_version": 0,
          "attributes": {
            "id": "1133542322",
            "json": "{\n  \"Version\": \"2012-10-17\",\n  \"Statement\": [\n    {\n      \"Effect\": \"Allow\",\n      \"Action\": [\n        \"tag:GetResources\",\n        \"logs:DescribeLogStreams\",\n        \"logs:DescribeLogGroups\",\n        \"ec2:Describe*\",\n        \"cloudwatch:List*\",\n        \"cloudwatch:Get*\"\n      ],\n      \"Resource\": \"*\"\n    }\n  ]\n}",
            "minified_json": "{\"Version\":\"2012-10-17\",\"Statement\":[{\"Effect\":\"Allow\",\"Action\":[\"tag:GetResources\",\"logs:DescribeLogStreams\",\"logs:DescribeLogGroups\",\"ec2:Describe*\",\"cloudwatch:List*\",\"cloudwatch:Get*\"],\"Resource\":\"*\"}]}",
            "override_json": null,
            "override_policy_documents": null,
            "policy_id": null,
            "source_json": null,
            "source_policy_documents": null,
            "statement": [
              {
                "actions": [
                  "cloudwatch:Get*",
                  "cloudwatch:List*",
                  "ec2:Describe*",
                  "logs:DescribeLogGroups",
                  "logs:DescribeLogStreams",
                  "tag:GetResources"
                ],
                "condition": [],
                "effect": "Allow",
                "not_actions": [],
                "not_principals": [],
                "not_resources": [],
                "principals": [],
                "resources": [
                  "*"
                ],
                "sid": ""
              }
            ],
            "version": "2012-10-17"
          },
          "sensitive_attributes": []
        }
      ]
    },
    {
      "mode": "data",
      "type": "aws_iam_policy_document",
      "name": "datadog_aws_integration_assume_role",
      "provider": "provider[\"registry.terraform.io/hashicorp/aws\"]",
      "instances": [
        {
          "schema_version": 0,
          "attributes": {
            "id": "347634276",
            "json": "{\n  \"Version\": \"2012-10-17\",\n  \"Statement\": [\n    {\n      \"Effect\": \"Allow\",\n      \"Action\": \"sts:AssumeRole\",\n      \"Principal\": {\n        \"AWS\": \"arn:aws:iam::464622532012:root\"\n      },\n      \"Condition\": {\n        \"StringEquals\": {\n          \"sts:ExternalId\": \"9b1898e9f490408683fa520b444f8c0f\"\n        }\n      }\n    }\n  ]\n}",
            "minified_json": "{\"Version\":\"2012-10-17\",\"Statement\":[{\"Effect\":\"Allow\",\"Action\":\"sts:AssumeRole\",\"Principal\":{\"AWS\":\"arn:aws:iam::464622532012:root\"},\"Condition\":{\"StringEquals\":{\"sts:ExternalId\":\"9b1898e9f490408683fa520b444f8c0f\"}}}]}",
            "override_json": null,
            "override_policy_documents": null,
            "policy_id": null,
            "source_json": null,
            "source_policy_documents": null,
            "statement": [
              {
                "actions": [
                  "sts:AssumeRole"
                ],
                "condition": [
                  {
                    "test": "StringEquals",
                    "values": [
                      "9b1898e9f490408683fa520b444f8c0f"
                    ],
                    "variable": "sts:ExternalId"
                  }
                ],
                "effect": "Allow",
                "not_actions": [],
                "not_principals": [],
                "not_resources": [],
                "principals": [
                  {
                    "identifiers": [
                      "arn:aws:iam::464622532012:root"
                    ],
                    "type": "AWS"
                  }
                ],
                "resources": [],
                "sid": ""
              }
            ],
            "version": "2012-10-17"
          },
          "sensitive_attributes": []
        }
      ]
    },
    {
      "mode": "managed",
      "type": "aws_iam_instance_profile",
      "name": "datadog_instance_profile",
      "provider": "provider[\"registry.terraform.io/hashicorp/aws\"]",
      "instances": [
        {
          "schema_version": 0,
          "attributes": {
            "arn": "arn:aws:iam::593096747136:instance-profile/ai4devs-datadog-instance-profile",
            "create_date": "2025-09-23T19:05:08Z",
            "id": "ai4devs-datadog-instance-profile",
            "name": "ai4devs-datadog-instance-profile",
            "name_prefix": "",
            "path": "/",
            "role": "DatadogIntegrationRole",
            "tags": null,
            "tags_all": {},
            "unique_id": "AIPAYUF2SFCAEUXU44APB"
          },
          "sensitive_attributes": [],
          "private": "bnVsbA==",
          "dependencies": [
            "aws_iam_role.datadog_aws_integration",
            "data.aws_caller_identity.current",
            "data.aws_iam_policy_document.datadog_aws_integration_assume_role",
            "datadog_integration_aws_account.datadog_integration"
          ]
        }
      ]
    },
    {
      "mode": "managed",
      "type": "aws_iam_policy",
      "name": "datadog_aws_integration",
      "provider": "provider[\"registry.terraform.io/hashicorp/aws\"]",
      "instances": [
        {
          "schema_version": 0,
          "attributes": {
            "arn": "arn:aws:iam::593096747136:policy/DatadogAWSIntegrationPolicy",
            "attachment_count": 0,
            "description": "",
            "id": "arn:aws:iam::593096747136:policy/DatadogAWSIntegrationPolicy",
            "name": "DatadogAWSIntegrationPolicy",
            "name_prefix": "",
            "path": "/",
            "policy": "{\"Statement\":[{\"Action\":[\"tag:GetResources\",\"logs:DescribeLogStreams\",\"logs:DescribeLogGroups\",\"ec2:Describe*\",\"cloudwatch:List*\",\"cloudwatch:Get*\"],\"Effect\":\"Allow\",\"Resource\":\"*\"}],\"Version\":\"2012-10-17\"}",
            "policy_id": "ANPAYUF2SFCAP3N5QLCTL",
            "tags": null,
            "tags_all": {}
          },
          "sensitive_attributes": [],
          "private": "bnVsbA==",
          "dependencies": [
            "data.aws_iam_policy_document.datadog_aws_integration"
          ]
        }
      ]
    },
    {
      "mode": "managed",
      "type": "aws_iam_role",
      "name": "datadog_aws_integration",
      "provider": "provider[\"registry.terraform.io/hashicorp/aws\"]",
      "instances": [
        {
          "schema_version": 0,
          "attributes": {
            "arn": "arn:aws:iam::593096747136:role/DatadogIntegrationRole",
            "assume_role_policy": "{\"Statement\":[{\"Action\":\"sts:AssumeRole\",\"Condition\":{\"StringEquals\":{\"sts:ExternalId\":\"9b1898e9f490408683fa520b444f8c0f\"}},\"Effect\":\"Allow\",\"Principal\":{\"AWS\":\"arn:aws:iam::464622532012:root\"}}],\"Version\":\"2012-10-17\"}",
            "create_date": "2025-09-23T19:05:07Z",
            "description": "Role for Datadog AWS Integration",
            "force_detach_policies": false,
            "id": "DatadogIntegrationRole",
            "inline_policy": [],
            "managed_policy_arns": [],
            "max_session_duration": 3600,
            "name": "DatadogIntegrationRole",
            "name_prefix": "",
            "path": "/",
            "permissions_boundary": "",
            "tags": {
              "Purpose": "DatadogIntegration",
              "Region": "us-west-2"
            },
            "tags_all": {
              "Purpose": "DatadogIntegration",
              "Region": "us-west-2"
            },
            "unique_id": "AROAYUF2SFCAAE6KT75LO"
          },
          "sensitive_attributes": [],
          "private": "bnVsbA==",
          "dependencies": [
            "data.aws_caller_identity.current",
            "data.aws_iam_policy_document.datadog_aws_integration_assume_role",
            "datadog_integration_aws_account.datadog_integration"
          ]
        }
      ]
    },
    {
      "mode": "managed",
      "type": "aws_iam_role_policy_attachment",
      "name": "datadog_aws_integration",
      "provider": "provider[\"registry.terraform.io/hashicorp/aws\"]",
      "instances": [
        {
          "schema_version": 0,
          "attributes": {
            "id": "DatadogIntegrationRole/arn:aws:iam::593096747136:policy/DatadogAWSIntegrationPolicy",
            "policy_arn": "arn:aws:iam::593096747136:policy/DatadogAWSIntegrationPolicy",
            "role": "DatadogIntegrationRole"
          },
          "sensitive_attributes": [],
          "private": "bnVsbA==",
          "dependencies": [
            "aws_iam_policy.datadog_aws_integration",
            "aws_iam_role.datadog_aws_integration",
            "data.aws_caller_identity.current",
            "data.aws_iam_policy_document.datadog_aws_integration",
            "data.aws_iam_policy_document.datadog_aws_integration_assume_role",
            "datadog_integration_aws_account.datadog_integration"
          ]
        }
      ]
    },
    {
      "mode": "managed",
      "type": "aws_iam_role_policy_attachment",
      "name": "datadog_aws_integration_security_audit",
      "provider": "provider[\"registry.terraform.io/hashicorp/aws\"]",
      "instances": [
        {
          "schema_version": 0,
          "attributes": {
            "id": "DatadogIntegrationRole/arn:aws:iam::aws:policy/SecurityAudit",
            "policy_arn": "arn:aws:iam::aws:policy/SecurityAudit",
            "role": "DatadogIntegrationRole"
          },
          "sensitive_attributes": [],
          "private": "bnVsbA==",
          "dependencies": [
            "aws_iam_role.datadog_aws_integration",
            "data.aws_caller_identity.current",
            "data.aws_iam_policy_document.datadog_aws_integration_assume_role",
            "datadog_integration_aws_account.datadog_integration"
          ]
        }
      ]
    },
    {
      "mode": "managed",
      "type": "aws_instance",
      "name": "monorepo_instance",
      "provider": "provider[\"registry.terraform.io/hashicorp/aws\"]",
      "instances": [
        {
          "schema_version": 2,
          "attributes": {
            "ami": "ami-024e4b8b6ef78434a",
            "arn": "arn:aws:ec2:us-west-2:593096747136:instance/i-0af5c32bc0bbbe2ca",
            "associate_public_ip_address": true,
            "availability_zone": "us-west-2b",
            "capacity_reservation_specification": [
              {
                "capacity_reservation_preference": "open",
                "capacity_reservation_target": []
              }
            ],
            "cpu_options": [
              {
                "amd_sev_snp": "",
                "core_count": 1,
                "threads_per_core": 2
              }
            ],
            "credit_specification": [
              {
                "cpu_credits": "unlimited"
              }
            ],
            "disable_api_stop": false,
            "disable_api_termination": false,
            "ebs_block_device": [],
            "ebs_optimized": false,
            "enable_primary_ipv6": null,
            "enclave_options": [
              {
                "enabled": false
              }
            ],
            "ephemeral_block_device": [],
            "force_destroy": false,
            "get_password_data": false,
            "hibernation": false,
            "host_id": "",
            "host_resource_group_arn": null,
            "iam_instance_profile": "ai4devs-datadog-instance-profile",
            "id": "i-0af5c32bc0bbbe2ca",
            "instance_initiated_shutdown_behavior": "stop",
            "instance_lifecycle": "",
            "instance_market_options": [],
            "instance_state": "running",
            "instance_type": "t3.small",
            "ipv6_address_count": 0,
            "ipv6_addresses": [],
            "key_name": "AI4Devs",
            "launch_template": [],
            "maintenance_options": [
              {
                "auto_recovery": "default"
              }
            ],
            "metadata_options": [
              {
                "http_endpoint": "enabled",
                "http_protocol_ipv6": "disabled",
                "http_put_response_hop_limit": 1,
                "http_tokens": "optional",
                "instance_metadata_tags": "disabled"
              }
            ],
            "monitoring": false,
            "network_interface": [],
            "outpost_arn": "",
            "password_data": "",
            "placement_group": "",
            "placement_group_id": "",
            "placement_partition_number": 0,
            "primary_network_interface": [
              {
                "delete_on_termination": true,
                "network_interface_id": "eni-0715a9de8d7a4c67a"
              }
            ],
            "primary_network_interface_id": "eni-0715a9de8d7a4c67a",
            "private_dns": "ip-172-31-32-75.us-west-2.compute.internal",
            "private_dns_name_options": [
              {
                "enable_resource_name_dns_a_record": false,
                "enable_resource_name_dns_aaaa_record": false,
                "hostname_type": "ip-name"
              }
            ],
            "private_ip": "172.31.32.75",
            "public_dns": "ec2-34-218-75-233.us-west-2.compute.amazonaws.com",
            "public_ip": "34.218.75.233",
            "region": "us-west-2",
            "root_block_device": [
              {
                "delete_on_termination": true,
                "device_name": "/dev/xvda",
                "encrypted": false,
                "iops": 100,
                "kms_key_id": "",
                "tags": {},
                "tags_all": {},
                "throughput": 0,
                "volume_id": "vol-02dfd87d36888356a",
                "volume_size": 8,
                "volume_type": "gp2"
              }
            ],
            "secondary_private_ips": [],
            "security_groups": [
              "ai4devs-unified-20250923190506955200000001"
            ],
            "source_dest_check": true,
            "spot_instance_request_id": "",
            "subnet_id": "subnet-3cc9d877",
            "tags": {
              "Environment": "production",
              "Monitoring": "datadog",
              "Name": "ai4devs-monorepo-instance",
              "Region": "us-west-2",
              "Service": "backend,frontend"
            },
            "tags_all": {
              "Environment": "production",
              "Monitoring": "datadog",
              "Name": "ai4devs-monorepo-instance",
              "Region": "us-west-2",
              "Service": "backend,frontend"
            },
            "tenancy": "default",
            "timeouts": null,
            "user_data": null,
            "user_data_base64": "ICAgICMhL2Jpbi9iYXNoCiAgICAjIEFJNERldnMgRnVsbCBTdGFjayBEZXBsb3ltZW50IHdpdGggRGF0YWRvZyBJbnRlZ3JhdGlvbgogICAgc2V0IC1lCiAgICAKICAgICMgTG9nZ2luZyBmdW5jdGlvbgogICAgbG9nKCkgewogICAgICAgIGVjaG8gIiQoZGF0ZSAnKyVZLSVtLSVkICVIOiVNOiVTJyk6ICQxIiB8IHRlZSAtYSAvdmFyL2xvZy9haTRkZXZzLWRlcGxveW1lbnQubG9nCiAgICB9CiAgICAKICAgIGxvZyAiU3RhcnRpbmcgQUk0RGV2cyBkZXBsb3ltZW50Li4uIgogICAgCiAgICAjIFN5c3RlbSB1cGRhdGVzIGFuZCBkZXBlbmRlbmNpZXMKICAgIGxvZyAiSW5zdGFsbGluZyBzeXN0ZW0gZGVwZW5kZW5jaWVzLi4uIgogICAgeXVtIHVwZGF0ZSAteQogICAgeXVtIGluc3RhbGwgLXkgZG9ja2VyIGdpdCBjdXJsIHdnZXQgdW56aXAKICAgIAogICAgIyBJbnN0YWxsIE5vZGUuanMgYW5kIG5wbSB1c2luZyBudm0gKExhdGVzdCBtZXRob2QgZm9yIEFtYXpvbiBMaW51eCkKICAgIGxvZyAiSW5zdGFsbGluZyBOb2RlLmpzIGFuZCBucG0gdmlhIG52bS4uLiIKICAgIGN1cmwgLW8tIGh0dHBzOi8vcmF3LmdpdGh1YnVzZXJjb250ZW50LmNvbS9udm0tc2gvbnZtL3YwLjQwLjEvaW5zdGFsbC5zaCB8IGJhc2gKICAgIAogICAgIyBSZWxvYWQgc2hlbGwgdG8gbWFrZSBudm0gYXZhaWxhYmxlCiAgICBleHBvcnQgTlZNX0RJUj0iJEhPTUUvLm52bSIKICAgIFsgLXMgIiROVk1fRElSL252bS5zaCIgXSAmJiBcLiAiJE5WTV9ESVIvbnZtLnNoIgogICAgWyAtcyAiJE5WTV9ESVIvYmFzaF9jb21wbGV0aW9uIiBdICYmIFwuICIkTlZNX0RJUi9iYXNoX2NvbXBsZXRpb24iCiAgICAKICAgICMgVmVyaWZ5IG52bSBpbnN0YWxsYXRpb24KICAgIGxvZyAiVmVyaWZ5aW5nIG52bSBpbnN0YWxsYXRpb24uLi4iCiAgICBudm0gLS12ZXJzaW9uCiAgICAKICAgICMgSW5zdGFsbCBOb2RlLmpzIDE4IHVzaW5nIEFXUyBwcmUtY29tcGlsZWQgYmluYXJpZXMgKEFtYXpvbiBMaW51eCAyIGNvbXBhdGlibGUpCiAgICBsb2cgIkluc3RhbGxpbmcgTm9kZS5qcyAxOCB1c2luZyBBV1MgcHJlLWNvbXBpbGVkIGJpbmFyaWVzLi4uIgogICAgd2dldCAtbnYgaHR0cHM6Ly9kM3JuYmVyN3J5OTBldC5jbG91ZGZyb250Lm5ldC9saW51eC14ODZfNjQvbm9kZS12MTguMTcuMS50YXIuZ3oKICAgIG1rZGlyIC1wIC91c3IvbG9jYWwvbGliL25vZGUKICAgIHRhciAteGYgbm9kZS12MTguMTcuMS50YXIuZ3oKICAgIG12IG5vZGUtdjE4LjE3LjEgL3Vzci9sb2NhbC9saWIvbm9kZS9ub2RlanMKICAgIAogICAgIyBDcmVhdGUgc3ltbGlua3MgZm9yIGdsb2JhbCBhY2Nlc3MKICAgIGxuIC1zIC91c3IvbG9jYWwvbGliL25vZGUvbm9kZWpzL2Jpbi9ub2RlIC91c3IvbG9jYWwvYmluL25vZGUKICAgIGxuIC1zIC91c3IvbG9jYWwvbGliL25vZGUvbm9kZWpzL2Jpbi9ucG0gL3Vzci9sb2NhbC9iaW4vbnBtCiAgICBsbiAtcyAvdXNyL2xvY2FsL2xpYi9ub2RlL25vZGVqcy9iaW4vbnB4IC91c3IvbG9jYWwvYmluL25weAogICAgCiAgICAjIEFkZCB0byBQQVRICiAgICBlY2hvICdleHBvcnQgUEFUSD0vdXNyL2xvY2FsL2xpYi9ub2RlL25vZGVqcy9iaW46JFBBVEgnID4+IC9ob21lL2VjMi11c2VyLy5iYXNocmMKICAgIGV4cG9ydCBQQVRIPS91c3IvbG9jYWwvbGliL25vZGUvbm9kZWpzL2JpbjokUEFUSAogICAgCiAgICAjIFZlcmlmeSBOb2RlLmpzIGluc3RhbGxhdGlvbgogICAgbG9nICJWZXJpZnlpbmcgTm9kZS5qcyBpbnN0YWxsYXRpb24uLi4iCiAgICBub2RlIC0tdmVyc2lvbgogICAgbnBtIC0tdmVyc2lvbgogICAgCiAgICAjIENoZWNrIGlmIGRvY2tlciBjb21wb3NlIGlzIGF2YWlsYWJsZSwgaW5zdGFsbCBpZiBub3QKICAgIGxvZyAiQ2hlY2tpbmcgRG9ja2VyIENvbXBvc2UgYXZhaWxhYmlsaXR5Li4uIgogICAgaWYgZG9ja2VyIGNvbXBvc2UgdmVyc2lvbiA+IC9kZXYvbnVsbCAyPiYxOyB0aGVuCiAgICAgICAgbG9nICJEb2NrZXIgQ29tcG9zZSBhdmFpbGFibGUgYXMgJ2RvY2tlciBjb21wb3NlJyIKICAgICAgICBDT01QT1NFX0NNRD0iZG9ja2VyIGNvbXBvc2UiCiAgICBlbHNlCiAgICAgICAgbG9nICJJbnN0YWxsaW5nIERvY2tlciBDb21wb3NlIGJpbmFyeS4uLiIKICAgICAgICBjdXJsIC1MICJodHRwczovL2dpdGh1Yi5jb20vZG9ja2VyL2NvbXBvc2UvcmVsZWFzZXMvbGF0ZXN0L2Rvd25sb2FkL2RvY2tlci1jb21wb3NlLSQodW5hbWUgLXMpLSQodW5hbWUgLW0pIiAtbyAvdXNyL2xvY2FsL2Jpbi9kb2NrZXItY29tcG9zZQogICAgICAgIGNobW9kICt4IC91c3IvbG9jYWwvYmluL2RvY2tlci1jb21wb3NlCiAgICAgICAgQ09NUE9TRV9DTUQ9ImRvY2tlci1jb21wb3NlIgogICAgZmkKICAgIAogICAgIyBEb2NrZXIgc2V0dXAKICAgIGxvZyAiQ29uZmlndXJpbmcgRG9ja2VyLi4uIgogICAgc2VydmljZSBkb2NrZXIgc3RhcnQKICAgIHVzZXJtb2QgLWEgLUcgZG9ja2VyIGVjMi11c2VyCiAgICBzeXN0ZW1jdGwgZW5hYmxlIGRvY2tlcgogICAgCiAgICAjIFdhaXQgZm9yIERvY2tlciB0byBiZSByZWFkeQogICAgc2xlZXAgMTAKICAgIAogICAgIyBEYXRhZG9nIEFnZW50IGluc3RhbGxhdGlvbgogICAgbG9nICJJbnN0YWxsaW5nIERhdGFkb2cgQWdlbnQuLi4iCiAgICBERF9BUElfS0VZPSJiYmIzNTMyNjcyOTQ2MDlhOWYwZWQyNWRlOWQ3ODRhZiIgXAogICAgRERfU0lURT0idXMzLmRhdGFkb2docS5jb20iIFwKICAgIEREX0FQTV9FTkFCTEVEPXRydWUgXAogICAgRERfTE9HU19FTkFCTEVEPXRydWUgXAogICAgYmFzaCAtYyAiJChjdXJsIC1MIGh0dHBzOi8vaW5zdGFsbC5kYXRhZG9naHEuY29tL3NjcmlwdHMvaW5zdGFsbF9zY3JpcHQuc2gpIgogICAgCiAgICAjIENvbmZpZ3VyZSBEYXRhZG9nIHRhZ3MgYW5kIGludGVncmF0aW9ucwogICAgbG9nICJDb25maWd1cmluZyBEYXRhZG9nIEFnZW50Li4uIgogICAgY2F0ID4+IC9ldGMvZGF0YWRvZy1hZ2VudC9kYXRhZG9nLnlhbWwgPDwgJ0VPTCcKdGFnczogZW52OnByb2R1Y3Rpb24sIHNlcnZpY2U6YWk0ZGV2cy1tb25vcmVwbywgcmVnaW9uOnVzLXdlc3QtMiwgY29tcG9uZW50OmZ1bGwtc3RhY2sKbG9nc19lbmFibGVkOiB0cnVlCmFwbV9jb25maWc6CiAgZW5hYmxlZDogdHJ1ZQogIGVudjogcHJvZHVjdGlvbgpwcm9jZXNzX2NvbmZpZzoKICBlbmFibGVkOiAidHJ1ZSIKRU9MCiAgICAKICAgICMgRW5hYmxlIERvY2tlciBpbnRlZ3JhdGlvbiBmb3IgRGF0YWRvZwogICAgbWtkaXIgLXAgL2V0Yy9kYXRhZG9nLWFnZW50L2NvbmYuZC9kb2NrZXIuZC8KICAgIGNhdCA+IC9ldGMvZGF0YWRvZy1hZ2VudC9jb25mLmQvZG9ja2VyLmQvY29uZi55YW1sIDw8ICdFT0wnCmluaXRfY29uZmlnOgoKaW5zdGFuY2VzOgogIC0gdXJsOiAidW5peDovL3Zhci9ydW4vZG9ja2VyLnNvY2siCiAgICBuZXdfdGFnX25hbWVzOiB0cnVlCkVPTAogICAgCiAgICBzeXN0ZW1jdGwgcmVzdGFydCBkYXRhZG9nLWFnZW50CiAgICAKICAgICMgQXBwbGljYXRpb24gc2V0dXAgLSBDbG9uZSByZWFsIHJlcG9zaXRvcnkKICAgIGxvZyAiQ2xvbmluZyByZWFsIEFJNERldnMgcmVwb3NpdG9yeS4uLiIKICAgIGNkIC9vcHQKICAgIAogICAgIyBJbnN0YWxsIGdpdCBpZiBub3QgcHJlc2VudAogICAgeXVtIGluc3RhbGwgLXkgZ2l0CiAgICAKICAgICMgQ2xvbmUgdGhlIGFjdHVhbCByZXBvc2l0b3J5CiAgICBnaXQgY2xvbmUgaHR0cHM6Ly9naXRodWIuY29tL0NvZGV4SnAvQUk0RGV2cy1tb25pdG9yaW5nLUphaXJvUG9sby5naXQgYWk0ZGV2cwogICAgY2QgL29wdC9haTRkZXZzCiAgICAKICAgICMgVmVyaWZ5IHJlcG9zaXRvcnkgc3RydWN0dXJlCiAgICBsb2cgIlJlcG9zaXRvcnkgY2xvbmVkIHN1Y2Nlc3NmdWxseS4gQ29udGVudHM6IgogICAgbHMgLWxhCiAgICAKICAgICMgQ3JlYXRlIGVudmlyb25tZW50IGZpbGUgd2l0aCBjb3JyZWN0IGRhdGFiYXNlIGhvc3QKICAgIGNhdCA+IC5lbnYgPDwgJ0VPTCcKREJfUEFTU1dPUkQ9RDF5bWY4d3lRRUd0aEZSMUU5eGhDcQpEQl9VU0VSPUxUSWRiVXNlcgpEQl9OQU1FPUxUSWRiCkRCX1BPUlQ9NTQzMgpEQVRBQkFTRV9VUkw9cG9zdGdyZXNxbDovL0xUSWRiVXNlcjpEMXltZjh3eVFFR3RoRlIxRTl4aENxQGRiOjU0MzIvTFRJZGIKTk9ERV9FTlY9cHJvZHVjdGlvbgpEQVRBRE9HX0FQSV9LRVk9YmJiMzUzMjY3Mjk0NjA5YTlmMGVkMjVkZTlkNzg0YWYKRU9MCiAgICAKICAgICMgQWxzbyBjcmVhdGUgYmFja2VuZC1zcGVjaWZpYyAuZW52IGZpbGUgdG8gZW5zdXJlIHByb3BlciBjb25maWd1cmF0aW9uCiAgICBjYXQgPiBiYWNrZW5kLy5lbnYgPDwgJ0VPTCcKREFUQUJBU0VfVVJMPXBvc3RncmVzcWw6Ly9MVElkYlVzZXI6RDF5bWY4d3lRRUd0aEZSMUU5eGhDcUBkYjo1NDMyL0xUSWRiCk5PREVfRU5WPXByb2R1Y3Rpb24KUE9SVD04MDgwCkREX0VOVj1wcm9kdWN0aW9uCkREX1NFUlZJQ0U9YWk0ZGV2cy1iYWNrZW5kCkREX1ZFUlNJT049MS4wLjAKREFUQURPR19BUElfS0VZPWJiYjM1MzI2NzI5NDYwOWE5ZjBlZDI1ZGU5ZDc4NGFmCkVPTAogICAgCiAgICAjIFVzZSB0aGUgZXhpc3RpbmcgZG9ja2VyLWNvbXBvc2UueW1sIGZyb20gcmVwb3NpdG9yeQogICAgbG9nICJDb25maWd1cmluZyBkb2NrZXItY29tcG9zZSBmb3IgcHJvZHVjdGlvbi4uLiIKICAgIAogICAgIyBCYWNrdXAgb3JpZ2luYWwgZG9ja2VyLWNvbXBvc2UgaWYgZXhpc3RzCiAgICBpZiBbIC1mIGRvY2tlci1jb21wb3NlLnltbCBdOyB0aGVuCiAgICAgICAgY3AgZG9ja2VyLWNvbXBvc2UueW1sIGRvY2tlci1jb21wb3NlLnltbC5iYWNrdXAKICAgIGZpCiAgICAKICAgICMgQ3JlYXRlIHByb2R1Y3Rpb24gZG9ja2VyLWNvbXBvc2UueW1sCiAgICBjYXQgPiBkb2NrZXItY29tcG9zZS55bWwgPDwgJ0VPTCcKdmVyc2lvbjogIjMuOCIKCnNlcnZpY2VzOgogICMgUG9zdGdyZVNRTCBEYXRhYmFzZQogIGRiOgogICAgaW1hZ2U6IHBvc3RncmVzOjE1CiAgICByZXN0YXJ0OiBhbHdheXMKICAgIGVudmlyb25tZW50OgogICAgICBQT1NUR1JFU19QQVNTV09SRDogRDF5bWY4d3lRRUd0aEZSMUU5eGhDcQogICAgICBQT1NUR1JFU19VU0VSOiBMVElkYlVzZXIKICAgICAgUE9TVEdSRVNfREI6IExUSWRiCiAgICBwb3J0czoKICAgICAgLSAiNTQzMjo1NDMyIgogICAgdm9sdW1lczoKICAgICAgLSBwb3N0Z3Jlc19kYXRhOi92YXIvbGliL3Bvc3RncmVzcWwvZGF0YQogICAgbmV0d29ya3M6CiAgICAgIC0gYWk0ZGV2cy1uZXR3b3JrCiAgICBoZWFsdGhjaGVjazoKICAgICAgdGVzdDogWyJDTUQtU0hFTEwiLCAicGdfaXNyZWFkeSAtVSBMVElkYlVzZXIgLWQgTFRJZGIiXQogICAgICBpbnRlcnZhbDogMTBzCiAgICAgIHRpbWVvdXQ6IDVzCiAgICAgIHJldHJpZXM6IDUKICAgIGxhYmVsczoKICAgICAgLSAiY29tLmRhdGFkb2docS5hZC5sb2dzPVt7XCJzb3VyY2VcIjpcInBvc3RncmVzcWxcIixcInNlcnZpY2VcIjpcImFpNGRldnMtZGJcIn1dIgoKICAjIEJhY2tlbmQgQVBJIC0gUmVhbCBUeXBlU2NyaXB0IEJhY2tlbmQKICBiYWNrZW5kOgogICAgYnVpbGQ6CiAgICAgIGNvbnRleHQ6IC4vYmFja2VuZAogICAgICBkb2NrZXJmaWxlOiBEb2NrZXJmaWxlCiAgICByZXN0YXJ0OiBhbHdheXMKICAgIGVudmlyb25tZW50OgogICAgICAtIERBVEFCQVNFX1VSTD1wb3N0Z3Jlc3FsOi8vTFRJZGJVc2VyOkQxeW1mOHd5UUVHdGhGUjFFOXhoQ3FAZGI6NTQzMi9MVElkYgogICAgICAtIE5PREVfRU5WPXByb2R1Y3Rpb24KICAgICAgLSBQT1JUPTgwODAKICAgICAgLSBERF9FTlY9cHJvZHVjdGlvbgogICAgICAtIEREX1NFUlZJQ0U9YWk0ZGV2cy1iYWNrZW5kCiAgICAgIC0gRERfVkVSU0lPTj0xLjAuMAogICAgcG9ydHM6CiAgICAgIC0gIjgwODA6ODA4MCIKICAgIGRlcGVuZHNfb246CiAgICAgIGRiOgogICAgICAgIGNvbmRpdGlvbjogc2VydmljZV9oZWFsdGh5CiAgICBuZXR3b3JrczoKICAgICAgLSBhaTRkZXZzLW5ldHdvcmsKICAgIHZvbHVtZXM6CiAgICAgIC0gLi9iYWNrZW5kL3VwbG9hZHM6L3Vzci9zcmMvYXBwL3VwbG9hZHMKICAgIGxhYmVsczoKICAgICAgLSAiY29tLmRhdGFkb2docS5hZC5sb2dzPVt7XCJzb3VyY2VcIjpcIm5vZGVqc1wiLFwic2VydmljZVwiOlwiYWk0ZGV2cy1iYWNrZW5kXCJ9XSIKICAgIGhlYWx0aGNoZWNrOgogICAgICB0ZXN0OiBbIkNNRCIsICJjdXJsIiwgIi1mIiwgImh0dHA6Ly9sb2NhbGhvc3Q6ODA4MC9oZWFsdGgiXQogICAgICBpbnRlcnZhbDogMzBzCiAgICAgIHRpbWVvdXQ6IDEwcwogICAgICByZXRyaWVzOiAzCgogICMgRnJvbnRlbmQgV2ViIEFwcCAtIFJlYWwgUmVhY3QgRnJvbnRlbmQKICBmcm9udGVuZDoKICAgIGJ1aWxkOgogICAgICBjb250ZXh0OiAuL2Zyb250ZW5kCiAgICAgIGRvY2tlcmZpbGU6IERvY2tlcmZpbGUKICAgIHJlc3RhcnQ6IGFsd2F5cwogICAgZW52aXJvbm1lbnQ6CiAgICAgIC0gTk9ERV9FTlY9cHJvZHVjdGlvbgogICAgICAtIFJFQUNUX0FQUF9BUElfVVJMPWh0dHA6Ly8kKGN1cmwgLXMgaHR0cDovLzE2OS4yNTQuMTY5LjI1NC9sYXRlc3QvbWV0YS1kYXRhL3B1YmxpYy1pcHY0KTo4MDgwCiAgICAgIC0gRERfRU5WPXByb2R1Y3Rpb24KICAgICAgLSBERF9TRVJWSUNFPWFpNGRldnMtZnJvbnRlbmQKICAgICAgLSBERF9WRVJTSU9OPTEuMC4wCiAgICBwb3J0czoKICAgICAgLSAiMzAwMDozMDAwIgogICAgZGVwZW5kc19vbjoKICAgICAgLSBiYWNrZW5kCiAgICBuZXR3b3JrczoKICAgICAgLSBhaTRkZXZzLW5ldHdvcmsKICAgIGxhYmVsczoKICAgICAgLSAiY29tLmRhdGFkb2docS5hZC5sb2dzPVt7XCJzb3VyY2VcIjpcIm5vZGVqc1wiLFwic2VydmljZVwiOlwiYWk0ZGV2cy1mcm9udGVuZFwifV0iCiAgICBoZWFsdGhjaGVjazoKICAgICAgdGVzdDogWyJDTUQiLCAiY3VybCIsICItZiIsICJodHRwOi8vbG9jYWxob3N0OjMwMDAiXQogICAgICBpbnRlcnZhbDogMzBzCiAgICAgIHRpbWVvdXQ6IDEwcwogICAgICByZXRyaWVzOiAzCgp2b2x1bWVzOgogIHBvc3RncmVzX2RhdGE6CgpuZXR3b3JrczoKICBhaTRkZXZzLW5ldHdvcms6CiAgICBkcml2ZXI6IGJyaWRnZQpFT0wKICAgIAogICAgIyBDcmVhdGUgRG9ja2VyZmlsZXMgZm9yIHJlYWwgYXBwbGljYXRpb24KICAgIGxvZyAiQ3JlYXRpbmcgRG9ja2VyZmlsZXMgZm9yIGJhY2tlbmQgYW5kIGZyb250ZW5kLi4uIgogICAgCiAgICAjIEJhY2tlbmQgRG9ja2VyZmlsZQogICAgY2F0ID4gYmFja2VuZC9Eb2NrZXJmaWxlIDw8ICdFT0wnCkZST00gbm9kZToxOC1zbGltCgpXT1JLRElSIC91c3Ivc3JjL2FwcAoKIyBJbnN0YWxsIE9wZW5TU0wsIGN1cmwgYW5kIGRlcGVuZGVuY2llcyBmb3IgUHJpc21hClJVTiBhcHQtZ2V0IHVwZGF0ZSAmJiBhcHQtZ2V0IGluc3RhbGwgLXkgb3BlbnNzbCBjYS1jZXJ0aWZpY2F0ZXMgY3VybAoKIyBDb3B5IHBhY2thZ2UgZmlsZXMgZmlyc3QgZm9yIGJldHRlciBsYXllciBjYWNoaW5nCkNPUFkgcGFja2FnZSouanNvbiAuLwoKIyBJbnN0YWxsIGRlcGVuZGVuY2llcwpSVU4gbnBtIGluc3RhbGwKCiMgQ29weSBQcmlzbWEgc2NoZW1hIGZpcnN0IHRvIGdlbmVyYXRlIGNsaWVudApDT1BZIHByaXNtYSAuL3ByaXNtYS8KCiMgR2VuZXJhdGUgUHJpc21hIGNsaWVudApSVU4gbnB4IHByaXNtYSBnZW5lcmF0ZQoKIyBDb3B5IHJlc3Qgb2Ygc291cmNlIGNvZGUKQ09QWSAuIC4KCiMgQnVpbGQgdGhlIGFwcGxpY2F0aW9uClJVTiBucG0gcnVuIGJ1aWxkCgojIENyZWF0ZSB1cGxvYWRzIGRpcmVjdG9yeQpSVU4gbWtkaXIgLXAgdXBsb2FkcwoKIyBFeHBvc2UgcG9ydApFWFBPU0UgODA4MAoKIyBIZWFsdGggY2hlY2sKSEVBTFRIQ0hFQ0sgLS1pbnRlcnZhbD0zMHMgLS10aW1lb3V0PTEwcyAtLXN0YXJ0LXBlcmlvZD01cyAtLXJldHJpZXM9MyBcCiAgQ01EIGN1cmwgLWYgaHR0cDovL2xvY2FsaG9zdDo4MDgwL2hlYWx0aCB8fCBleGl0IDEKCiMgU3RhcnQgdGhlIGFwcGxpY2F0aW9uCkNNRCBbIm5wbSIsICJzdGFydCJdCkVPTAoKICAgICMgRnJvbnRlbmQgRG9ja2VyZmlsZQogICAgY2F0ID4gZnJvbnRlbmQvRG9ja2VyZmlsZSA8PCAnRU9MJwpGUk9NIG5vZGU6MTgtc2xpbSBhcyBidWlsZGVyCgpXT1JLRElSIC9hcHAKCiMgQ29weSBwYWNrYWdlIGZpbGVzCkNPUFkgcGFja2FnZSouanNvbiAuLwoKIyBJbnN0YWxsIGRlcGVuZGVuY2llcwpSVU4gbnBtIGluc3RhbGwKCiMgQ29weSBzb3VyY2UgY29kZQpDT1BZIC4gLgoKIyBCdWlsZCB0aGUgYXBwbGljYXRpb24KUlVOIG5wbSBydW4gYnVpbGQKCiMgUHJvZHVjdGlvbiBzdGFnZQpGUk9NIG5vZGU6MTgtc2xpbQoKV09SS0RJUiAvYXBwCgojIEluc3RhbGwgY3VybCBmb3IgaGVhbHRoIGNoZWNrcyBhbmQgc2VydmUgZ2xvYmFsbHkKUlVOIGFwdC1nZXQgdXBkYXRlICYmIGFwdC1nZXQgaW5zdGFsbCAteSBjdXJsICYmIHJtIC1yZiAvdmFyL2xpYi9hcHQvbGlzdHMvKiAmJiBucG0gaW5zdGFsbCAtZyBzZXJ2ZQoKIyBDb3B5IGJ1aWx0IGFwcGxpY2F0aW9uCkNPUFkgLS1mcm9tPWJ1aWxkZXIgL2FwcC9idWlsZCAuL2J1aWxkCgojIEV4cG9zZSBwb3J0CkVYUE9TRSAzMDAwCgojIEhlYWx0aCBjaGVjawpIRUFMVEhDSEVDSyAtLWludGVydmFsPTMwcyAtLXRpbWVvdXQ9MTBzIC0tc3RhcnQtcGVyaW9kPTVzIC0tcmV0cmllcz0zIFwKICBDTUQgY3VybCAtZiBodHRwOi8vbG9jYWxob3N0OjMwMDAgfHwgZXhpdCAxCgojIFN0YXJ0IHRoZSBhcHBsaWNhdGlvbgpDTUQgWyJzZXJ2ZSIsICItcyIsICJidWlsZCIsICItbCIsICIzMDAwIl0KRU9MCiAgICAKICAgICMgU2V0IHByb3BlciBvd25lcnNoaXAKICAgIGNob3duIC1SIGVjMi11c2VyOmVjMi11c2VyIC9vcHQvYWk0ZGV2cwogICAgCiAgICAjIFByZXBhcmUgZGF0YWJhc2UgbWlncmF0aW9ucyBhbmQgc2V0dXAKICAgIGxvZyAiU2V0dGluZyB1cCBkYXRhYmFzZSBtaWdyYXRpb25zLi4uIgogICAgCiAgICAjIFJ1biBQcmlzbWEgbWlncmF0aW9ucyBmaXJzdCAoYmVmb3JlIHN0YXJ0aW5nIGNvbnRhaW5lcnMpCiAgICBjZCAvb3B0L2FpNGRldnMvYmFja2VuZAogICAgCiAgICAjIFVzZSBOb2RlLmpzIGZvciBtaWdyYXRpb25zIChhbHJlYWR5IGluc3RhbGxlZCBnbG9iYWxseSkKICAgIGV4cG9ydCBQQVRIPS91c3IvbG9jYWwvbGliL25vZGUvbm9kZWpzL2JpbjokUEFUSAogICAgCiAgICAjIEluc3RhbGwgZGVwZW5kZW5jaWVzIGZvciBtaWdyYXRpb24gcHJvY2VzcwogICAgbnBtIGluc3RhbGwgLS1wcm9kdWN0aW9uPWZhbHNlCiAgICAKICAgICMgR2VuZXJhdGUgUHJpc21hIGNsaWVudAogICAgbnB4IHByaXNtYSBnZW5lcmF0ZQogICAgCiAgICAjIFdhaXQgZm9yIGRhdGFiYXNlIHRvIGJlIHJlYWR5IGFuZCBydW4gbWlncmF0aW9ucwogICAgY2QgL29wdC9haTRkZXZzCiAgICAKICAgICMgU3RhcnQgb25seSBkYXRhYmFzZSBmaXJzdAogICAgJENPTVBPU0VfQ01EIHVwIC1kIGRiCiAgICAKICAgICMgV2FpdCBmb3IgZGF0YWJhc2UgdG8gYmUgcmVhZHkKICAgIGxvZyAiV2FpdGluZyBmb3IgZGF0YWJhc2UgdG8gYmUgcmVhZHkuLi4iCiAgICBzbGVlcCAyMAogICAgCiAgICAjIFJ1biBtaWdyYXRpb25zIGZyb20gYmFja2VuZCBkaXJlY3RvcnkKICAgIGNkIC9vcHQvYWk0ZGV2cy9iYWNrZW5kCiAgICBEQVRBQkFTRV9VUkw9InBvc3RncmVzcWw6Ly9MVElkYlVzZXI6RDF5bWY4d3lRRUd0aEZSMUU5eGhDcUBsb2NhbGhvc3Q6NTQzMi9MVElkYiIgbnB4IHByaXNtYSBtaWdyYXRlIGRlcGxveQogICAgCiAgICAjIFNlZWQgdGhlIGRhdGFiYXNlCiAgICBsb2cgIlNlZWRpbmcgZGF0YWJhc2UuLi4iCiAgICBEQVRBQkFTRV9VUkw9InBvc3RncmVzcWw6Ly9MVElkYlVzZXI6RDF5bWY4d3lRRUd0aEZSMUU5eGhDcUBsb2NhbGhvc3Q6NTQzMi9MVElkYiIgbnB4IHByaXNtYSBkYiBzZWVkIHx8IGVjaG8gIlNlZWQgY29tcGxldGVkIG9yIHNraXBwZWQiCiAgICAKICAgICMgTm93IHN0YXJ0IHRoZSBmdWxsIGFwcGxpY2F0aW9uIHN0YWNrCiAgICBsb2cgIlN0YXJ0aW5nIGZ1bGwgYXBwbGljYXRpb24gc3RhY2suLi4iCiAgICBjZCAvb3B0L2FpNGRldnMKICAgIAogICAgIyBCdWlsZCBhbmQgc3RhcnQgYWxsIHNlcnZpY2VzCiAgICAkQ09NUE9TRV9DTUQgdXAgLWQgLS1idWlsZAogICAgCiAgICAjIFdhaXQgZm9yIHNlcnZpY2VzIHRvIGJlIHJlYWR5CiAgICBsb2cgIldhaXRpbmcgZm9yIHNlcnZpY2VzIHRvIHN0YXJ0Li4uIgogICAgc2xlZXAgMzAKICAgIAogICAgIyBDaGVjayBzZXJ2aWNlIHN0YXR1cwogICAgJENPTVBPU0VfQ01EIHBzCiAgICAKICAgICMgRmluYWwgaGVhbHRoIGNoZWNrCiAgICBsb2cgIlBlcmZvcm1pbmcgaGVhbHRoIGNoZWNrcy4uLiIKICAgIAogICAgIyBXYWl0IGZvciBiYWNrZW5kIHRvIGJlIHJlYWR5ICh1c2luZyByb290IGVuZHBvaW50IGluc3RlYWQgb2YgL2hlYWx0aCkKICAgIGZvciBpIGluIHsxLi4zMH07IGRvCiAgICAgICAgaWYgY3VybCAtZiBodHRwOi8vbG9jYWxob3N0OjgwODAvID4gL2Rldi9udWxsIDI+JjE7IHRoZW4KICAgICAgICAgICAgbG9nICJCYWNrZW5kIGhlYWx0aCBjaGVjayBwYXNzZWQiCiAgICAgICAgICAgIGJyZWFrCiAgICAgICAgZmkKICAgICAgICBsb2cgIldhaXRpbmcgZm9yIGJhY2tlbmQuLi4gKCRpLzMwKSIKICAgICAgICBzbGVlcCAxMAogICAgZG9uZQogICAgCiAgICAjIFdhaXQgZm9yIGZyb250ZW5kIHRvIGJlIHJlYWR5CiAgICBmb3IgaSBpbiB7MS4uMzB9OyBkbwogICAgICAgIGlmIGN1cmwgLWYgaHR0cDovL2xvY2FsaG9zdDozMDAwID4gL2Rldi9udWxsIDI+JjE7IHRoZW4KICAgICAgICAgICAgbG9nICJGcm9udGVuZCBoZWFsdGggY2hlY2sgcGFzc2VkIgogICAgICAgICAgICBicmVhawogICAgICAgIGZpCiAgICAgICAgbG9nICJXYWl0aW5nIGZvciBmcm9udGVuZC4uLiAoJGkvMzApIgogICAgICAgIHNsZWVwIDEwCiAgICBkb25lCiAgICAKICAgICMgQ3JlYXRlIHN0YXJ0dXAgc2NyaXB0IGZvciBhdXRvbWF0aWMgcmVzdGFydAogICAgY2F0ID4gL2V0Yy9zeXN0ZW1kL3N5c3RlbS9haTRkZXZzLnNlcnZpY2UgPDwgJ0VPTCcKW1VuaXRdCkRlc2NyaXB0aW9uPUFJNERldnMgQXBwbGljYXRpb24gU3RhY2sKUmVxdWlyZXM9ZG9ja2VyLnNlcnZpY2UKQWZ0ZXI9ZG9ja2VyLnNlcnZpY2UKCltTZXJ2aWNlXQpUeXBlPW9uZXNob3QKUmVtYWluQWZ0ZXJFeGl0PXllcwpXb3JraW5nRGlyZWN0b3J5PS9vcHQvYWk0ZGV2cwpFeGVjU3RhcnQ9L3Vzci9iaW4vZG9ja2VyIGNvbXBvc2UgdXAgLWQKRXhlY1N0b3A9L3Vzci9iaW4vZG9ja2VyIGNvbXBvc2UgZG93bgpUaW1lb3V0U3RhcnRTZWM9MAoKW0luc3RhbGxdCldhbnRlZEJ5PW11bHRpLXVzZXIudGFyZ2V0CkVPTAogICAgCiAgICBzeXN0ZW1jdGwgZW5hYmxlIGFpNGRldnMuc2VydmljZQogICAgCiAgICBsb2cgIuKchSBBSTREZXZzIGRlcGxveW1lbnQgY29tcGxldGVkIHN1Y2Nlc3NmdWxseSEiCiAgICBsb2cgIvCfjJAgRnJvbnRlbmQ6IGh0dHA6Ly8kKGN1cmwgLXMgaHR0cDovLzE2OS4yNTQuMTY5LjI1NC9sYXRlc3QvbWV0YS1kYXRhL3B1YmxpYy1pcHY0KTozMDAwIgogICAgbG9nICLwn5SnIEJhY2tlbmQgQVBJOiBodHRwOi8vJChjdXJsIC1zIGh0dHA6Ly8xNjkuMjU0LjE2OS4yNTQvbGF0ZXN0L21ldGEtZGF0YS9wdWJsaWMtaXB2NCk6ODA4MCIKICAgIGxvZyAi8J+TiiBEYXRhZG9nIG1vbml0b3Jpbmc6IEFjdGl2ZSIKICAgIAogICAgIyBGaW5hbCBzdGF0dXMgbG9nCiAgICBlY2hvICIkKGRhdGUpOiBBSTREZXZzIGZ1bGwtc3RhY2sgZGVwbG95bWVudCBjb21wbGV0ZWQgc3VjY2Vzc2Z1bGx5IiA+IC92YXIvbG9nL2RlcGxveW1lbnQtY29tcGxldGUubG9nCg==",
            "user_data_replace_on_change": false,
            "volume_tags": null,
            "vpc_security_group_ids": [
              "sg-08da7c720033dcd01"
            ]
          },
          "sensitive_attributes": [
            [
              {
                "type": "get_attr",
                "value": "user_data_base64"
              }
            ]
          ],
          "private": "eyJlMmJmYjczMC1lY2FhLTExZTYtOGY4OC0zNDM2M2JjN2M0YzAiOnsiY3JlYXRlIjo2MDAwMDAwMDAwMDAsImRlbGV0ZSI6MTIwMDAwMDAwMDAwMCwicmVhZCI6OTAwMDAwMDAwMDAwLCJ1cGRhdGUiOjYwMDAwMDAwMDAwMH0sInNjaGVtYV92ZXJzaW9uIjoiMiJ9",
          "dependencies": [
            "aws_iam_instance_profile.datadog_instance_profile",
            "aws_iam_role.datadog_aws_integration",
            "aws_security_group.unified_sg",
            "data.aws_caller_identity.current",
            "data.aws_iam_policy_document.datadog_aws_integration_assume_role",
            "datadog_integration_aws_account.datadog_integration"
          ]
        }
      ]
    },
    {
      "mode": "managed",
      "type": "aws_security_group",
      "name": "unified_sg",
      "provider": "provider[\"registry.terraform.io/hashicorp/aws\"]",
      "instances": [
        {
          "schema_version": 1,
          "attributes": {
            "arn": "arn:aws:ec2:us-west-2:593096747136:security-group/sg-08da7c720033dcd01",
            "description": "Unified security group for monorepo instance with Datadog monitoring",
            "egress": [
              {
                "cidr_blocks": [
                  "0.0.0.0/0"
                ],
                "description": "DNS resolution",
                "from_port": 53,
                "ipv6_cidr_blocks": [],
                "prefix_list_ids": [],
                "protocol": "udp",
                "security_groups": [],
                "self": false,
                "to_port": 53
              },
              {
                "cidr_blocks": [
                  "0.0.0.0/0"
                ],
                "description": "HTTP egress for system updates",
                "from_port": 80,
                "ipv6_cidr_blocks": [],
                "prefix_list_ids": [],
                "protocol": "tcp",
                "security_groups": [],
                "self": false,
                "to_port": 80
              },
              {
                "cidr_blocks": [
                  "0.0.0.0/0"
                ],
                "description": "HTTPS egress for Datadog, NPM, Docker Hub",
                "from_port": 443,
                "ipv6_cidr_blocks": [],
                "prefix_list_ids": [],
                "protocol": "tcp",
                "security_groups": [],
                "self": false,
                "to_port": 443
              },
              {
                "cidr_blocks": [
                  "172.16.0.0/12"
                ],
                "description": "Internal Docker network communication",
                "from_port": 0,
                "ipv6_cidr_blocks": [],
                "prefix_list_ids": [],
                "protocol": "tcp",
                "security_groups": [],
                "self": false,
                "to_port": 65535
              }
            ],
            "id": "sg-08da7c720033dcd01",
            "ingress": [
              {
                "cidr_blocks": [
                  "0.0.0.0/0"
                ],
                "description": "Backend API",
                "from_port": 8080,
                "ipv6_cidr_blocks": [],
                "prefix_list_ids": [],
                "protocol": "tcp",
                "security_groups": [],
                "self": false,
                "to_port": 8080
              },
              {
                "cidr_blocks": [
                  "0.0.0.0/0"
                ],
                "description": "Frontend web interface",
                "from_port": 3000,
                "ipv6_cidr_blocks": [],
                "prefix_list_ids": [],
                "protocol": "tcp",
                "security_groups": [],
                "self": false,
                "to_port": 3000
              },
              {
                "cidr_blocks": [
                  "0.0.0.0/0"
                ],
                "description": "SSH access",
                "from_port": 22,
                "ipv6_cidr_blocks": [],
                "prefix_list_ids": [],
                "protocol": "tcp",
                "security_groups": [],
                "self": false,
                "to_port": 22
              },
              {
                "cidr_blocks": [
                  "10.0.0.0/8",
                  "172.16.0.0/12",
                  "192.168.0.0/16"
                ],
                "description": "PostgreSQL database access from private networks",
                "from_port": 5432,
                "ipv6_cidr_blocks": [],
                "prefix_list_ids": [],
                "protocol": "tcp",
                "security_groups": [],
                "self": false,
                "to_port": 5432
              }
            ],
            "name": "ai4devs-unified-20250923190506955200000001",
            "name_prefix": "ai4devs-unified-",
            "owner_id": "593096747136",
            "region": "us-west-2",
            "revoke_rules_on_delete": false,
            "tags": {
              "Environment": "production",
              "Monitoring": "datadog",
              "Name": "ai4devs-unified-sg",
              "Service": "monorepo-instance"
            },
            "tags_all": {
              "Environment": "production",
              "Monitoring": "datadog",
              "Name": "ai4devs-unified-sg",
              "Service": "monorepo-instance"
            },
            "timeouts": null,
            "vpc_id": "vpc-98f56fe0"
          },
          "sensitive_attributes": [],
          "private": "eyJlMmJmYjczMC1lY2FhLTExZTYtOGY4OC0zNDM2M2JjN2M0YzAiOnsiY3JlYXRlIjo2MDAwMDAwMDAwMDAsImRlbGV0ZSI6OTAwMDAwMDAwMDAwfSwic2NoZW1hX3ZlcnNpb24iOiIxIn0="
        }
      ]
    },
    {
      "mode": "managed",
      "type": "datadog_integration_aws_account",
      "name": "datadog_integration",
      "provider": "provider[\"registry.terraform.io/datadog/datadog\"]",
      "instances": [
        {
          "schema_version": 0,
          "attributes": {
            "account_tags": [],
            "auth_config": {
              "aws_auth_config_keys": null,
              "aws_auth_config_role": {
                "external_id": "9b1898e9f490408683fa520b444f8c0f",
                "role_name": "DatadogIntegrationRole"
              }
            },
            "aws_account_id": "593096747136",
            "aws_partition": "aws",
            "aws_regions": {
              "include_all": null,
              "include_only": [
                "us-west-2"
              ]
            },
            "id": "5f2ca417-90d9-4a41-aa0c-00550a41e400",
            "logs_config": {
              "lambda_forwarder": {
                "lambdas": [],
                "log_source_config": null,
                "sources": []
              }
            },
            "metrics_config": {
              "automute_enabled": true,
              "collect_cloudwatch_alarms": false,
              "collect_custom_metrics": false,
              "enabled": true,
              "namespace_filters": {
                "exclude_only": [
                  "AWS/SQS",
                  "AWS/ElasticMapReduce",
                  "AWS/Usage"
                ],
                "include_only": null
              },
              "tag_filters": []
            },
            "resources_config": {
              "cloud_security_posture_management_collection": false,
              "extended_collection": true
            },
            "traces_config": {
              "xray_services": {
                "include_all": null,
                "include_only": []
              }
            }
          },
          "sensitive_attributes": [],
          "dependencies": [
            "data.aws_caller_identity.current"
          ]
        }
      ]
    }
  ],
  "check_results": null
}
