{
  "version": 4,
  "terraform_version": "1.5.7",
  "serial": 441,
  "lineage": "1e86169c-593d-dc9b-085e-85f307be74e1",
  "outputs": {
    "connection_commands": {
      "value": {
        "backend_api": "http://18.236.207.240:8080",
        "frontend": "http://18.236.207.240:3000",
        "ssh": "ssh -i ~/.ssh/AI4Devs.pem ec2-user@18.236.207.240"
      },
      "type": [
        "object",
        {
          "backend_api": "string",
          "frontend": "string",
          "ssh": "string"
        }
      ]
    },
    "datadog_integration_external_id": {
      "value": "7ecf9c7ab3e84e2f9e0c224524174f82",
      "type": "string",
      "sensitive": true
    },
    "datadog_role_arn": {
      "value": "arn:aws:iam::593096747136:role/DatadogIntegrationRole",
      "type": "string"
    },
    "instance_id": {
      "value": "i-025e82471ab860eeb",
      "type": "string"
    },
    "instance_public_dns": {
      "value": "ec2-18-236-207-240.us-west-2.compute.amazonaws.com",
      "type": "string"
    },
    "instance_public_ip": {
      "value": "18.236.207.240",
      "type": "string"
    },
    "security_group_id": {
      "value": "sg-088583e5113086647",
      "type": "string"
    }
  },
  "resources": [
    {
      "mode": "data",
      "type": "aws_caller_identity",
      "name": "current",
      "provider": "provider[\"registry.terraform.io/hashicorp/aws\"]",
      "instances": [
        {
          "schema_version": 0,
          "attributes": {
            "account_id": "593096747136",
            "arn": "arn:aws:iam::593096747136:root",
            "id": "593096747136",
            "user_id": "593096747136"
          },
          "sensitive_attributes": []
        }
      ]
    },
    {
      "mode": "data",
      "type": "aws_iam_policy_document",
      "name": "datadog_aws_integration",
      "provider": "provider[\"registry.terraform.io/hashicorp/aws\"]",
      "instances": [
        {
          "schema_version": 0,
          "attributes": {
            "id": "1133542322",
            "json": "{\n  \"Version\": \"2012-10-17\",\n  \"Statement\": [\n    {\n      \"Effect\": \"Allow\",\n      \"Action\": [\n        \"tag:GetResources\",\n        \"logs:DescribeLogStreams\",\n        \"logs:DescribeLogGroups\",\n        \"ec2:Describe*\",\n        \"cloudwatch:List*\",\n        \"cloudwatch:Get*\"\n      ],\n      \"Resource\": \"*\"\n    }\n  ]\n}",
            "minified_json": "{\"Version\":\"2012-10-17\",\"Statement\":[{\"Effect\":\"Allow\",\"Action\":[\"tag:GetResources\",\"logs:DescribeLogStreams\",\"logs:DescribeLogGroups\",\"ec2:Describe*\",\"cloudwatch:List*\",\"cloudwatch:Get*\"],\"Resource\":\"*\"}]}",
            "override_json": null,
            "override_policy_documents": null,
            "policy_id": null,
            "source_json": null,
            "source_policy_documents": null,
            "statement": [
              {
                "actions": [
                  "cloudwatch:Get*",
                  "cloudwatch:List*",
                  "ec2:Describe*",
                  "logs:DescribeLogGroups",
                  "logs:DescribeLogStreams",
                  "tag:GetResources"
                ],
                "condition": [],
                "effect": "Allow",
                "not_actions": [],
                "not_principals": [],
                "not_resources": [],
                "principals": [],
                "resources": [
                  "*"
                ],
                "sid": ""
              }
            ],
            "version": "2012-10-17"
          },
          "sensitive_attributes": []
        }
      ]
    },
    {
      "mode": "data",
      "type": "aws_iam_policy_document",
      "name": "datadog_aws_integration_assume_role",
      "provider": "provider[\"registry.terraform.io/hashicorp/aws\"]",
      "instances": [
        {
          "schema_version": 0,
          "attributes": {
            "id": "1944964508",
            "json": "{\n  \"Version\": \"2012-10-17\",\n  \"Statement\": [\n    {\n      \"Effect\": \"Allow\",\n      \"Action\": \"sts:AssumeRole\",\n      \"Principal\": {\n        \"AWS\": \"arn:aws:iam::464622532012:root\"\n      },\n      \"Condition\": {\n        \"StringEquals\": {\n          \"sts:ExternalId\": \"7ecf9c7ab3e84e2f9e0c224524174f82\"\n        }\n      }\n    }\n  ]\n}",
            "minified_json": "{\"Version\":\"2012-10-17\",\"Statement\":[{\"Effect\":\"Allow\",\"Action\":\"sts:AssumeRole\",\"Principal\":{\"AWS\":\"arn:aws:iam::464622532012:root\"},\"Condition\":{\"StringEquals\":{\"sts:ExternalId\":\"7ecf9c7ab3e84e2f9e0c224524174f82\"}}}]}",
            "override_json": null,
            "override_policy_documents": null,
            "policy_id": null,
            "source_json": null,
            "source_policy_documents": null,
            "statement": [
              {
                "actions": [
                  "sts:AssumeRole"
                ],
                "condition": [
                  {
                    "test": "StringEquals",
                    "values": [
                      "7ecf9c7ab3e84e2f9e0c224524174f82"
                    ],
                    "variable": "sts:ExternalId"
                  }
                ],
                "effect": "Allow",
                "not_actions": [],
                "not_principals": [],
                "not_resources": [],
                "principals": [
                  {
                    "identifiers": [
                      "arn:aws:iam::464622532012:root"
                    ],
                    "type": "AWS"
                  }
                ],
                "resources": [],
                "sid": ""
              }
            ],
            "version": "2012-10-17"
          },
          "sensitive_attributes": []
        }
      ]
    },
    {
      "mode": "managed",
      "type": "aws_iam_instance_profile",
      "name": "datadog_instance_profile",
      "provider": "provider[\"registry.terraform.io/hashicorp/aws\"]",
      "instances": [
        {
          "schema_version": 0,
          "attributes": {
            "arn": "arn:aws:iam::593096747136:instance-profile/ai4devs-datadog-instance-profile",
            "create_date": "2025-09-23T14:39:21Z",
            "id": "ai4devs-datadog-instance-profile",
            "name": "ai4devs-datadog-instance-profile",
            "name_prefix": "",
            "path": "/",
            "role": "DatadogIntegrationRole",
            "tags": null,
            "tags_all": {},
            "unique_id": "AIPAYUF2SFCAGLYLCSAKZ"
          },
          "sensitive_attributes": [],
          "private": "bnVsbA==",
          "dependencies": [
            "aws_iam_role.datadog_aws_integration",
            "data.aws_caller_identity.current",
            "data.aws_iam_policy_document.datadog_aws_integration_assume_role",
            "datadog_integration_aws_account.datadog_integration"
          ]
        }
      ]
    },
    {
      "mode": "managed",
      "type": "aws_iam_policy",
      "name": "datadog_aws_integration",
      "provider": "provider[\"registry.terraform.io/hashicorp/aws\"]",
      "instances": [
        {
          "schema_version": 0,
          "attributes": {
            "arn": "arn:aws:iam::593096747136:policy/DatadogAWSIntegrationPolicy",
            "attachment_count": 0,
            "description": "",
            "id": "arn:aws:iam::593096747136:policy/DatadogAWSIntegrationPolicy",
            "name": "DatadogAWSIntegrationPolicy",
            "name_prefix": "",
            "path": "/",
            "policy": "{\"Statement\":[{\"Action\":[\"tag:GetResources\",\"logs:DescribeLogStreams\",\"logs:DescribeLogGroups\",\"ec2:Describe*\",\"cloudwatch:List*\",\"cloudwatch:Get*\"],\"Effect\":\"Allow\",\"Resource\":\"*\"}],\"Version\":\"2012-10-17\"}",
            "policy_id": "ANPAYUF2SFCAAAXKNYFHI",
            "tags": null,
            "tags_all": {}
          },
          "sensitive_attributes": [],
          "private": "bnVsbA==",
          "dependencies": [
            "data.aws_iam_policy_document.datadog_aws_integration"
          ]
        }
      ]
    },
    {
      "mode": "managed",
      "type": "aws_iam_role",
      "name": "datadog_aws_integration",
      "provider": "provider[\"registry.terraform.io/hashicorp/aws\"]",
      "instances": [
        {
          "schema_version": 0,
          "attributes": {
            "arn": "arn:aws:iam::593096747136:role/DatadogIntegrationRole",
            "assume_role_policy": "{\"Statement\":[{\"Action\":\"sts:AssumeRole\",\"Condition\":{\"StringEquals\":{\"sts:ExternalId\":\"7ecf9c7ab3e84e2f9e0c224524174f82\"}},\"Effect\":\"Allow\",\"Principal\":{\"AWS\":\"arn:aws:iam::464622532012:root\"}}],\"Version\":\"2012-10-17\"}",
            "create_date": "2025-09-23T14:39:21Z",
            "description": "Role for Datadog AWS Integration",
            "force_detach_policies": false,
            "id": "DatadogIntegrationRole",
            "inline_policy": [],
            "managed_policy_arns": [],
            "max_session_duration": 3600,
            "name": "DatadogIntegrationRole",
            "name_prefix": "",
            "path": "/",
            "permissions_boundary": "",
            "tags": {
              "Purpose": "DatadogIntegration",
              "Region": "us-west-2"
            },
            "tags_all": {
              "Purpose": "DatadogIntegration",
              "Region": "us-west-2"
            },
            "unique_id": "AROAYUF2SFCAIP4VDFPY7"
          },
          "sensitive_attributes": [],
          "private": "bnVsbA==",
          "dependencies": [
            "data.aws_caller_identity.current",
            "data.aws_iam_policy_document.datadog_aws_integration_assume_role",
            "datadog_integration_aws_account.datadog_integration"
          ]
        }
      ]
    },
    {
      "mode": "managed",
      "type": "aws_iam_role_policy_attachment",
      "name": "datadog_aws_integration",
      "provider": "provider[\"registry.terraform.io/hashicorp/aws\"]",
      "instances": [
        {
          "schema_version": 0,
          "attributes": {
            "id": "DatadogIntegrationRole/arn:aws:iam::593096747136:policy/DatadogAWSIntegrationPolicy",
            "policy_arn": "arn:aws:iam::593096747136:policy/DatadogAWSIntegrationPolicy",
            "role": "DatadogIntegrationRole"
          },
          "sensitive_attributes": [],
          "private": "bnVsbA==",
          "dependencies": [
            "aws_iam_policy.datadog_aws_integration",
            "aws_iam_role.datadog_aws_integration",
            "data.aws_caller_identity.current",
            "data.aws_iam_policy_document.datadog_aws_integration",
            "data.aws_iam_policy_document.datadog_aws_integration_assume_role",
            "datadog_integration_aws_account.datadog_integration"
          ]
        }
      ]
    },
    {
      "mode": "managed",
      "type": "aws_iam_role_policy_attachment",
      "name": "datadog_aws_integration_security_audit",
      "provider": "provider[\"registry.terraform.io/hashicorp/aws\"]",
      "instances": [
        {
          "schema_version": 0,
          "attributes": {
            "id": "DatadogIntegrationRole/arn:aws:iam::aws:policy/SecurityAudit",
            "policy_arn": "arn:aws:iam::aws:policy/SecurityAudit",
            "role": "DatadogIntegrationRole"
          },
          "sensitive_attributes": [],
          "private": "bnVsbA==",
          "dependencies": [
            "aws_iam_role.datadog_aws_integration",
            "data.aws_caller_identity.current",
            "data.aws_iam_policy_document.datadog_aws_integration_assume_role",
            "datadog_integration_aws_account.datadog_integration"
          ]
        }
      ]
    },
    {
      "mode": "managed",
      "type": "aws_instance",
      "name": "monorepo_instance",
      "provider": "provider[\"registry.terraform.io/hashicorp/aws\"]",
      "instances": [
        {
          "schema_version": 2,
          "attributes": {
            "ami": "ami-024e4b8b6ef78434a",
            "arn": "arn:aws:ec2:us-west-2:593096747136:instance/i-025e82471ab860eeb",
            "associate_public_ip_address": true,
            "availability_zone": "us-west-2b",
            "capacity_reservation_specification": [
              {
                "capacity_reservation_preference": "open",
                "capacity_reservation_target": []
              }
            ],
            "cpu_options": [
              {
                "amd_sev_snp": "",
                "core_count": 1,
                "threads_per_core": 1
              }
            ],
            "credit_specification": [
              {
                "cpu_credits": "standard"
              }
            ],
            "disable_api_stop": false,
            "disable_api_termination": false,
            "ebs_block_device": [],
            "ebs_optimized": false,
            "enable_primary_ipv6": null,
            "enclave_options": [
              {
                "enabled": false
              }
            ],
            "ephemeral_block_device": [],
            "force_destroy": false,
            "get_password_data": false,
            "hibernation": false,
            "host_id": "",
            "host_resource_group_arn": null,
            "iam_instance_profile": "ai4devs-datadog-instance-profile",
            "id": "i-025e82471ab860eeb",
            "instance_initiated_shutdown_behavior": "stop",
            "instance_lifecycle": "",
            "instance_market_options": [],
            "instance_state": "running",
            "instance_type": "t2.micro",
            "ipv6_address_count": 0,
            "ipv6_addresses": [],
            "key_name": "AI4Devs",
            "launch_template": [],
            "maintenance_options": [
              {
                "auto_recovery": "default"
              }
            ],
            "metadata_options": [
              {
                "http_endpoint": "enabled",
                "http_protocol_ipv6": "disabled",
                "http_put_response_hop_limit": 1,
                "http_tokens": "optional",
                "instance_metadata_tags": "disabled"
              }
            ],
            "monitoring": false,
            "network_interface": [],
            "outpost_arn": "",
            "password_data": "",
            "placement_group": "",
            "placement_group_id": "",
            "placement_partition_number": 0,
            "primary_network_interface": [
              {
                "delete_on_termination": true,
                "network_interface_id": "eni-0c105fe5353b462d2"
              }
            ],
            "primary_network_interface_id": "eni-0c105fe5353b462d2",
            "private_dns": "ip-172-31-35-197.us-west-2.compute.internal",
            "private_dns_name_options": [
              {
                "enable_resource_name_dns_a_record": false,
                "enable_resource_name_dns_aaaa_record": false,
                "hostname_type": "ip-name"
              }
            ],
            "private_ip": "172.31.35.197",
            "public_dns": "ec2-18-236-207-240.us-west-2.compute.amazonaws.com",
            "public_ip": "18.236.207.240",
            "region": "us-west-2",
            "root_block_device": [
              {
                "delete_on_termination": true,
                "device_name": "/dev/xvda",
                "encrypted": false,
                "iops": 100,
                "kms_key_id": "",
                "tags": {},
                "tags_all": {},
                "throughput": 0,
                "volume_id": "vol-02d8a9f5e0989ac93",
                "volume_size": 8,
                "volume_type": "gp2"
              }
            ],
            "secondary_private_ips": [],
            "security_groups": [
              "ai4devs-unified-20250923143920409000000001"
            ],
            "source_dest_check": true,
            "spot_instance_request_id": "",
            "subnet_id": "subnet-3cc9d877",
            "tags": {
              "Environment": "production",
              "Monitoring": "datadog",
              "Name": "ai4devs-monorepo-instance",
              "Region": "us-west-2",
              "Service": "backend,frontend"
            },
            "tags_all": {
              "Environment": "production",
              "Monitoring": "datadog",
              "Name": "ai4devs-monorepo-instance",
              "Region": "us-west-2",
              "Service": "backend,frontend"
            },
            "tenancy": "default",
            "timeouts": null,
            "user_data": null,
            "user_data_base64": "ICAgICMhL2Jpbi9iYXNoCiAgICAjIEFJNERldnMgRnVsbCBTdGFjayBEZXBsb3ltZW50IHdpdGggRGF0YWRvZyBJbnRlZ3JhdGlvbgogICAgc2V0IC1lCiAgICAKICAgICMgTG9nZ2luZyBmdW5jdGlvbgogICAgbG9nKCkgewogICAgICAgIGVjaG8gIiQoZGF0ZSAnKyVZLSVtLSVkICVIOiVNOiVTJyk6ICQxIiB8IHRlZSAtYSAvdmFyL2xvZy9haTRkZXZzLWRlcGxveW1lbnQubG9nCiAgICB9CiAgICAKICAgIGxvZyAiU3RhcnRpbmcgQUk0RGV2cyBkZXBsb3ltZW50Li4uIgogICAgCiAgICAjIFN5c3RlbSB1cGRhdGVzIGFuZCBkZXBlbmRlbmNpZXMKICAgIGxvZyAiSW5zdGFsbGluZyBzeXN0ZW0gZGVwZW5kZW5jaWVzLi4uIgogICAgeXVtIHVwZGF0ZSAteQogICAgeXVtIGluc3RhbGwgLXkgZG9ja2VyIGdpdCBjdXJsIHdnZXQgdW56aXAgbm9kZWpzIG5wbQogICAgCiAgICAjIEluc3RhbGwgRG9ja2VyIENvbXBvc2UKICAgIGxvZyAiSW5zdGFsbGluZyBEb2NrZXIgQ29tcG9zZS4uLiIKICAgIGN1cmwgLUwgImh0dHBzOi8vZ2l0aHViLmNvbS9kb2NrZXIvY29tcG9zZS9yZWxlYXNlcy9sYXRlc3QvZG93bmxvYWQvZG9ja2VyLWNvbXBvc2UtJCh1bmFtZSAtcyktJCh1bmFtZSAtbSkiIC1vIC91c3IvbG9jYWwvYmluL2RvY2tlci1jb21wb3NlCiAgICBjaG1vZCAreCAvdXNyL2xvY2FsL2Jpbi9kb2NrZXItY29tcG9zZQogICAgCiAgICAjIERvY2tlciBzZXR1cAogICAgbG9nICJDb25maWd1cmluZyBEb2NrZXIuLi4iCiAgICBzZXJ2aWNlIGRvY2tlciBzdGFydAogICAgdXNlcm1vZCAtYSAtRyBkb2NrZXIgZWMyLXVzZXIKICAgIHN5c3RlbWN0bCBlbmFibGUgZG9ja2VyCiAgICAKICAgICMgV2FpdCBmb3IgRG9ja2VyIHRvIGJlIHJlYWR5CiAgICBzbGVlcCAxMAogICAgCiAgICAjIERhdGFkb2cgQWdlbnQgaW5zdGFsbGF0aW9uCiAgICBsb2cgIkluc3RhbGxpbmcgRGF0YWRvZyBBZ2VudC4uLiIKICAgIEREX0FQSV9LRVk9ImJiYjM1MzI2NzI5NDYwOWE5ZjBlZDI1ZGU5ZDc4NGFmIiBcCiAgICBERF9TSVRFPSJ1czMuZGF0YWRvZ2hxLmNvbSIgXAogICAgRERfQVBNX0VOQUJMRUQ9dHJ1ZSBcCiAgICBERF9MT0dTX0VOQUJMRUQ9dHJ1ZSBcCiAgICBiYXNoIC1jICIkKGN1cmwgLUwgaHR0cHM6Ly9pbnN0YWxsLmRhdGFkb2docS5jb20vc2NyaXB0cy9pbnN0YWxsX3NjcmlwdC5zaCkiCiAgICAKICAgICMgQ29uZmlndXJlIERhdGFkb2cgdGFncyBhbmQgaW50ZWdyYXRpb25zCiAgICBsb2cgIkNvbmZpZ3VyaW5nIERhdGFkb2cgQWdlbnQuLi4iCiAgICBjYXQgPj4gL2V0Yy9kYXRhZG9nLWFnZW50L2RhdGFkb2cueWFtbCA8PCAnRU9MJwp0YWdzOiBlbnY6cHJvZHVjdGlvbiwgc2VydmljZTphaTRkZXZzLW1vbm9yZXBvLCByZWdpb246dXMtd2VzdC0yLCBjb21wb25lbnQ6ZnVsbC1zdGFjawpsb2dzX2VuYWJsZWQ6IHRydWUKYXBtX2NvbmZpZzoKICBlbmFibGVkOiB0cnVlCiAgZW52OiBwcm9kdWN0aW9uCnByb2Nlc3NfY29uZmlnOgogIGVuYWJsZWQ6ICJ0cnVlIgpFT0wKICAgIAogICAgIyBFbmFibGUgRG9ja2VyIGludGVncmF0aW9uIGZvciBEYXRhZG9nCiAgICBta2RpciAtcCAvZXRjL2RhdGFkb2ctYWdlbnQvY29uZi5kL2RvY2tlci5kLwogICAgY2F0ID4gL2V0Yy9kYXRhZG9nLWFnZW50L2NvbmYuZC9kb2NrZXIuZC9jb25mLnlhbWwgPDwgJ0VPTCcKaW5pdF9jb25maWc6CgppbnN0YW5jZXM6CiAgLSB1cmw6ICJ1bml4Oi8vdmFyL3J1bi9kb2NrZXIuc29jayIKICAgIG5ld190YWdfbmFtZXM6IHRydWUKRU9MCiAgICAKICAgIHN5c3RlbWN0bCByZXN0YXJ0IGRhdGFkb2ctYWdlbnQKICAgIAogICAgIyBBcHBsaWNhdGlvbiBzZXR1cCAtIENsb25lIHJlYWwgcmVwb3NpdG9yeQogICAgbG9nICJDbG9uaW5nIHJlYWwgQUk0RGV2cyByZXBvc2l0b3J5Li4uIgogICAgY2QgL29wdAogICAgCiAgICAjIEluc3RhbGwgZ2l0IGlmIG5vdCBwcmVzZW50CiAgICB5dW0gaW5zdGFsbCAteSBnaXQKICAgIAogICAgIyBDbG9uZSB0aGUgYWN0dWFsIHJlcG9zaXRvcnkKICAgIGdpdCBjbG9uZSBodHRwczovL2dpdGh1Yi5jb20vQ29kZXhKcC9BSTREZXZzLW1vbml0b3JpbmctSmFpcm9Qb2xvLmdpdCBhaTRkZXZzCiAgICBjZCAvb3B0L2FpNGRldnMKICAgIAogICAgIyBWZXJpZnkgcmVwb3NpdG9yeSBzdHJ1Y3R1cmUKICAgIGxvZyAiUmVwb3NpdG9yeSBjbG9uZWQgc3VjY2Vzc2Z1bGx5LiBDb250ZW50czoiCiAgICBscyAtbGEKICAgIAogICAgIyBDcmVhdGUgZW52aXJvbm1lbnQgZmlsZQogICAgY2F0ID4gLmVudiA8PCAnRU9MJwpEQl9QQVNTV09SRD1EMXltZjh3eVFFR3RoRlIxRTl4aENxCkRCX1VTRVI9TFRJZGJVc2VyCkRCX05BTUU9TFRJZGIKREJfUE9SVD01NDMyCkRBVEFCQVNFX1VSTD1wb3N0Z3Jlc3FsOi8vTFRJZGJVc2VyOkQxeW1mOHd5UUVHdGhGUjFFOXhoQ3FAZGI6NTQzMi9MVElkYgpOT0RFX0VOVj1wcm9kdWN0aW9uCkRBVEFET0dfQVBJX0tFWT1iYmIzNTMyNjcyOTQ2MDlhOWYwZWQyNWRlOWQ3ODRhZgpFT0wKICAgIAogICAgIyBVc2UgdGhlIGV4aXN0aW5nIGRvY2tlci1jb21wb3NlLnltbCBmcm9tIHJlcG9zaXRvcnkKICAgIGxvZyAiQ29uZmlndXJpbmcgZG9ja2VyLWNvbXBvc2UgZm9yIHByb2R1Y3Rpb24uLi4iCiAgICAKICAgICMgQmFja3VwIG9yaWdpbmFsIGRvY2tlci1jb21wb3NlIGlmIGV4aXN0cwogICAgaWYgWyAtZiBkb2NrZXItY29tcG9zZS55bWwgXTsgdGhlbgogICAgICAgIGNwIGRvY2tlci1jb21wb3NlLnltbCBkb2NrZXItY29tcG9zZS55bWwuYmFja3VwCiAgICBmaQogICAgCiAgICAjIENyZWF0ZSBwcm9kdWN0aW9uIGRvY2tlci1jb21wb3NlLnltbAogICAgY2F0ID4gZG9ja2VyLWNvbXBvc2UueW1sIDw8ICdFT0wnCnZlcnNpb246ICIzLjgiCgpzZXJ2aWNlczoKICAjIFBvc3RncmVTUUwgRGF0YWJhc2UKICBkYjoKICAgIGltYWdlOiBwb3N0Z3JlczoxNQogICAgcmVzdGFydDogYWx3YXlzCiAgICBlbnZpcm9ubWVudDoKICAgICAgUE9TVEdSRVNfUEFTU1dPUkQ6IEQxeW1mOHd5UUVHdGhGUjFFOXhoQ3EKICAgICAgUE9TVEdSRVNfVVNFUjogTFRJZGJVc2VyCiAgICAgIFBPU1RHUkVTX0RCOiBMVElkYgogICAgcG9ydHM6CiAgICAgIC0gIjU0MzI6NTQzMiIKICAgIHZvbHVtZXM6CiAgICAgIC0gcG9zdGdyZXNfZGF0YTovdmFyL2xpYi9wb3N0Z3Jlc3FsL2RhdGEKICAgIG5ldHdvcmtzOgogICAgICAtIGFpNGRldnMtbmV0d29yawogICAgaGVhbHRoY2hlY2s6CiAgICAgIHRlc3Q6IFsiQ01ELVNIRUxMIiwgInBnX2lzcmVhZHkgLVUgTFRJZGJVc2VyIC1kIExUSWRiIl0KICAgICAgaW50ZXJ2YWw6IDEwcwogICAgICB0aW1lb3V0OiA1cwogICAgICByZXRyaWVzOiA1CiAgICBsYWJlbHM6CiAgICAgIC0gImNvbS5kYXRhZG9naHEuYWQubG9ncz1be1wic291cmNlXCI6XCJwb3N0Z3Jlc3FsXCIsXCJzZXJ2aWNlXCI6XCJhaTRkZXZzLWRiXCJ9XSIKCiAgIyBCYWNrZW5kIEFQSSAtIFJlYWwgVHlwZVNjcmlwdCBCYWNrZW5kCiAgYmFja2VuZDoKICAgIGJ1aWxkOgogICAgICBjb250ZXh0OiAuL2JhY2tlbmQKICAgICAgZG9ja2VyZmlsZTogRG9ja2VyZmlsZQogICAgcmVzdGFydDogYWx3YXlzCiAgICBlbnZpcm9ubWVudDoKICAgICAgLSBEQVRBQkFTRV9VUkw9cG9zdGdyZXNxbDovL0xUSWRiVXNlcjpEMXltZjh3eVFFR3RoRlIxRTl4aENxQGRiOjU0MzIvTFRJZGIKICAgICAgLSBOT0RFX0VOVj1wcm9kdWN0aW9uCiAgICAgIC0gUE9SVD04MDgwCiAgICAgIC0gRERfRU5WPXByb2R1Y3Rpb24KICAgICAgLSBERF9TRVJWSUNFPWFpNGRldnMtYmFja2VuZAogICAgICAtIEREX1ZFUlNJT049MS4wLjAKICAgIHBvcnRzOgogICAgICAtICI4MDgwOjgwODAiCiAgICBkZXBlbmRzX29uOgogICAgICBkYjoKICAgICAgICBjb25kaXRpb246IHNlcnZpY2VfaGVhbHRoeQogICAgbmV0d29ya3M6CiAgICAgIC0gYWk0ZGV2cy1uZXR3b3JrCiAgICB2b2x1bWVzOgogICAgICAtIC4vYmFja2VuZC91cGxvYWRzOi91c3Ivc3JjL2FwcC91cGxvYWRzCiAgICBsYWJlbHM6CiAgICAgIC0gImNvbS5kYXRhZG9naHEuYWQubG9ncz1be1wic291cmNlXCI6XCJub2RlanNcIixcInNlcnZpY2VcIjpcImFpNGRldnMtYmFja2VuZFwifV0iCiAgICBoZWFsdGhjaGVjazoKICAgICAgdGVzdDogWyJDTUQiLCAiY3VybCIsICItZiIsICJodHRwOi8vbG9jYWxob3N0OjgwODAvaGVhbHRoIl0KICAgICAgaW50ZXJ2YWw6IDMwcwogICAgICB0aW1lb3V0OiAxMHMKICAgICAgcmV0cmllczogMwoKICAjIEZyb250ZW5kIFdlYiBBcHAgLSBSZWFsIFJlYWN0IEZyb250ZW5kCiAgZnJvbnRlbmQ6CiAgICBidWlsZDoKICAgICAgY29udGV4dDogLi9mcm9udGVuZAogICAgICBkb2NrZXJmaWxlOiBEb2NrZXJmaWxlCiAgICByZXN0YXJ0OiBhbHdheXMKICAgIGVudmlyb25tZW50OgogICAgICAtIE5PREVfRU5WPXByb2R1Y3Rpb24KICAgICAgLSBSRUFDVF9BUFBfQVBJX1VSTD1odHRwOi8vbG9jYWxob3N0OjgwODAKICAgICAgLSBERF9FTlY9cHJvZHVjdGlvbgogICAgICAtIEREX1NFUlZJQ0U9YWk0ZGV2cy1mcm9udGVuZAogICAgICAtIEREX1ZFUlNJT049MS4wLjAKICAgIHBvcnRzOgogICAgICAtICIzMDAwOjMwMDAiCiAgICBkZXBlbmRzX29uOgogICAgICAtIGJhY2tlbmQKICAgIG5ldHdvcmtzOgogICAgICAtIGFpNGRldnMtbmV0d29yawogICAgbGFiZWxzOgogICAgICAtICJjb20uZGF0YWRvZ2hxLmFkLmxvZ3M9W3tcInNvdXJjZVwiOlwibm9kZWpzXCIsXCJzZXJ2aWNlXCI6XCJhaTRkZXZzLWZyb250ZW5kXCJ9XSIKICAgIGhlYWx0aGNoZWNrOgogICAgICB0ZXN0OiBbIkNNRCIsICJjdXJsIiwgIi1mIiwgImh0dHA6Ly9sb2NhbGhvc3Q6MzAwMCJdCiAgICAgIGludGVydmFsOiAzMHMKICAgICAgdGltZW91dDogMTBzCiAgICAgIHJldHJpZXM6IDMKCnZvbHVtZXM6CiAgcG9zdGdyZXNfZGF0YToKCm5ldHdvcmtzOgogIGFpNGRldnMtbmV0d29yazoKICAgIGRyaXZlcjogYnJpZGdlCkVPTAogICAgCiAgICAjIENyZWF0ZSBEb2NrZXJmaWxlcyBmb3IgcmVhbCBhcHBsaWNhdGlvbgogICAgbG9nICJDcmVhdGluZyBEb2NrZXJmaWxlcyBmb3IgYmFja2VuZCBhbmQgZnJvbnRlbmQuLi4iCiAgICAKICAgICMgQmFja2VuZCBEb2NrZXJmaWxlCiAgICBjYXQgPiBiYWNrZW5kL0RvY2tlcmZpbGUgPDwgJ0VPTCcKRlJPTSBub2RlOjE4LXNsaW0KCldPUktESVIgL3Vzci9zcmMvYXBwCgojIEluc3RhbGwgT3BlblNTTCBhbmQgZGVwZW5kZW5jaWVzIGZvciBQcmlzbWEKUlVOIGFwdC1nZXQgdXBkYXRlICYmIGFwdC1nZXQgaW5zdGFsbCAteSBvcGVuc3NsIGNhLWNlcnRpZmljYXRlcwoKIyBDb3B5IHBhY2thZ2UgZmlsZXMKQ09QWSBwYWNrYWdlKi5qc29uIC4vCgojIEluc3RhbGwgZGVwZW5kZW5jaWVzClJVTiBucG0gaW5zdGFsbAoKIyBDb3B5IHNvdXJjZSBjb2RlCkNPUFkgLiAuCgojIEdlbmVyYXRlIFByaXNtYSBjbGllbnQKUlVOIG5weCBwcmlzbWEgZ2VuZXJhdGUKCiMgQnVpbGQgdGhlIGFwcGxpY2F0aW9uClJVTiBucG0gcnVuIGJ1aWxkCgojIENyZWF0ZSB1cGxvYWRzIGRpcmVjdG9yeQpSVU4gbWtkaXIgLXAgdXBsb2FkcwoKIyBFeHBvc2UgcG9ydApFWFBPU0UgODA4MAoKIyBIZWFsdGggY2hlY2sKSEVBTFRIQ0hFQ0sgLS1pbnRlcnZhbD0zMHMgLS10aW1lb3V0PTEwcyAtLXN0YXJ0LXBlcmlvZD01cyAtLXJldHJpZXM9MyBcCiAgQ01EIGN1cmwgLWYgaHR0cDovL2xvY2FsaG9zdDo4MDgwL2hlYWx0aCB8fCBleGl0IDEKCiMgU3RhcnQgdGhlIGFwcGxpY2F0aW9uCkNNRCBbIm5wbSIsICJzdGFydCJdCkVPTAoKICAgICMgRnJvbnRlbmQgRG9ja2VyZmlsZQogICAgY2F0ID4gZnJvbnRlbmQvRG9ja2VyZmlsZSA8PCAnRU9MJwpGUk9NIG5vZGU6MTgtc2xpbSBhcyBidWlsZGVyCgpXT1JLRElSIC9hcHAKCiMgQ29weSBwYWNrYWdlIGZpbGVzCkNPUFkgcGFja2FnZSouanNvbiAuLwoKIyBJbnN0YWxsIGRlcGVuZGVuY2llcwpSVU4gbnBtIGluc3RhbGwKCiMgQ29weSBzb3VyY2UgY29kZQpDT1BZIC4gLgoKIyBCdWlsZCB0aGUgYXBwbGljYXRpb24KUlVOIG5wbSBydW4gYnVpbGQKCiMgUHJvZHVjdGlvbiBzdGFnZQpGUk9NIG5vZGU6MTgtc2xpbQoKV09SS0RJUiAvYXBwCgojIEluc3RhbGwgc2VydmUgZ2xvYmFsbHkKUlVOIG5wbSBpbnN0YWxsIC1nIHNlcnZlCgojIENvcHkgYnVpbHQgYXBwbGljYXRpb24KQ09QWSAtLWZyb209YnVpbGRlciAvYXBwL2J1aWxkIC4vYnVpbGQKCiMgRXhwb3NlIHBvcnQKRVhQT1NFIDMwMDAKCiMgSGVhbHRoIGNoZWNrCkhFQUxUSENIRUNLIC0taW50ZXJ2YWw9MzBzIC0tdGltZW91dD0xMHMgLS1zdGFydC1wZXJpb2Q9NXMgLS1yZXRyaWVzPTMgXAogIENNRCBjdXJsIC1mIGh0dHA6Ly9sb2NhbGhvc3Q6MzAwMCB8fCBleGl0IDEKCiMgU3RhcnQgdGhlIGFwcGxpY2F0aW9uCkNNRCBbInNlcnZlIiwgIi1zIiwgImJ1aWxkIiwgIi1sIiwgIjMwMDAiXQpFT0wKICAgIAogICAgIyBTZXQgcHJvcGVyIG93bmVyc2hpcAogICAgY2hvd24gLVIgZWMyLXVzZXI6ZWMyLXVzZXIgL29wdC9haTRkZXZzCiAgICAKICAgICMgUHJlcGFyZSBkYXRhYmFzZSBtaWdyYXRpb25zIGFuZCBzZXR1cAogICAgbG9nICJTZXR0aW5nIHVwIGRhdGFiYXNlIG1pZ3JhdGlvbnMuLi4iCiAgICAKICAgICMgUnVuIFByaXNtYSBtaWdyYXRpb25zIGZpcnN0IChiZWZvcmUgc3RhcnRpbmcgY29udGFpbmVycykKICAgIGNkIC9vcHQvYWk0ZGV2cy9iYWNrZW5kCiAgICAKICAgICMgU2V0dXAgUEFUSCBmb3IgTm9kZS5qcwogICAgZXhwb3J0IFBBVEg9Ii91c3IvYmluOiRQQVRIIgogICAgCiAgICAjIEluc3RhbGwgZGVwZW5kZW5jaWVzIGZvciBtaWdyYXRpb24gcHJvY2VzcwogICAgL3Vzci9iaW4vbnBtIGluc3RhbGwgLS1wcm9kdWN0aW9uPWZhbHNlCiAgICAKICAgICMgR2VuZXJhdGUgUHJpc21hIGNsaWVudAogICAgL3Vzci9iaW4vbnB4IHByaXNtYSBnZW5lcmF0ZQogICAgCiAgICAjIFdhaXQgZm9yIGRhdGFiYXNlIHRvIGJlIHJlYWR5IGFuZCBydW4gbWlncmF0aW9ucwogICAgY2QgL29wdC9haTRkZXZzCiAgICAKICAgICMgU3RhcnQgb25seSBkYXRhYmFzZSBmaXJzdAogICAgZG9ja2VyLWNvbXBvc2UgdXAgLWQgZGIKICAgIAogICAgIyBXYWl0IGZvciBkYXRhYmFzZSB0byBiZSByZWFkeQogICAgbG9nICJXYWl0aW5nIGZvciBkYXRhYmFzZSB0byBiZSByZWFkeS4uLiIKICAgIHNsZWVwIDIwCiAgICAKICAgICMgUnVuIG1pZ3JhdGlvbnMgZnJvbSBiYWNrZW5kIGRpcmVjdG9yeQogICAgY2QgL29wdC9haTRkZXZzL2JhY2tlbmQKICAgIERBVEFCQVNFX1VSTD0icG9zdGdyZXNxbDovL0xUSWRiVXNlcjpEMXltZjh3eVFFR3RoRlIxRTl4aENxQGxvY2FsaG9zdDo1NDMyL0xUSWRiIiAvdXNyL2Jpbi9ucHggcHJpc21hIG1pZ3JhdGUgZGVwbG95CiAgICAKICAgICMgU2VlZCB0aGUgZGF0YWJhc2UKICAgIGxvZyAiU2VlZGluZyBkYXRhYmFzZS4uLiIKICAgIERBVEFCQVNFX1VSTD0icG9zdGdyZXNxbDovL0xUSWRiVXNlcjpEMXltZjh3eVFFR3RoRlIxRTl4aENxQGxvY2FsaG9zdDo1NDMyL0xUSWRiIiAvdXNyL2Jpbi9ucHggcHJpc21hIGRiIHNlZWQgfHwgZWNobyAiU2VlZCBjb21wbGV0ZWQgb3Igc2tpcHBlZCIKICAgIAogICAgIyBOb3cgc3RhcnQgdGhlIGZ1bGwgYXBwbGljYXRpb24gc3RhY2sKICAgIGxvZyAiU3RhcnRpbmcgZnVsbCBhcHBsaWNhdGlvbiBzdGFjay4uLiIKICAgIGNkIC9vcHQvYWk0ZGV2cwogICAgCiAgICAjIEJ1aWxkIGFuZCBzdGFydCBhbGwgc2VydmljZXMKICAgIGRvY2tlci1jb21wb3NlIHVwIC1kIC0tYnVpbGQKICAgIAogICAgIyBXYWl0IGZvciBzZXJ2aWNlcyB0byBiZSByZWFkeQogICAgbG9nICJXYWl0aW5nIGZvciBzZXJ2aWNlcyB0byBzdGFydC4uLiIKICAgIHNsZWVwIDMwCiAgICAKICAgICMgQ2hlY2sgc2VydmljZSBzdGF0dXMKICAgIGRvY2tlci1jb21wb3NlIHBzCiAgICAKICAgICMgRmluYWwgaGVhbHRoIGNoZWNrCiAgICBsb2cgIlBlcmZvcm1pbmcgaGVhbHRoIGNoZWNrcy4uLiIKICAgIAogICAgIyBXYWl0IGZvciBiYWNrZW5kIHRvIGJlIHJlYWR5CiAgICBmb3IgaSBpbiB7MS4uMzB9OyBkbwogICAgICAgIGlmIGN1cmwgLWYgaHR0cDovL2xvY2FsaG9zdDo4MDgwL2hlYWx0aCA+IC9kZXYvbnVsbCAyPiYxOyB0aGVuCiAgICAgICAgICAgIGxvZyAiQmFja2VuZCBoZWFsdGggY2hlY2sgcGFzc2VkIgogICAgICAgICAgICBicmVhawogICAgICAgIGZpCiAgICAgICAgbG9nICJXYWl0aW5nIGZvciBiYWNrZW5kLi4uICgkaS8zMCkiCiAgICAgICAgc2xlZXAgMTAKICAgIGRvbmUKICAgIAogICAgIyBXYWl0IGZvciBmcm9udGVuZCB0byBiZSByZWFkeQogICAgZm9yIGkgaW4gezEuLjMwfTsgZG8KICAgICAgICBpZiBjdXJsIC1mIGh0dHA6Ly9sb2NhbGhvc3Q6MzAwMCA+IC9kZXYvbnVsbCAyPiYxOyB0aGVuCiAgICAgICAgICAgIGxvZyAiRnJvbnRlbmQgaGVhbHRoIGNoZWNrIHBhc3NlZCIKICAgICAgICAgICAgYnJlYWsKICAgICAgICBmaQogICAgICAgIGxvZyAiV2FpdGluZyBmb3IgZnJvbnRlbmQuLi4gKCRpLzMwKSIKICAgICAgICBzbGVlcCAxMAogICAgZG9uZQogICAgCiAgICAjIENyZWF0ZSBzdGFydHVwIHNjcmlwdCBmb3IgYXV0b21hdGljIHJlc3RhcnQKICAgIGNhdCA+IC9ldGMvc3lzdGVtZC9zeXN0ZW0vYWk0ZGV2cy5zZXJ2aWNlIDw8ICdFT0wnCltVbml0XQpEZXNjcmlwdGlvbj1BSTREZXZzIEFwcGxpY2F0aW9uIFN0YWNrClJlcXVpcmVzPWRvY2tlci5zZXJ2aWNlCkFmdGVyPWRvY2tlci5zZXJ2aWNlCgpbU2VydmljZV0KVHlwZT1vbmVzaG90ClJlbWFpbkFmdGVyRXhpdD15ZXMKV29ya2luZ0RpcmVjdG9yeT0vb3B0L2FpNGRldnMKRXhlY1N0YXJ0PS91c3IvbG9jYWwvYmluL2RvY2tlci1jb21wb3NlIHVwIC1kCkV4ZWNTdG9wPS91c3IvbG9jYWwvYmluL2RvY2tlci1jb21wb3NlIGRvd24KVGltZW91dFN0YXJ0U2VjPTAKCltJbnN0YWxsXQpXYW50ZWRCeT1tdWx0aS11c2VyLnRhcmdldApFT0wKICAgIAogICAgc3lzdGVtY3RsIGVuYWJsZSBhaTRkZXZzLnNlcnZpY2UKICAgIAogICAgbG9nICLinIUgQUk0RGV2cyBkZXBsb3ltZW50IGNvbXBsZXRlZCBzdWNjZXNzZnVsbHkhIgogICAgbG9nICLwn4yQIEZyb250ZW5kOiBodHRwOi8vJChjdXJsIC1zIGh0dHA6Ly8xNjkuMjU0LjE2OS4yNTQvbGF0ZXN0L21ldGEtZGF0YS9wdWJsaWMtaXB2NCk6MzAwMCIKICAgIGxvZyAi8J+UpyBCYWNrZW5kIEFQSTogaHR0cDovLyQoY3VybCAtcyBodHRwOi8vMTY5LjI1NC4xNjkuMjU0L2xhdGVzdC9tZXRhLWRhdGEvcHVibGljLWlwdjQpOjgwODAiCiAgICBsb2cgIvCfk4ogRGF0YWRvZyBtb25pdG9yaW5nOiBBY3RpdmUiCiAgICAKICAgICMgRmluYWwgc3RhdHVzIGxvZwogICAgZWNobyAiJChkYXRlKTogQUk0RGV2cyBmdWxsLXN0YWNrIGRlcGxveW1lbnQgY29tcGxldGVkIHN1Y2Nlc3NmdWxseSIgPiAvdmFyL2xvZy9kZXBsb3ltZW50LWNvbXBsZXRlLmxvZwo=",
            "user_data_replace_on_change": false,
            "volume_tags": null,
            "vpc_security_group_ids": [
              "sg-088583e5113086647"
            ]
          },
          "sensitive_attributes": [
            [
              {
                "type": "get_attr",
                "value": "user_data_base64"
              }
            ]
          ],
          "private": "eyJlMmJmYjczMC1lY2FhLTExZTYtOGY4OC0zNDM2M2JjN2M0YzAiOnsiY3JlYXRlIjo2MDAwMDAwMDAwMDAsImRlbGV0ZSI6MTIwMDAwMDAwMDAwMCwicmVhZCI6OTAwMDAwMDAwMDAwLCJ1cGRhdGUiOjYwMDAwMDAwMDAwMH0sInNjaGVtYV92ZXJzaW9uIjoiMiJ9",
          "dependencies": [
            "aws_iam_instance_profile.datadog_instance_profile",
            "aws_iam_role.datadog_aws_integration",
            "aws_security_group.unified_sg",
            "data.aws_caller_identity.current",
            "data.aws_iam_policy_document.datadog_aws_integration_assume_role",
            "datadog_integration_aws_account.datadog_integration"
          ]
        }
      ]
    },
    {
      "mode": "managed",
      "type": "aws_security_group",
      "name": "unified_sg",
      "provider": "provider[\"registry.terraform.io/hashicorp/aws\"]",
      "instances": [
        {
          "schema_version": 1,
          "attributes": {
            "arn": "arn:aws:ec2:us-west-2:593096747136:security-group/sg-088583e5113086647",
            "description": "Unified security group for monorepo instance with Datadog monitoring",
            "egress": [
              {
                "cidr_blocks": [
                  "0.0.0.0/0"
                ],
                "description": "DNS resolution",
                "from_port": 53,
                "ipv6_cidr_blocks": [],
                "prefix_list_ids": [],
                "protocol": "udp",
                "security_groups": [],
                "self": false,
                "to_port": 53
              },
              {
                "cidr_blocks": [
                  "0.0.0.0/0"
                ],
                "description": "HTTP egress for system updates",
                "from_port": 80,
                "ipv6_cidr_blocks": [],
                "prefix_list_ids": [],
                "protocol": "tcp",
                "security_groups": [],
                "self": false,
                "to_port": 80
              },
              {
                "cidr_blocks": [
                  "0.0.0.0/0"
                ],
                "description": "HTTPS egress for Datadog, NPM, Docker Hub",
                "from_port": 443,
                "ipv6_cidr_blocks": [],
                "prefix_list_ids": [],
                "protocol": "tcp",
                "security_groups": [],
                "self": false,
                "to_port": 443
              },
              {
                "cidr_blocks": [
                  "172.16.0.0/12"
                ],
                "description": "Internal Docker network communication",
                "from_port": 0,
                "ipv6_cidr_blocks": [],
                "prefix_list_ids": [],
                "protocol": "tcp",
                "security_groups": [],
                "self": false,
                "to_port": 65535
              }
            ],
            "id": "sg-088583e5113086647",
            "ingress": [
              {
                "cidr_blocks": [
                  "0.0.0.0/0"
                ],
                "description": "Backend API",
                "from_port": 8080,
                "ipv6_cidr_blocks": [],
                "prefix_list_ids": [],
                "protocol": "tcp",
                "security_groups": [],
                "self": false,
                "to_port": 8080
              },
              {
                "cidr_blocks": [
                  "0.0.0.0/0"
                ],
                "description": "Frontend web interface",
                "from_port": 3000,
                "ipv6_cidr_blocks": [],
                "prefix_list_ids": [],
                "protocol": "tcp",
                "security_groups": [],
                "self": false,
                "to_port": 3000
              },
              {
                "cidr_blocks": [
                  "0.0.0.0/0"
                ],
                "description": "SSH access",
                "from_port": 22,
                "ipv6_cidr_blocks": [],
                "prefix_list_ids": [],
                "protocol": "tcp",
                "security_groups": [],
                "self": false,
                "to_port": 22
              },
              {
                "cidr_blocks": [
                  "10.0.0.0/8",
                  "172.16.0.0/12",
                  "192.168.0.0/16"
                ],
                "description": "PostgreSQL database access from private networks",
                "from_port": 5432,
                "ipv6_cidr_blocks": [],
                "prefix_list_ids": [],
                "protocol": "tcp",
                "security_groups": [],
                "self": false,
                "to_port": 5432
              }
            ],
            "name": "ai4devs-unified-20250923143920409000000001",
            "name_prefix": "ai4devs-unified-",
            "owner_id": "593096747136",
            "region": "us-west-2",
            "revoke_rules_on_delete": false,
            "tags": {
              "Environment": "production",
              "Monitoring": "datadog",
              "Name": "ai4devs-unified-sg",
              "Service": "monorepo-instance"
            },
            "tags_all": {
              "Environment": "production",
              "Monitoring": "datadog",
              "Name": "ai4devs-unified-sg",
              "Service": "monorepo-instance"
            },
            "timeouts": null,
            "vpc_id": "vpc-98f56fe0"
          },
          "sensitive_attributes": [],
          "private": "eyJlMmJmYjczMC1lY2FhLTExZTYtOGY4OC0zNDM2M2JjN2M0YzAiOnsiY3JlYXRlIjo2MDAwMDAwMDAwMDAsImRlbGV0ZSI6OTAwMDAwMDAwMDAwfSwic2NoZW1hX3ZlcnNpb24iOiIxIn0="
        }
      ]
    },
    {
      "mode": "managed",
      "type": "datadog_integration_aws_account",
      "name": "datadog_integration",
      "provider": "provider[\"registry.terraform.io/datadog/datadog\"]",
      "instances": [
        {
          "schema_version": 0,
          "attributes": {
            "account_tags": [],
            "auth_config": {
              "aws_auth_config_keys": null,
              "aws_auth_config_role": {
                "external_id": "7ecf9c7ab3e84e2f9e0c224524174f82",
                "role_name": "DatadogIntegrationRole"
              }
            },
            "aws_account_id": "593096747136",
            "aws_partition": "aws",
            "aws_regions": {
              "include_all": null,
              "include_only": [
                "us-west-2"
              ]
            },
            "id": "6dbf12cf-ad87-41ec-bfc4-175a5acd6bc7",
            "logs_config": {
              "lambda_forwarder": {
                "lambdas": [],
                "log_source_config": null,
                "sources": []
              }
            },
            "metrics_config": {
              "automute_enabled": true,
              "collect_cloudwatch_alarms": false,
              "collect_custom_metrics": false,
              "enabled": true,
              "namespace_filters": {
                "exclude_only": [
                  "AWS/SQS",
                  "AWS/ElasticMapReduce",
                  "AWS/Usage"
                ],
                "include_only": null
              },
              "tag_filters": []
            },
            "resources_config": {
              "cloud_security_posture_management_collection": false,
              "extended_collection": true
            },
            "traces_config": {
              "xray_services": {
                "include_all": null,
                "include_only": []
              }
            }
          },
          "sensitive_attributes": [],
          "dependencies": [
            "data.aws_caller_identity.current"
          ]
        }
      ]
    }
  ],
  "check_results": null
}
