{
  "version": 4,
  "terraform_version": "1.5.7",
  "serial": 595,
  "lineage": "1e86169c-593d-dc9b-085e-85f307be74e1",
  "outputs": {
    "connection_commands": {
      "value": {
        "backend_api": "http://44.252.128.128:8080",
        "frontend": "http://44.252.128.128:3000",
        "ssh": "ssh -i ~/.ssh/AI4Devs.pem ec2-user@44.252.128.128"
      },
      "type": [
        "object",
        {
          "backend_api": "string",
          "frontend": "string",
          "ssh": "string"
        }
      ]
    },
    "datadog_integration_external_id": {
      "value": "9fccfea3222c425ea8cbee7dd2c1e31c",
      "type": "string",
      "sensitive": true
    },
    "datadog_role_arn": {
      "value": "arn:aws:iam::593096747136:role/DatadogIntegrationRole",
      "type": "string"
    },
    "instance_id": {
      "value": "i-0fb6090f50ac806d0",
      "type": "string"
    },
    "instance_public_dns": {
      "value": "ec2-44-252-128-128.us-west-2.compute.amazonaws.com",
      "type": "string"
    },
    "instance_public_ip": {
      "value": "44.252.128.128",
      "type": "string"
    },
    "security_group_id": {
      "value": "sg-002715e72c0dfaa74",
      "type": "string"
    }
  },
  "resources": [
    {
      "mode": "data",
      "type": "aws_caller_identity",
      "name": "current",
      "provider": "provider[\"registry.terraform.io/hashicorp/aws\"]",
      "instances": [
        {
          "schema_version": 0,
          "attributes": {
            "account_id": "593096747136",
            "arn": "arn:aws:iam::593096747136:root",
            "id": "593096747136",
            "user_id": "593096747136"
          },
          "sensitive_attributes": []
        }
      ]
    },
    {
      "mode": "data",
      "type": "aws_iam_policy_document",
      "name": "datadog_aws_integration",
      "provider": "provider[\"registry.terraform.io/hashicorp/aws\"]",
      "instances": [
        {
          "schema_version": 0,
          "attributes": {
            "id": "1133542322",
            "json": "{\n  \"Version\": \"2012-10-17\",\n  \"Statement\": [\n    {\n      \"Effect\": \"Allow\",\n      \"Action\": [\n        \"tag:GetResources\",\n        \"logs:DescribeLogStreams\",\n        \"logs:DescribeLogGroups\",\n        \"ec2:Describe*\",\n        \"cloudwatch:List*\",\n        \"cloudwatch:Get*\"\n      ],\n      \"Resource\": \"*\"\n    }\n  ]\n}",
            "minified_json": "{\"Version\":\"2012-10-17\",\"Statement\":[{\"Effect\":\"Allow\",\"Action\":[\"tag:GetResources\",\"logs:DescribeLogStreams\",\"logs:DescribeLogGroups\",\"ec2:Describe*\",\"cloudwatch:List*\",\"cloudwatch:Get*\"],\"Resource\":\"*\"}]}",
            "override_json": null,
            "override_policy_documents": null,
            "policy_id": null,
            "source_json": null,
            "source_policy_documents": null,
            "statement": [
              {
                "actions": [
                  "cloudwatch:Get*",
                  "cloudwatch:List*",
                  "ec2:Describe*",
                  "logs:DescribeLogGroups",
                  "logs:DescribeLogStreams",
                  "tag:GetResources"
                ],
                "condition": [],
                "effect": "Allow",
                "not_actions": [],
                "not_principals": [],
                "not_resources": [],
                "principals": [],
                "resources": [
                  "*"
                ],
                "sid": ""
              }
            ],
            "version": "2012-10-17"
          },
          "sensitive_attributes": []
        }
      ]
    },
    {
      "mode": "data",
      "type": "aws_iam_policy_document",
      "name": "datadog_aws_integration_assume_role",
      "provider": "provider[\"registry.terraform.io/hashicorp/aws\"]",
      "instances": [
        {
          "schema_version": 0,
          "attributes": {
            "id": "4086707300",
            "json": "{\n  \"Version\": \"2012-10-17\",\n  \"Statement\": [\n    {\n      \"Effect\": \"Allow\",\n      \"Action\": \"sts:AssumeRole\",\n      \"Principal\": {\n        \"AWS\": \"arn:aws:iam::464622532012:root\"\n      },\n      \"Condition\": {\n        \"StringEquals\": {\n          \"sts:ExternalId\": \"9fccfea3222c425ea8cbee7dd2c1e31c\"\n        }\n      }\n    }\n  ]\n}",
            "minified_json": "{\"Version\":\"2012-10-17\",\"Statement\":[{\"Effect\":\"Allow\",\"Action\":\"sts:AssumeRole\",\"Principal\":{\"AWS\":\"arn:aws:iam::464622532012:root\"},\"Condition\":{\"StringEquals\":{\"sts:ExternalId\":\"9fccfea3222c425ea8cbee7dd2c1e31c\"}}}]}",
            "override_json": null,
            "override_policy_documents": null,
            "policy_id": null,
            "source_json": null,
            "source_policy_documents": null,
            "statement": [
              {
                "actions": [
                  "sts:AssumeRole"
                ],
                "condition": [
                  {
                    "test": "StringEquals",
                    "values": [
                      "9fccfea3222c425ea8cbee7dd2c1e31c"
                    ],
                    "variable": "sts:ExternalId"
                  }
                ],
                "effect": "Allow",
                "not_actions": [],
                "not_principals": [],
                "not_resources": [],
                "principals": [
                  {
                    "identifiers": [
                      "arn:aws:iam::464622532012:root"
                    ],
                    "type": "AWS"
                  }
                ],
                "resources": [],
                "sid": ""
              }
            ],
            "version": "2012-10-17"
          },
          "sensitive_attributes": []
        }
      ]
    },
    {
      "mode": "managed",
      "type": "aws_iam_instance_profile",
      "name": "datadog_instance_profile",
      "provider": "provider[\"registry.terraform.io/hashicorp/aws\"]",
      "instances": [
        {
          "schema_version": 0,
          "attributes": {
            "arn": "arn:aws:iam::593096747136:instance-profile/ai4devs-datadog-instance-profile",
            "create_date": "2025-09-23T18:13:18Z",
            "id": "ai4devs-datadog-instance-profile",
            "name": "ai4devs-datadog-instance-profile",
            "name_prefix": "",
            "path": "/",
            "role": "DatadogIntegrationRole",
            "tags": null,
            "tags_all": {},
            "unique_id": "AIPAYUF2SFCAIM544ULG4"
          },
          "sensitive_attributes": [],
          "private": "bnVsbA==",
          "dependencies": [
            "aws_iam_role.datadog_aws_integration",
            "data.aws_caller_identity.current",
            "data.aws_iam_policy_document.datadog_aws_integration_assume_role",
            "datadog_integration_aws_account.datadog_integration"
          ]
        }
      ]
    },
    {
      "mode": "managed",
      "type": "aws_iam_policy",
      "name": "datadog_aws_integration",
      "provider": "provider[\"registry.terraform.io/hashicorp/aws\"]",
      "instances": [
        {
          "schema_version": 0,
          "attributes": {
            "arn": "arn:aws:iam::593096747136:policy/DatadogAWSIntegrationPolicy",
            "attachment_count": 0,
            "description": "",
            "id": "arn:aws:iam::593096747136:policy/DatadogAWSIntegrationPolicy",
            "name": "DatadogAWSIntegrationPolicy",
            "name_prefix": "",
            "path": "/",
            "policy": "{\"Statement\":[{\"Action\":[\"tag:GetResources\",\"logs:DescribeLogStreams\",\"logs:DescribeLogGroups\",\"ec2:Describe*\",\"cloudwatch:List*\",\"cloudwatch:Get*\"],\"Effect\":\"Allow\",\"Resource\":\"*\"}],\"Version\":\"2012-10-17\"}",
            "policy_id": "ANPAYUF2SFCAFRPJ62POY",
            "tags": null,
            "tags_all": {}
          },
          "sensitive_attributes": [],
          "private": "bnVsbA==",
          "dependencies": [
            "data.aws_iam_policy_document.datadog_aws_integration"
          ]
        }
      ]
    },
    {
      "mode": "managed",
      "type": "aws_iam_role",
      "name": "datadog_aws_integration",
      "provider": "provider[\"registry.terraform.io/hashicorp/aws\"]",
      "instances": [
        {
          "schema_version": 0,
          "attributes": {
            "arn": "arn:aws:iam::593096747136:role/DatadogIntegrationRole",
            "assume_role_policy": "{\"Statement\":[{\"Action\":\"sts:AssumeRole\",\"Condition\":{\"StringEquals\":{\"sts:ExternalId\":\"9fccfea3222c425ea8cbee7dd2c1e31c\"}},\"Effect\":\"Allow\",\"Principal\":{\"AWS\":\"arn:aws:iam::464622532012:root\"}}],\"Version\":\"2012-10-17\"}",
            "create_date": "2025-09-23T18:13:18Z",
            "description": "Role for Datadog AWS Integration",
            "force_detach_policies": false,
            "id": "DatadogIntegrationRole",
            "inline_policy": [],
            "managed_policy_arns": [],
            "max_session_duration": 3600,
            "name": "DatadogIntegrationRole",
            "name_prefix": "",
            "path": "/",
            "permissions_boundary": "",
            "tags": {
              "Purpose": "DatadogIntegration",
              "Region": "us-west-2"
            },
            "tags_all": {
              "Purpose": "DatadogIntegration",
              "Region": "us-west-2"
            },
            "unique_id": "AROAYUF2SFCAIYICACZL7"
          },
          "sensitive_attributes": [],
          "private": "bnVsbA==",
          "dependencies": [
            "data.aws_caller_identity.current",
            "data.aws_iam_policy_document.datadog_aws_integration_assume_role",
            "datadog_integration_aws_account.datadog_integration"
          ]
        }
      ]
    },
    {
      "mode": "managed",
      "type": "aws_iam_role_policy_attachment",
      "name": "datadog_aws_integration",
      "provider": "provider[\"registry.terraform.io/hashicorp/aws\"]",
      "instances": [
        {
          "schema_version": 0,
          "attributes": {
            "id": "DatadogIntegrationRole/arn:aws:iam::593096747136:policy/DatadogAWSIntegrationPolicy",
            "policy_arn": "arn:aws:iam::593096747136:policy/DatadogAWSIntegrationPolicy",
            "role": "DatadogIntegrationRole"
          },
          "sensitive_attributes": [],
          "private": "bnVsbA==",
          "dependencies": [
            "aws_iam_policy.datadog_aws_integration",
            "aws_iam_role.datadog_aws_integration",
            "data.aws_caller_identity.current",
            "data.aws_iam_policy_document.datadog_aws_integration",
            "data.aws_iam_policy_document.datadog_aws_integration_assume_role",
            "datadog_integration_aws_account.datadog_integration"
          ]
        }
      ]
    },
    {
      "mode": "managed",
      "type": "aws_iam_role_policy_attachment",
      "name": "datadog_aws_integration_security_audit",
      "provider": "provider[\"registry.terraform.io/hashicorp/aws\"]",
      "instances": [
        {
          "schema_version": 0,
          "attributes": {
            "id": "DatadogIntegrationRole/arn:aws:iam::aws:policy/SecurityAudit",
            "policy_arn": "arn:aws:iam::aws:policy/SecurityAudit",
            "role": "DatadogIntegrationRole"
          },
          "sensitive_attributes": [],
          "private": "bnVsbA==",
          "dependencies": [
            "aws_iam_role.datadog_aws_integration",
            "data.aws_caller_identity.current",
            "data.aws_iam_policy_document.datadog_aws_integration_assume_role",
            "datadog_integration_aws_account.datadog_integration"
          ]
        }
      ]
    },
    {
      "mode": "managed",
      "type": "aws_instance",
      "name": "monorepo_instance",
      "provider": "provider[\"registry.terraform.io/hashicorp/aws\"]",
      "instances": [
        {
          "schema_version": 2,
          "attributes": {
            "ami": "ami-024e4b8b6ef78434a",
            "arn": "arn:aws:ec2:us-west-2:593096747136:instance/i-0fb6090f50ac806d0",
            "associate_public_ip_address": true,
            "availability_zone": "us-west-2b",
            "capacity_reservation_specification": [
              {
                "capacity_reservation_preference": "open",
                "capacity_reservation_target": []
              }
            ],
            "cpu_options": [
              {
                "amd_sev_snp": "",
                "core_count": 1,
                "threads_per_core": 2
              }
            ],
            "credit_specification": [
              {
                "cpu_credits": "unlimited"
              }
            ],
            "disable_api_stop": false,
            "disable_api_termination": false,
            "ebs_block_device": [],
            "ebs_optimized": false,
            "enable_primary_ipv6": null,
            "enclave_options": [
              {
                "enabled": false
              }
            ],
            "ephemeral_block_device": [],
            "force_destroy": false,
            "get_password_data": false,
            "hibernation": false,
            "host_id": "",
            "host_resource_group_arn": null,
            "iam_instance_profile": "ai4devs-datadog-instance-profile",
            "id": "i-0fb6090f50ac806d0",
            "instance_initiated_shutdown_behavior": "stop",
            "instance_lifecycle": "",
            "instance_market_options": [],
            "instance_state": "running",
            "instance_type": "t3.small",
            "ipv6_address_count": 0,
            "ipv6_addresses": [],
            "key_name": "AI4Devs",
            "launch_template": [],
            "maintenance_options": [
              {
                "auto_recovery": "default"
              }
            ],
            "metadata_options": [
              {
                "http_endpoint": "enabled",
                "http_protocol_ipv6": "disabled",
                "http_put_response_hop_limit": 1,
                "http_tokens": "optional",
                "instance_metadata_tags": "disabled"
              }
            ],
            "monitoring": false,
            "network_interface": [],
            "outpost_arn": "",
            "password_data": "",
            "placement_group": "",
            "placement_group_id": "",
            "placement_partition_number": 0,
            "primary_network_interface": [
              {
                "delete_on_termination": true,
                "network_interface_id": "eni-04dd912ec665beb2e"
              }
            ],
            "primary_network_interface_id": "eni-04dd912ec665beb2e",
            "private_dns": "ip-172-31-35-61.us-west-2.compute.internal",
            "private_dns_name_options": [
              {
                "enable_resource_name_dns_a_record": false,
                "enable_resource_name_dns_aaaa_record": false,
                "hostname_type": "ip-name"
              }
            ],
            "private_ip": "172.31.35.61",
            "public_dns": "ec2-44-252-128-128.us-west-2.compute.amazonaws.com",
            "public_ip": "44.252.128.128",
            "region": "us-west-2",
            "root_block_device": [
              {
                "delete_on_termination": true,
                "device_name": "/dev/xvda",
                "encrypted": false,
                "iops": 100,
                "kms_key_id": "",
                "tags": {},
                "tags_all": {},
                "throughput": 0,
                "volume_id": "vol-0d7019861f0cfd8c6",
                "volume_size": 8,
                "volume_type": "gp2"
              }
            ],
            "secondary_private_ips": [],
            "security_groups": [
              "ai4devs-unified-20250923181317210600000001"
            ],
            "source_dest_check": true,
            "spot_instance_request_id": "",
            "subnet_id": "subnet-3cc9d877",
            "tags": {
              "Environment": "production",
              "Monitoring": "datadog",
              "Name": "ai4devs-monorepo-instance",
              "Region": "us-west-2",
              "Service": "backend,frontend"
            },
            "tags_all": {
              "Environment": "production",
              "Monitoring": "datadog",
              "Name": "ai4devs-monorepo-instance",
              "Region": "us-west-2",
              "Service": "backend,frontend"
            },
            "tenancy": "default",
            "timeouts": null,
            "user_data": null,
            "user_data_base64": "ICAgICMhL2Jpbi9iYXNoCiAgICAjIEFJNERldnMgRnVsbCBTdGFjayBEZXBsb3ltZW50IHdpdGggRGF0YWRvZyBJbnRlZ3JhdGlvbgogICAgc2V0IC1lCiAgICAKICAgICMgTG9nZ2luZyBmdW5jdGlvbgogICAgbG9nKCkgewogICAgICAgIGVjaG8gIiQoZGF0ZSAnKyVZLSVtLSVkICVIOiVNOiVTJyk6ICQxIiB8IHRlZSAtYSAvdmFyL2xvZy9haTRkZXZzLWRlcGxveW1lbnQubG9nCiAgICB9CiAgICAKICAgIGxvZyAiU3RhcnRpbmcgQUk0RGV2cyBkZXBsb3ltZW50Li4uIgogICAgCiAgICAjIFN5c3RlbSB1cGRhdGVzIGFuZCBkZXBlbmRlbmNpZXMKICAgIGxvZyAiSW5zdGFsbGluZyBzeXN0ZW0gZGVwZW5kZW5jaWVzLi4uIgogICAgeXVtIHVwZGF0ZSAteQogICAgeXVtIGluc3RhbGwgLXkgZG9ja2VyIGdpdCBjdXJsIHdnZXQgdW56aXAKICAgIAogICAgIyBJbnN0YWxsIE5vZGUuanMgYW5kIG5wbSB1c2luZyBudm0gKExhdGVzdCBtZXRob2QgZm9yIEFtYXpvbiBMaW51eCkKICAgIGxvZyAiSW5zdGFsbGluZyBOb2RlLmpzIGFuZCBucG0gdmlhIG52bS4uLiIKICAgIGN1cmwgLW8tIGh0dHBzOi8vcmF3LmdpdGh1YnVzZXJjb250ZW50LmNvbS9udm0tc2gvbnZtL3YwLjQwLjEvaW5zdGFsbC5zaCB8IGJhc2gKICAgIAogICAgIyBSZWxvYWQgc2hlbGwgdG8gbWFrZSBudm0gYXZhaWxhYmxlCiAgICBleHBvcnQgTlZNX0RJUj0iJEhPTUUvLm52bSIKICAgIFsgLXMgIiROVk1fRElSL252bS5zaCIgXSAmJiBcLiAiJE5WTV9ESVIvbnZtLnNoIgogICAgWyAtcyAiJE5WTV9ESVIvYmFzaF9jb21wbGV0aW9uIiBdICYmIFwuICIkTlZNX0RJUi9iYXNoX2NvbXBsZXRpb24iCiAgICAKICAgICMgVmVyaWZ5IG52bSBpbnN0YWxsYXRpb24KICAgIGxvZyAiVmVyaWZ5aW5nIG52bSBpbnN0YWxsYXRpb24uLi4iCiAgICBudm0gLS12ZXJzaW9uCiAgICAKICAgICMgSW5zdGFsbCBOb2RlLmpzIDE4IHVzaW5nIEFXUyBwcmUtY29tcGlsZWQgYmluYXJpZXMgKEFtYXpvbiBMaW51eCAyIGNvbXBhdGlibGUpCiAgICBsb2cgIkluc3RhbGxpbmcgTm9kZS5qcyAxOCB1c2luZyBBV1MgcHJlLWNvbXBpbGVkIGJpbmFyaWVzLi4uIgogICAgd2dldCAtbnYgaHR0cHM6Ly9kM3JuYmVyN3J5OTBldC5jbG91ZGZyb250Lm5ldC9saW51eC14ODZfNjQvbm9kZS12MTguMTcuMS50YXIuZ3oKICAgIG1rZGlyIC1wIC91c3IvbG9jYWwvbGliL25vZGUKICAgIHRhciAteGYgbm9kZS12MTguMTcuMS50YXIuZ3oKICAgIG12IG5vZGUtdjE4LjE3LjEgL3Vzci9sb2NhbC9saWIvbm9kZS9ub2RlanMKICAgIAogICAgIyBDcmVhdGUgc3ltbGlua3MgZm9yIGdsb2JhbCBhY2Nlc3MKICAgIGxuIC1zIC91c3IvbG9jYWwvbGliL25vZGUvbm9kZWpzL2Jpbi9ub2RlIC91c3IvbG9jYWwvYmluL25vZGUKICAgIGxuIC1zIC91c3IvbG9jYWwvbGliL25vZGUvbm9kZWpzL2Jpbi9ucG0gL3Vzci9sb2NhbC9iaW4vbnBtCiAgICBsbiAtcyAvdXNyL2xvY2FsL2xpYi9ub2RlL25vZGVqcy9iaW4vbnB4IC91c3IvbG9jYWwvYmluL25weAogICAgCiAgICAjIEFkZCB0byBQQVRICiAgICBlY2hvICdleHBvcnQgUEFUSD0vdXNyL2xvY2FsL2xpYi9ub2RlL25vZGVqcy9iaW46JFBBVEgnID4+IC9ob21lL2VjMi11c2VyLy5iYXNocmMKICAgIGV4cG9ydCBQQVRIPS91c3IvbG9jYWwvbGliL25vZGUvbm9kZWpzL2JpbjokUEFUSAogICAgCiAgICAjIFZlcmlmeSBOb2RlLmpzIGluc3RhbGxhdGlvbgogICAgbG9nICJWZXJpZnlpbmcgTm9kZS5qcyBpbnN0YWxsYXRpb24uLi4iCiAgICBub2RlIC0tdmVyc2lvbgogICAgbnBtIC0tdmVyc2lvbgogICAgCiAgICAjIEluc3RhbGwgRG9ja2VyIENvbXBvc2UKICAgIGxvZyAiSW5zdGFsbGluZyBEb2NrZXIgQ29tcG9zZS4uLiIKICAgIGN1cmwgLUwgImh0dHBzOi8vZ2l0aHViLmNvbS9kb2NrZXIvY29tcG9zZS9yZWxlYXNlcy9sYXRlc3QvZG93bmxvYWQvZG9ja2VyLWNvbXBvc2UtJCh1bmFtZSAtcyktJCh1bmFtZSAtbSkiIC1vIC91c3IvbG9jYWwvYmluL2RvY2tlci1jb21wb3NlCiAgICBjaG1vZCAreCAvdXNyL2xvY2FsL2Jpbi9kb2NrZXItY29tcG9zZQogICAgCiAgICAjIERvY2tlciBzZXR1cAogICAgbG9nICJDb25maWd1cmluZyBEb2NrZXIuLi4iCiAgICBzZXJ2aWNlIGRvY2tlciBzdGFydAogICAgdXNlcm1vZCAtYSAtRyBkb2NrZXIgZWMyLXVzZXIKICAgIHN5c3RlbWN0bCBlbmFibGUgZG9ja2VyCiAgICAKICAgICMgV2FpdCBmb3IgRG9ja2VyIHRvIGJlIHJlYWR5CiAgICBzbGVlcCAxMAogICAgCiAgICAjIERhdGFkb2cgQWdlbnQgaW5zdGFsbGF0aW9uCiAgICBsb2cgIkluc3RhbGxpbmcgRGF0YWRvZyBBZ2VudC4uLiIKICAgIEREX0FQSV9LRVk9ImJiYjM1MzI2NzI5NDYwOWE5ZjBlZDI1ZGU5ZDc4NGFmIiBcCiAgICBERF9TSVRFPSJ1czMuZGF0YWRvZ2hxLmNvbSIgXAogICAgRERfQVBNX0VOQUJMRUQ9dHJ1ZSBcCiAgICBERF9MT0dTX0VOQUJMRUQ9dHJ1ZSBcCiAgICBiYXNoIC1jICIkKGN1cmwgLUwgaHR0cHM6Ly9pbnN0YWxsLmRhdGFkb2docS5jb20vc2NyaXB0cy9pbnN0YWxsX3NjcmlwdC5zaCkiCiAgICAKICAgICMgQ29uZmlndXJlIERhdGFkb2cgdGFncyBhbmQgaW50ZWdyYXRpb25zCiAgICBsb2cgIkNvbmZpZ3VyaW5nIERhdGFkb2cgQWdlbnQuLi4iCiAgICBjYXQgPj4gL2V0Yy9kYXRhZG9nLWFnZW50L2RhdGFkb2cueWFtbCA8PCAnRU9MJwp0YWdzOiBlbnY6cHJvZHVjdGlvbiwgc2VydmljZTphaTRkZXZzLW1vbm9yZXBvLCByZWdpb246dXMtd2VzdC0yLCBjb21wb25lbnQ6ZnVsbC1zdGFjawpsb2dzX2VuYWJsZWQ6IHRydWUKYXBtX2NvbmZpZzoKICBlbmFibGVkOiB0cnVlCiAgZW52OiBwcm9kdWN0aW9uCnByb2Nlc3NfY29uZmlnOgogIGVuYWJsZWQ6ICJ0cnVlIgpFT0wKICAgIAogICAgIyBFbmFibGUgRG9ja2VyIGludGVncmF0aW9uIGZvciBEYXRhZG9nCiAgICBta2RpciAtcCAvZXRjL2RhdGFkb2ctYWdlbnQvY29uZi5kL2RvY2tlci5kLwogICAgY2F0ID4gL2V0Yy9kYXRhZG9nLWFnZW50L2NvbmYuZC9kb2NrZXIuZC9jb25mLnlhbWwgPDwgJ0VPTCcKaW5pdF9jb25maWc6CgppbnN0YW5jZXM6CiAgLSB1cmw6ICJ1bml4Oi8vdmFyL3J1bi9kb2NrZXIuc29jayIKICAgIG5ld190YWdfbmFtZXM6IHRydWUKRU9MCiAgICAKICAgIHN5c3RlbWN0bCByZXN0YXJ0IGRhdGFkb2ctYWdlbnQKICAgIAogICAgIyBBcHBsaWNhdGlvbiBzZXR1cCAtIENsb25lIHJlYWwgcmVwb3NpdG9yeQogICAgbG9nICJDbG9uaW5nIHJlYWwgQUk0RGV2cyByZXBvc2l0b3J5Li4uIgogICAgY2QgL29wdAogICAgCiAgICAjIEluc3RhbGwgZ2l0IGlmIG5vdCBwcmVzZW50CiAgICB5dW0gaW5zdGFsbCAteSBnaXQKICAgIAogICAgIyBDbG9uZSB0aGUgYWN0dWFsIHJlcG9zaXRvcnkKICAgIGdpdCBjbG9uZSBodHRwczovL2dpdGh1Yi5jb20vQ29kZXhKcC9BSTREZXZzLW1vbml0b3JpbmctSmFpcm9Qb2xvLmdpdCBhaTRkZXZzCiAgICBjZCAvb3B0L2FpNGRldnMKICAgIAogICAgIyBWZXJpZnkgcmVwb3NpdG9yeSBzdHJ1Y3R1cmUKICAgIGxvZyAiUmVwb3NpdG9yeSBjbG9uZWQgc3VjY2Vzc2Z1bGx5LiBDb250ZW50czoiCiAgICBscyAtbGEKICAgIAogICAgIyBDcmVhdGUgZW52aXJvbm1lbnQgZmlsZQogICAgY2F0ID4gLmVudiA8PCAnRU9MJwpEQl9QQVNTV09SRD1EMXltZjh3eVFFR3RoRlIxRTl4aENxCkRCX1VTRVI9TFRJZGJVc2VyCkRCX05BTUU9TFRJZGIKREJfUE9SVD01NDMyCkRBVEFCQVNFX1VSTD1wb3N0Z3Jlc3FsOi8vTFRJZGJVc2VyOkQxeW1mOHd5UUVHdGhGUjFFOXhoQ3FAZGI6NTQzMi9MVElkYgpOT0RFX0VOVj1wcm9kdWN0aW9uCkRBVEFET0dfQVBJX0tFWT1iYmIzNTMyNjcyOTQ2MDlhOWYwZWQyNWRlOWQ3ODRhZgpFT0wKICAgIAogICAgIyBVc2UgdGhlIGV4aXN0aW5nIGRvY2tlci1jb21wb3NlLnltbCBmcm9tIHJlcG9zaXRvcnkKICAgIGxvZyAiQ29uZmlndXJpbmcgZG9ja2VyLWNvbXBvc2UgZm9yIHByb2R1Y3Rpb24uLi4iCiAgICAKICAgICMgQmFja3VwIG9yaWdpbmFsIGRvY2tlci1jb21wb3NlIGlmIGV4aXN0cwogICAgaWYgWyAtZiBkb2NrZXItY29tcG9zZS55bWwgXTsgdGhlbgogICAgICAgIGNwIGRvY2tlci1jb21wb3NlLnltbCBkb2NrZXItY29tcG9zZS55bWwuYmFja3VwCiAgICBmaQogICAgCiAgICAjIENyZWF0ZSBwcm9kdWN0aW9uIGRvY2tlci1jb21wb3NlLnltbAogICAgY2F0ID4gZG9ja2VyLWNvbXBvc2UueW1sIDw8ICdFT0wnCnZlcnNpb246ICIzLjgiCgpzZXJ2aWNlczoKICAjIFBvc3RncmVTUUwgRGF0YWJhc2UKICBkYjoKICAgIGltYWdlOiBwb3N0Z3JlczoxNQogICAgcmVzdGFydDogYWx3YXlzCiAgICBlbnZpcm9ubWVudDoKICAgICAgUE9TVEdSRVNfUEFTU1dPUkQ6IEQxeW1mOHd5UUVHdGhGUjFFOXhoQ3EKICAgICAgUE9TVEdSRVNfVVNFUjogTFRJZGJVc2VyCiAgICAgIFBPU1RHUkVTX0RCOiBMVElkYgogICAgcG9ydHM6CiAgICAgIC0gIjU0MzI6NTQzMiIKICAgIHZvbHVtZXM6CiAgICAgIC0gcG9zdGdyZXNfZGF0YTovdmFyL2xpYi9wb3N0Z3Jlc3FsL2RhdGEKICAgIG5ldHdvcmtzOgogICAgICAtIGFpNGRldnMtbmV0d29yawogICAgaGVhbHRoY2hlY2s6CiAgICAgIHRlc3Q6IFsiQ01ELVNIRUxMIiwgInBnX2lzcmVhZHkgLVUgTFRJZGJVc2VyIC1kIExUSWRiIl0KICAgICAgaW50ZXJ2YWw6IDEwcwogICAgICB0aW1lb3V0OiA1cwogICAgICByZXRyaWVzOiA1CiAgICBsYWJlbHM6CiAgICAgIC0gImNvbS5kYXRhZG9naHEuYWQubG9ncz1be1wic291cmNlXCI6XCJwb3N0Z3Jlc3FsXCIsXCJzZXJ2aWNlXCI6XCJhaTRkZXZzLWRiXCJ9XSIKCiAgIyBCYWNrZW5kIEFQSSAtIFJlYWwgVHlwZVNjcmlwdCBCYWNrZW5kCiAgYmFja2VuZDoKICAgIGJ1aWxkOgogICAgICBjb250ZXh0OiAuL2JhY2tlbmQKICAgICAgZG9ja2VyZmlsZTogRG9ja2VyZmlsZQogICAgcmVzdGFydDogYWx3YXlzCiAgICBlbnZpcm9ubWVudDoKICAgICAgLSBEQVRBQkFTRV9VUkw9cG9zdGdyZXNxbDovL0xUSWRiVXNlcjpEMXltZjh3eVFFR3RoRlIxRTl4aENxQGRiOjU0MzIvTFRJZGIKICAgICAgLSBOT0RFX0VOVj1wcm9kdWN0aW9uCiAgICAgIC0gUE9SVD04MDgwCiAgICAgIC0gRERfRU5WPXByb2R1Y3Rpb24KICAgICAgLSBERF9TRVJWSUNFPWFpNGRldnMtYmFja2VuZAogICAgICAtIEREX1ZFUlNJT049MS4wLjAKICAgIHBvcnRzOgogICAgICAtICI4MDgwOjgwODAiCiAgICBkZXBlbmRzX29uOgogICAgICBkYjoKICAgICAgICBjb25kaXRpb246IHNlcnZpY2VfaGVhbHRoeQogICAgbmV0d29ya3M6CiAgICAgIC0gYWk0ZGV2cy1uZXR3b3JrCiAgICB2b2x1bWVzOgogICAgICAtIC4vYmFja2VuZC91cGxvYWRzOi91c3Ivc3JjL2FwcC91cGxvYWRzCiAgICBsYWJlbHM6CiAgICAgIC0gImNvbS5kYXRhZG9naHEuYWQubG9ncz1be1wic291cmNlXCI6XCJub2RlanNcIixcInNlcnZpY2VcIjpcImFpNGRldnMtYmFja2VuZFwifV0iCiAgICBoZWFsdGhjaGVjazoKICAgICAgdGVzdDogWyJDTUQiLCAiY3VybCIsICItZiIsICJodHRwOi8vbG9jYWxob3N0OjgwODAvaGVhbHRoIl0KICAgICAgaW50ZXJ2YWw6IDMwcwogICAgICB0aW1lb3V0OiAxMHMKICAgICAgcmV0cmllczogMwoKICAjIEZyb250ZW5kIFdlYiBBcHAgLSBSZWFsIFJlYWN0IEZyb250ZW5kCiAgZnJvbnRlbmQ6CiAgICBidWlsZDoKICAgICAgY29udGV4dDogLi9mcm9udGVuZAogICAgICBkb2NrZXJmaWxlOiBEb2NrZXJmaWxlCiAgICByZXN0YXJ0OiBhbHdheXMKICAgIGVudmlyb25tZW50OgogICAgICAtIE5PREVfRU5WPXByb2R1Y3Rpb24KICAgICAgLSBSRUFDVF9BUFBfQVBJX1VSTD1odHRwOi8vJChjdXJsIC1zIGh0dHA6Ly8xNjkuMjU0LjE2OS4yNTQvbGF0ZXN0L21ldGEtZGF0YS9wdWJsaWMtaXB2NCk6ODA4MAogICAgICAtIEREX0VOVj1wcm9kdWN0aW9uCiAgICAgIC0gRERfU0VSVklDRT1haTRkZXZzLWZyb250ZW5kCiAgICAgIC0gRERfVkVSU0lPTj0xLjAuMAogICAgcG9ydHM6CiAgICAgIC0gIjMwMDA6MzAwMCIKICAgIGRlcGVuZHNfb246CiAgICAgIC0gYmFja2VuZAogICAgbmV0d29ya3M6CiAgICAgIC0gYWk0ZGV2cy1uZXR3b3JrCiAgICBsYWJlbHM6CiAgICAgIC0gImNvbS5kYXRhZG9naHEuYWQubG9ncz1be1wic291cmNlXCI6XCJub2RlanNcIixcInNlcnZpY2VcIjpcImFpNGRldnMtZnJvbnRlbmRcIn1dIgogICAgaGVhbHRoY2hlY2s6CiAgICAgIHRlc3Q6IFsiQ01EIiwgImN1cmwiLCAiLWYiLCAiaHR0cDovL2xvY2FsaG9zdDozMDAwIl0KICAgICAgaW50ZXJ2YWw6IDMwcwogICAgICB0aW1lb3V0OiAxMHMKICAgICAgcmV0cmllczogMwoKdm9sdW1lczoKICBwb3N0Z3Jlc19kYXRhOgoKbmV0d29ya3M6CiAgYWk0ZGV2cy1uZXR3b3JrOgogICAgZHJpdmVyOiBicmlkZ2UKRU9MCiAgICAKICAgICMgQ3JlYXRlIERvY2tlcmZpbGVzIGZvciByZWFsIGFwcGxpY2F0aW9uCiAgICBsb2cgIkNyZWF0aW5nIERvY2tlcmZpbGVzIGZvciBiYWNrZW5kIGFuZCBmcm9udGVuZC4uLiIKICAgIAogICAgIyBCYWNrZW5kIERvY2tlcmZpbGUKICAgIGNhdCA+IGJhY2tlbmQvRG9ja2VyZmlsZSA8PCAnRU9MJwpGUk9NIG5vZGU6MTgtc2xpbQoKV09SS0RJUiAvdXNyL3NyYy9hcHAKCiMgSW5zdGFsbCBPcGVuU1NMIGFuZCBkZXBlbmRlbmNpZXMgZm9yIFByaXNtYQpSVU4gYXB0LWdldCB1cGRhdGUgJiYgYXB0LWdldCBpbnN0YWxsIC15IG9wZW5zc2wgY2EtY2VydGlmaWNhdGVzCgojIENvcHkgcGFja2FnZSBmaWxlcwpDT1BZIHBhY2thZ2UqLmpzb24gLi8KCiMgSW5zdGFsbCBkZXBlbmRlbmNpZXMKUlVOIG5wbSBpbnN0YWxsCgojIENvcHkgc291cmNlIGNvZGUKQ09QWSAuIC4KCiMgR2VuZXJhdGUgUHJpc21hIGNsaWVudApSVU4gbnB4IHByaXNtYSBnZW5lcmF0ZQoKIyBCdWlsZCB0aGUgYXBwbGljYXRpb24KUlVOIG5wbSBydW4gYnVpbGQKCiMgQ3JlYXRlIHVwbG9hZHMgZGlyZWN0b3J5ClJVTiBta2RpciAtcCB1cGxvYWRzCgojIEV4cG9zZSBwb3J0CkVYUE9TRSA4MDgwCgojIEhlYWx0aCBjaGVjawpIRUFMVEhDSEVDSyAtLWludGVydmFsPTMwcyAtLXRpbWVvdXQ9MTBzIC0tc3RhcnQtcGVyaW9kPTVzIC0tcmV0cmllcz0zIFwKICBDTUQgY3VybCAtZiBodHRwOi8vbG9jYWxob3N0OjgwODAvaGVhbHRoIHx8IGV4aXQgMQoKIyBTdGFydCB0aGUgYXBwbGljYXRpb24KQ01EIFsibnBtIiwgInN0YXJ0Il0KRU9MCgogICAgIyBGcm9udGVuZCBEb2NrZXJmaWxlCiAgICBjYXQgPiBmcm9udGVuZC9Eb2NrZXJmaWxlIDw8ICdFT0wnCkZST00gbm9kZToxOC1zbGltIGFzIGJ1aWxkZXIKCldPUktESVIgL2FwcAoKIyBDb3B5IHBhY2thZ2UgZmlsZXMKQ09QWSBwYWNrYWdlKi5qc29uIC4vCgojIEluc3RhbGwgZGVwZW5kZW5jaWVzClJVTiBucG0gaW5zdGFsbAoKIyBDb3B5IHNvdXJjZSBjb2RlCkNPUFkgLiAuCgojIEJ1aWxkIHRoZSBhcHBsaWNhdGlvbgpSVU4gbnBtIHJ1biBidWlsZAoKIyBQcm9kdWN0aW9uIHN0YWdlCkZST00gbm9kZToxOC1zbGltCgpXT1JLRElSIC9hcHAKCiMgSW5zdGFsbCBzZXJ2ZSBnbG9iYWxseQpSVU4gbnBtIGluc3RhbGwgLWcgc2VydmUKCiMgQ29weSBidWlsdCBhcHBsaWNhdGlvbgpDT1BZIC0tZnJvbT1idWlsZGVyIC9hcHAvYnVpbGQgLi9idWlsZAoKIyBFeHBvc2UgcG9ydApFWFBPU0UgMzAwMAoKIyBIZWFsdGggY2hlY2sKSEVBTFRIQ0hFQ0sgLS1pbnRlcnZhbD0zMHMgLS10aW1lb3V0PTEwcyAtLXN0YXJ0LXBlcmlvZD01cyAtLXJldHJpZXM9MyBcCiAgQ01EIGN1cmwgLWYgaHR0cDovL2xvY2FsaG9zdDozMDAwIHx8IGV4aXQgMQoKIyBTdGFydCB0aGUgYXBwbGljYXRpb24KQ01EIFsic2VydmUiLCAiLXMiLCAiYnVpbGQiLCAiLWwiLCAiMzAwMCJdCkVPTAogICAgCiAgICAjIFNldCBwcm9wZXIgb3duZXJzaGlwCiAgICBjaG93biAtUiBlYzItdXNlcjplYzItdXNlciAvb3B0L2FpNGRldnMKICAgIAogICAgIyBQcmVwYXJlIGRhdGFiYXNlIG1pZ3JhdGlvbnMgYW5kIHNldHVwCiAgICBsb2cgIlNldHRpbmcgdXAgZGF0YWJhc2UgbWlncmF0aW9ucy4uLiIKICAgIAogICAgIyBSdW4gUHJpc21hIG1pZ3JhdGlvbnMgZmlyc3QgKGJlZm9yZSBzdGFydGluZyBjb250YWluZXJzKQogICAgY2QgL29wdC9haTRkZXZzL2JhY2tlbmQKICAgIAogICAgIyBVc2UgTm9kZS5qcyBmb3IgbWlncmF0aW9ucyAoYWxyZWFkeSBpbnN0YWxsZWQgZ2xvYmFsbHkpCiAgICBleHBvcnQgUEFUSD0vdXNyL2xvY2FsL2xpYi9ub2RlL25vZGVqcy9iaW46JFBBVEgKICAgIAogICAgIyBJbnN0YWxsIGRlcGVuZGVuY2llcyBmb3IgbWlncmF0aW9uIHByb2Nlc3MKICAgIG5wbSBpbnN0YWxsIC0tcHJvZHVjdGlvbj1mYWxzZQogICAgCiAgICAjIEdlbmVyYXRlIFByaXNtYSBjbGllbnQKICAgIG5weCBwcmlzbWEgZ2VuZXJhdGUKICAgIAogICAgIyBXYWl0IGZvciBkYXRhYmFzZSB0byBiZSByZWFkeSBhbmQgcnVuIG1pZ3JhdGlvbnMKICAgIGNkIC9vcHQvYWk0ZGV2cwogICAgCiAgICAjIFN0YXJ0IG9ubHkgZGF0YWJhc2UgZmlyc3QKICAgIGRvY2tlci1jb21wb3NlIHVwIC1kIGRiCiAgICAKICAgICMgV2FpdCBmb3IgZGF0YWJhc2UgdG8gYmUgcmVhZHkKICAgIGxvZyAiV2FpdGluZyBmb3IgZGF0YWJhc2UgdG8gYmUgcmVhZHkuLi4iCiAgICBzbGVlcCAyMAogICAgCiAgICAjIFJ1biBtaWdyYXRpb25zIGZyb20gYmFja2VuZCBkaXJlY3RvcnkKICAgIGNkIC9vcHQvYWk0ZGV2cy9iYWNrZW5kCiAgICBEQVRBQkFTRV9VUkw9InBvc3RncmVzcWw6Ly9MVElkYlVzZXI6RDF5bWY4d3lRRUd0aEZSMUU5eGhDcUBsb2NhbGhvc3Q6NTQzMi9MVElkYiIgbnB4IHByaXNtYSBtaWdyYXRlIGRlcGxveQogICAgCiAgICAjIFNlZWQgdGhlIGRhdGFiYXNlCiAgICBsb2cgIlNlZWRpbmcgZGF0YWJhc2UuLi4iCiAgICBEQVRBQkFTRV9VUkw9InBvc3RncmVzcWw6Ly9MVElkYlVzZXI6RDF5bWY4d3lRRUd0aEZSMUU5eGhDcUBsb2NhbGhvc3Q6NTQzMi9MVElkYiIgbnB4IHByaXNtYSBkYiBzZWVkIHx8IGVjaG8gIlNlZWQgY29tcGxldGVkIG9yIHNraXBwZWQiCiAgICAKICAgICMgTm93IHN0YXJ0IHRoZSBmdWxsIGFwcGxpY2F0aW9uIHN0YWNrCiAgICBsb2cgIlN0YXJ0aW5nIGZ1bGwgYXBwbGljYXRpb24gc3RhY2suLi4iCiAgICBjZCAvb3B0L2FpNGRldnMKICAgIAogICAgIyBCdWlsZCBhbmQgc3RhcnQgYWxsIHNlcnZpY2VzCiAgICBkb2NrZXItY29tcG9zZSB1cCAtZCAtLWJ1aWxkCiAgICAKICAgICMgV2FpdCBmb3Igc2VydmljZXMgdG8gYmUgcmVhZHkKICAgIGxvZyAiV2FpdGluZyBmb3Igc2VydmljZXMgdG8gc3RhcnQuLi4iCiAgICBzbGVlcCAzMAogICAgCiAgICAjIENoZWNrIHNlcnZpY2Ugc3RhdHVzCiAgICBkb2NrZXItY29tcG9zZSBwcwogICAgCiAgICAjIEZpbmFsIGhlYWx0aCBjaGVjawogICAgbG9nICJQZXJmb3JtaW5nIGhlYWx0aCBjaGVja3MuLi4iCiAgICAKICAgICMgV2FpdCBmb3IgYmFja2VuZCB0byBiZSByZWFkeSAodXNpbmcgcm9vdCBlbmRwb2ludCBpbnN0ZWFkIG9mIC9oZWFsdGgpCiAgICBmb3IgaSBpbiB7MS4uMzB9OyBkbwogICAgICAgIGlmIGN1cmwgLWYgaHR0cDovL2xvY2FsaG9zdDo4MDgwLyA+IC9kZXYvbnVsbCAyPiYxOyB0aGVuCiAgICAgICAgICAgIGxvZyAiQmFja2VuZCBoZWFsdGggY2hlY2sgcGFzc2VkIgogICAgICAgICAgICBicmVhawogICAgICAgIGZpCiAgICAgICAgbG9nICJXYWl0aW5nIGZvciBiYWNrZW5kLi4uICgkaS8zMCkiCiAgICAgICAgc2xlZXAgMTAKICAgIGRvbmUKICAgIAogICAgIyBXYWl0IGZvciBmcm9udGVuZCB0byBiZSByZWFkeQogICAgZm9yIGkgaW4gezEuLjMwfTsgZG8KICAgICAgICBpZiBjdXJsIC1mIGh0dHA6Ly9sb2NhbGhvc3Q6MzAwMCA+IC9kZXYvbnVsbCAyPiYxOyB0aGVuCiAgICAgICAgICAgIGxvZyAiRnJvbnRlbmQgaGVhbHRoIGNoZWNrIHBhc3NlZCIKICAgICAgICAgICAgYnJlYWsKICAgICAgICBmaQogICAgICAgIGxvZyAiV2FpdGluZyBmb3IgZnJvbnRlbmQuLi4gKCRpLzMwKSIKICAgICAgICBzbGVlcCAxMAogICAgZG9uZQogICAgCiAgICAjIENyZWF0ZSBzdGFydHVwIHNjcmlwdCBmb3IgYXV0b21hdGljIHJlc3RhcnQKICAgIGNhdCA+IC9ldGMvc3lzdGVtZC9zeXN0ZW0vYWk0ZGV2cy5zZXJ2aWNlIDw8ICdFT0wnCltVbml0XQpEZXNjcmlwdGlvbj1BSTREZXZzIEFwcGxpY2F0aW9uIFN0YWNrClJlcXVpcmVzPWRvY2tlci5zZXJ2aWNlCkFmdGVyPWRvY2tlci5zZXJ2aWNlCgpbU2VydmljZV0KVHlwZT1vbmVzaG90ClJlbWFpbkFmdGVyRXhpdD15ZXMKV29ya2luZ0RpcmVjdG9yeT0vb3B0L2FpNGRldnMKRXhlY1N0YXJ0PS91c3IvbG9jYWwvYmluL2RvY2tlci1jb21wb3NlIHVwIC1kCkV4ZWNTdG9wPS91c3IvbG9jYWwvYmluL2RvY2tlci1jb21wb3NlIGRvd24KVGltZW91dFN0YXJ0U2VjPTAKCltJbnN0YWxsXQpXYW50ZWRCeT1tdWx0aS11c2VyLnRhcmdldApFT0wKICAgIAogICAgc3lzdGVtY3RsIGVuYWJsZSBhaTRkZXZzLnNlcnZpY2UKICAgIAogICAgbG9nICLinIUgQUk0RGV2cyBkZXBsb3ltZW50IGNvbXBsZXRlZCBzdWNjZXNzZnVsbHkhIgogICAgbG9nICLwn4yQIEZyb250ZW5kOiBodHRwOi8vJChjdXJsIC1zIGh0dHA6Ly8xNjkuMjU0LjE2OS4yNTQvbGF0ZXN0L21ldGEtZGF0YS9wdWJsaWMtaXB2NCk6MzAwMCIKICAgIGxvZyAi8J+UpyBCYWNrZW5kIEFQSTogaHR0cDovLyQoY3VybCAtcyBodHRwOi8vMTY5LjI1NC4xNjkuMjU0L2xhdGVzdC9tZXRhLWRhdGEvcHVibGljLWlwdjQpOjgwODAiCiAgICBsb2cgIvCfk4ogRGF0YWRvZyBtb25pdG9yaW5nOiBBY3RpdmUiCiAgICAKICAgICMgRmluYWwgc3RhdHVzIGxvZwogICAgZWNobyAiJChkYXRlKTogQUk0RGV2cyBmdWxsLXN0YWNrIGRlcGxveW1lbnQgY29tcGxldGVkIHN1Y2Nlc3NmdWxseSIgPiAvdmFyL2xvZy9kZXBsb3ltZW50LWNvbXBsZXRlLmxvZwo=",
            "user_data_replace_on_change": false,
            "volume_tags": null,
            "vpc_security_group_ids": [
              "sg-002715e72c0dfaa74"
            ]
          },
          "sensitive_attributes": [
            [
              {
                "type": "get_attr",
                "value": "user_data_base64"
              }
            ]
          ],
          "private": "eyJlMmJmYjczMC1lY2FhLTExZTYtOGY4OC0zNDM2M2JjN2M0YzAiOnsiY3JlYXRlIjo2MDAwMDAwMDAwMDAsImRlbGV0ZSI6MTIwMDAwMDAwMDAwMCwicmVhZCI6OTAwMDAwMDAwMDAwLCJ1cGRhdGUiOjYwMDAwMDAwMDAwMH0sInNjaGVtYV92ZXJzaW9uIjoiMiJ9",
          "dependencies": [
            "aws_iam_instance_profile.datadog_instance_profile",
            "aws_iam_role.datadog_aws_integration",
            "aws_security_group.unified_sg",
            "data.aws_caller_identity.current",
            "data.aws_iam_policy_document.datadog_aws_integration_assume_role",
            "datadog_integration_aws_account.datadog_integration"
          ]
        }
      ]
    },
    {
      "mode": "managed",
      "type": "aws_security_group",
      "name": "unified_sg",
      "provider": "provider[\"registry.terraform.io/hashicorp/aws\"]",
      "instances": [
        {
          "schema_version": 1,
          "attributes": {
            "arn": "arn:aws:ec2:us-west-2:593096747136:security-group/sg-002715e72c0dfaa74",
            "description": "Unified security group for monorepo instance with Datadog monitoring",
            "egress": [
              {
                "cidr_blocks": [
                  "0.0.0.0/0"
                ],
                "description": "DNS resolution",
                "from_port": 53,
                "ipv6_cidr_blocks": [],
                "prefix_list_ids": [],
                "protocol": "udp",
                "security_groups": [],
                "self": false,
                "to_port": 53
              },
              {
                "cidr_blocks": [
                  "0.0.0.0/0"
                ],
                "description": "HTTP egress for system updates",
                "from_port": 80,
                "ipv6_cidr_blocks": [],
                "prefix_list_ids": [],
                "protocol": "tcp",
                "security_groups": [],
                "self": false,
                "to_port": 80
              },
              {
                "cidr_blocks": [
                  "0.0.0.0/0"
                ],
                "description": "HTTPS egress for Datadog, NPM, Docker Hub",
                "from_port": 443,
                "ipv6_cidr_blocks": [],
                "prefix_list_ids": [],
                "protocol": "tcp",
                "security_groups": [],
                "self": false,
                "to_port": 443
              },
              {
                "cidr_blocks": [
                  "172.16.0.0/12"
                ],
                "description": "Internal Docker network communication",
                "from_port": 0,
                "ipv6_cidr_blocks": [],
                "prefix_list_ids": [],
                "protocol": "tcp",
                "security_groups": [],
                "self": false,
                "to_port": 65535
              }
            ],
            "id": "sg-002715e72c0dfaa74",
            "ingress": [
              {
                "cidr_blocks": [
                  "0.0.0.0/0"
                ],
                "description": "Backend API",
                "from_port": 8080,
                "ipv6_cidr_blocks": [],
                "prefix_list_ids": [],
                "protocol": "tcp",
                "security_groups": [],
                "self": false,
                "to_port": 8080
              },
              {
                "cidr_blocks": [
                  "0.0.0.0/0"
                ],
                "description": "Frontend web interface",
                "from_port": 3000,
                "ipv6_cidr_blocks": [],
                "prefix_list_ids": [],
                "protocol": "tcp",
                "security_groups": [],
                "self": false,
                "to_port": 3000
              },
              {
                "cidr_blocks": [
                  "0.0.0.0/0"
                ],
                "description": "SSH access",
                "from_port": 22,
                "ipv6_cidr_blocks": [],
                "prefix_list_ids": [],
                "protocol": "tcp",
                "security_groups": [],
                "self": false,
                "to_port": 22
              },
              {
                "cidr_blocks": [
                  "10.0.0.0/8",
                  "172.16.0.0/12",
                  "192.168.0.0/16"
                ],
                "description": "PostgreSQL database access from private networks",
                "from_port": 5432,
                "ipv6_cidr_blocks": [],
                "prefix_list_ids": [],
                "protocol": "tcp",
                "security_groups": [],
                "self": false,
                "to_port": 5432
              }
            ],
            "name": "ai4devs-unified-20250923181317210600000001",
            "name_prefix": "ai4devs-unified-",
            "owner_id": "593096747136",
            "region": "us-west-2",
            "revoke_rules_on_delete": false,
            "tags": {
              "Environment": "production",
              "Monitoring": "datadog",
              "Name": "ai4devs-unified-sg",
              "Service": "monorepo-instance"
            },
            "tags_all": {
              "Environment": "production",
              "Monitoring": "datadog",
              "Name": "ai4devs-unified-sg",
              "Service": "monorepo-instance"
            },
            "timeouts": null,
            "vpc_id": "vpc-98f56fe0"
          },
          "sensitive_attributes": [],
          "private": "eyJlMmJmYjczMC1lY2FhLTExZTYtOGY4OC0zNDM2M2JjN2M0YzAiOnsiY3JlYXRlIjo2MDAwMDAwMDAwMDAsImRlbGV0ZSI6OTAwMDAwMDAwMDAwfSwic2NoZW1hX3ZlcnNpb24iOiIxIn0="
        }
      ]
    },
    {
      "mode": "managed",
      "type": "datadog_integration_aws_account",
      "name": "datadog_integration",
      "provider": "provider[\"registry.terraform.io/datadog/datadog\"]",
      "instances": [
        {
          "schema_version": 0,
          "attributes": {
            "account_tags": [],
            "auth_config": {
              "aws_auth_config_keys": null,
              "aws_auth_config_role": {
                "external_id": "9fccfea3222c425ea8cbee7dd2c1e31c",
                "role_name": "DatadogIntegrationRole"
              }
            },
            "aws_account_id": "593096747136",
            "aws_partition": "aws",
            "aws_regions": {
              "include_all": null,
              "include_only": [
                "us-west-2"
              ]
            },
            "id": "c05e1fea-21ba-4d09-9409-fd599c2e9a97",
            "logs_config": {
              "lambda_forwarder": {
                "lambdas": [],
                "log_source_config": null,
                "sources": []
              }
            },
            "metrics_config": {
              "automute_enabled": true,
              "collect_cloudwatch_alarms": false,
              "collect_custom_metrics": false,
              "enabled": true,
              "namespace_filters": {
                "exclude_only": [
                  "AWS/SQS",
                  "AWS/ElasticMapReduce",
                  "AWS/Usage"
                ],
                "include_only": null
              },
              "tag_filters": []
            },
            "resources_config": {
              "cloud_security_posture_management_collection": false,
              "extended_collection": true
            },
            "traces_config": {
              "xray_services": {
                "include_all": null,
                "include_only": []
              }
            }
          },
          "sensitive_attributes": [],
          "dependencies": [
            "data.aws_caller_identity.current"
          ]
        }
      ]
    }
  ],
  "check_results": null
}
